{
  "name": "github-code-review-notifier",
  "version": "0.0.1",
  "lockfileVersion": 1,
  "requires": true,
  "dependencies": {
    "@firebase/analytics": {
      "version": "0.6.18",
      "resolved": "https://registry.npmjs.org/@firebase/analytics/-/analytics-0.6.18.tgz",
      "integrity": "sha512-FXNtYDxbs9ynPbzUVuG94BjFPOPpgJ7156660uvCBuKgoBCIVcNqKkJQQ7TH8384fqvGjbjdcgARY9jgAHbtog==",
      "requires": {
        "@firebase/analytics-types": "0.6.0",
        "@firebase/component": "0.5.6",
        "@firebase/installations": "0.4.32",
        "@firebase/logger": "0.2.6",
        "@firebase/util": "1.3.0",
        "tslib": "^2.1.0"
      },
      "dependencies": {
        "tslib": {
          "version": "2.5.0",
          "resolved": "https://registry.npmjs.org/tslib/-/tslib-2.5.0.tgz",
          "integrity": "sha512-336iVw3rtn2BUK7ORdIAHTyxHGRIHVReokCR3XjbckJMK7ms8FysBfhLR8IXnAgy7T0PTPNBWKiH514FOW/WSg=="
        }
      }
    },
    "@firebase/analytics-types": {
      "version": "0.6.0",
      "resolved": "https://registry.npmjs.org/@firebase/analytics-types/-/analytics-types-0.6.0.tgz",
      "integrity": "sha512-kbMawY0WRPyL/lbknBkme4CNLl+Gw+E9G4OpNeXAauqoQiNkBgpIvZYy7BRT4sNGhZbxdxXxXbruqUwDzLmvTw=="
    },
    "@firebase/app": {
      "version": "0.6.30",
      "resolved": "https://registry.npmjs.org/@firebase/app/-/app-0.6.30.tgz",
      "integrity": "sha512-uAYEDXyK0mmpZ8hWQj5TNd7WVvfsU8PgsqKpGljbFBG/HhsH8KbcykWAAA+c1PqL7dt/dbt0Reh1y9zEdYzMhg==",
      "requires": {
        "@firebase/app-types": "0.6.3",
        "@firebase/component": "0.5.6",
        "@firebase/logger": "0.2.6",
        "@firebase/util": "1.3.0",
        "dom-storage": "2.1.0",
        "tslib": "^2.1.0",
        "xmlhttprequest": "1.8.0"
      },
      "dependencies": {
        "tslib": {
          "version": "2.5.0",
          "resolved": "https://registry.npmjs.org/tslib/-/tslib-2.5.0.tgz",
          "integrity": "sha512-336iVw3rtn2BUK7ORdIAHTyxHGRIHVReokCR3XjbckJMK7ms8FysBfhLR8IXnAgy7T0PTPNBWKiH514FOW/WSg=="
        }
      }
    },
    "@firebase/app-check": {
      "version": "0.3.2",
      "resolved": "https://registry.npmjs.org/@firebase/app-check/-/app-check-0.3.2.tgz",
      "integrity": "sha512-YjpsnV1xVTO1B836IKijRcDeceLgHQNJ/DWa+Vky9UHkm1Mi4qosddX8LZzldaWRTWKX7BN1MbZOLY8r7M/MZQ==",
      "requires": {
        "@firebase/app-check-interop-types": "0.1.0",
        "@firebase/app-check-types": "0.3.1",
        "@firebase/component": "0.5.6",
        "@firebase/logger": "0.2.6",
        "@firebase/util": "1.3.0",
        "tslib": "^2.1.0"
      },
      "dependencies": {
        "tslib": {
          "version": "2.5.0",
          "resolved": "https://registry.npmjs.org/tslib/-/tslib-2.5.0.tgz",
          "integrity": "sha512-336iVw3rtn2BUK7ORdIAHTyxHGRIHVReokCR3XjbckJMK7ms8FysBfhLR8IXnAgy7T0PTPNBWKiH514FOW/WSg=="
        }
      }
    },
    "@firebase/app-check-interop-types": {
      "version": "0.1.0",
      "resolved": "https://registry.npmjs.org/@firebase/app-check-interop-types/-/app-check-interop-types-0.1.0.tgz",
      "integrity": "sha512-uZfn9s4uuRsaX5Lwx+gFP3B6YsyOKUE+Rqa6z9ojT4VSRAsZFko9FRn6OxQUA1z5t5d08fY4pf+/+Dkd5wbdbA=="
    },
    "@firebase/app-check-types": {
      "version": "0.3.1",
      "resolved": "https://registry.npmjs.org/@firebase/app-check-types/-/app-check-types-0.3.1.tgz",
      "integrity": "sha512-KJ+BqJbdNsx4QT/JIT1yDj5p6D+QN97iJs3GuHnORrqL+DU3RWc9nSYQsrY6Tv9jVWcOkMENXAgDT484vzsm2w=="
    },
    "@firebase/app-types": {
      "version": "0.6.3",
      "resolved": "https://registry.npmjs.org/@firebase/app-types/-/app-types-0.6.3.tgz",
      "integrity": "sha512-/M13DPPati7FQHEQ9Minjk1HGLm/4K4gs9bR4rzLCWJg64yGtVC0zNg9gDpkw9yc2cvol/mNFxqTtd4geGrwdw=="
    },
    "@firebase/auth": {
      "version": "0.16.8",
      "resolved": "https://registry.npmjs.org/@firebase/auth/-/auth-0.16.8.tgz",
      "integrity": "sha512-mR0UXG4LirWIfOiCWxVmvz1o23BuKGxeItQ2cCUgXLTjNtWJXdcky/356iTUsd7ZV5A78s2NHeN5tIDDG6H4rg==",
      "requires": {
        "@firebase/auth-types": "0.10.3"
      }
    },
    "@firebase/auth-interop-types": {
      "version": "0.1.6",
      "resolved": "https://registry.npmjs.org/@firebase/auth-interop-types/-/auth-interop-types-0.1.6.tgz",
      "integrity": "sha512-etIi92fW3CctsmR9e3sYM3Uqnoq861M0Id9mdOPF6PWIg38BXL5k4upCNBggGUpLIS0H1grMOvy/wn1xymwe2g=="
    },
    "@firebase/auth-types": {
      "version": "0.10.3",
      "resolved": "https://registry.npmjs.org/@firebase/auth-types/-/auth-types-0.10.3.tgz",
      "integrity": "sha512-zExrThRqyqGUbXOFrH/sowuh2rRtfKHp9SBVY2vOqKWdCX1Ztn682n9WLtlUDsiYVIbBcwautYWk2HyCGFv0OA=="
    },
    "@firebase/component": {
      "version": "0.5.6",
      "resolved": "https://registry.npmjs.org/@firebase/component/-/component-0.5.6.tgz",
      "integrity": "sha512-GyQJ+2lrhsDqeGgd1VdS7W+Y6gNYyI0B51ovNTxeZVG/W8I7t9MwEiCWsCvfm5wQgfsKp9dkzOcJrL5k8oVO/Q==",
      "requires": {
        "@firebase/util": "1.3.0",
        "tslib": "^2.1.0"
      },
      "dependencies": {
        "tslib": {
          "version": "2.5.0",
          "resolved": "https://registry.npmjs.org/tslib/-/tslib-2.5.0.tgz",
          "integrity": "sha512-336iVw3rtn2BUK7ORdIAHTyxHGRIHVReokCR3XjbckJMK7ms8FysBfhLR8IXnAgy7T0PTPNBWKiH514FOW/WSg=="
        }
      }
    },
    "@firebase/database": {
      "version": "0.11.0",
      "resolved": "https://registry.npmjs.org/@firebase/database/-/database-0.11.0.tgz",
      "integrity": "sha512-b/kwvCubr6G9coPlo48PbieBDln7ViFBHOGeVt/bt82yuv5jYZBEYAac/mtOVSxpf14aMo/tAN+Edl6SWqXApw==",
      "requires": {
        "@firebase/auth-interop-types": "0.1.6",
        "@firebase/component": "0.5.6",
        "@firebase/database-types": "0.8.0",
        "@firebase/logger": "0.2.6",
        "@firebase/util": "1.3.0",
        "faye-websocket": "0.11.3",
        "tslib": "^2.1.0"
      },
      "dependencies": {
        "tslib": {
          "version": "2.5.0",
          "resolved": "https://registry.npmjs.org/tslib/-/tslib-2.5.0.tgz",
          "integrity": "sha512-336iVw3rtn2BUK7ORdIAHTyxHGRIHVReokCR3XjbckJMK7ms8FysBfhLR8IXnAgy7T0PTPNBWKiH514FOW/WSg=="
        }
      }
    },
    "@firebase/database-types": {
      "version": "0.8.0",
      "resolved": "https://registry.npmjs.org/@firebase/database-types/-/database-types-0.8.0.tgz",
      "integrity": "sha512-7IdjAFRfPWyG3b4wcXyghb3Y1CLCSJFZIg1xl5GbTVMttSQFT4B5NYdhsfA34JwAsv5pMzPpjOaS3/K9XJ2KiA==",
      "requires": {
        "@firebase/app-types": "0.6.3",
        "@firebase/util": "1.3.0"
      }
    },
    "@firebase/firestore": {
      "version": "2.4.1",
      "resolved": "https://registry.npmjs.org/@firebase/firestore/-/firestore-2.4.1.tgz",
      "integrity": "sha512-S51XnILdhNt0ZA6bPnbxpqKPI5LatbGY9RQjA2TmATrjSPE3aWndJsLIrutI6aS9K+YFwy5+HLDKVRFYQfmKAw==",
      "requires": {
        "@firebase/component": "0.5.6",
        "@firebase/firestore-types": "2.4.0",
        "@firebase/logger": "0.2.6",
        "@firebase/util": "1.3.0",
        "@firebase/webchannel-wrapper": "0.5.1",
        "@grpc/grpc-js": "^1.3.2",
        "@grpc/proto-loader": "^0.6.0",
        "node-fetch": "2.6.7",
        "tslib": "^2.1.0"
      },
      "dependencies": {
        "tslib": {
          "version": "2.5.0",
          "resolved": "https://registry.npmjs.org/tslib/-/tslib-2.5.0.tgz",
          "integrity": "sha512-336iVw3rtn2BUK7ORdIAHTyxHGRIHVReokCR3XjbckJMK7ms8FysBfhLR8IXnAgy7T0PTPNBWKiH514FOW/WSg=="
        }
      }
    },
    "@firebase/firestore-types": {
      "version": "2.4.0",
      "resolved": "https://registry.npmjs.org/@firebase/firestore-types/-/firestore-types-2.4.0.tgz",
      "integrity": "sha512-0dgwfuNP7EN6/OlK2HSNSQiQNGLGaRBH0gvgr1ngtKKJuJFuq0Z48RBMeJX9CGjV4TP9h2KaB+KrUKJ5kh1hMg=="
    },
    "@firebase/functions": {
      "version": "0.6.16",
      "resolved": "https://registry.npmjs.org/@firebase/functions/-/functions-0.6.16.tgz",
      "integrity": "sha512-KDPjLKSjtR/zEH06YXXbdWTi8gzbKHGRzL/+ibZQA/1MLq0IilfM+1V1Fh8bADsMCUkxkqoc1yiA4SUbH5ajJA==",
      "requires": {
        "@firebase/component": "0.5.6",
        "@firebase/functions-types": "0.4.0",
        "@firebase/messaging-types": "0.5.0",
        "node-fetch": "2.6.7",
        "tslib": "^2.1.0"
      },
      "dependencies": {
        "tslib": {
          "version": "2.5.0",
          "resolved": "https://registry.npmjs.org/tslib/-/tslib-2.5.0.tgz",
          "integrity": "sha512-336iVw3rtn2BUK7ORdIAHTyxHGRIHVReokCR3XjbckJMK7ms8FysBfhLR8IXnAgy7T0PTPNBWKiH514FOW/WSg=="
        }
      }
    },
    "@firebase/functions-types": {
      "version": "0.4.0",
      "resolved": "https://registry.npmjs.org/@firebase/functions-types/-/functions-types-0.4.0.tgz",
      "integrity": "sha512-3KElyO3887HNxtxNF1ytGFrNmqD+hheqjwmT3sI09FaDCuaxGbOnsXAXH2eQ049XRXw9YQpHMgYws/aUNgXVyQ=="
    },
    "@firebase/installations": {
      "version": "0.4.32",
      "resolved": "https://registry.npmjs.org/@firebase/installations/-/installations-0.4.32.tgz",
      "integrity": "sha512-K4UlED1Vrhd2rFQQJih+OgEj8OTtrtH4+Izkx7ip2bhXSc+unk8ZhnF69D0kmh7zjXAqEDJrmHs9O5fI3rV6Tw==",
      "requires": {
        "@firebase/component": "0.5.6",
        "@firebase/installations-types": "0.3.4",
        "@firebase/util": "1.3.0",
        "idb": "3.0.2",
        "tslib": "^2.1.0"
      },
      "dependencies": {
        "tslib": {
          "version": "2.5.0",
          "resolved": "https://registry.npmjs.org/tslib/-/tslib-2.5.0.tgz",
          "integrity": "sha512-336iVw3rtn2BUK7ORdIAHTyxHGRIHVReokCR3XjbckJMK7ms8FysBfhLR8IXnAgy7T0PTPNBWKiH514FOW/WSg=="
        }
      }
    },
    "@firebase/installations-types": {
      "version": "0.3.4",
      "resolved": "https://registry.npmjs.org/@firebase/installations-types/-/installations-types-0.3.4.tgz",
      "integrity": "sha512-RfePJFovmdIXb6rYwtngyxuEcWnOrzdZd9m7xAW0gRxDIjBT20n3BOhjpmgRWXo/DAxRmS7bRjWAyTHY9cqN7Q=="
    },
    "@firebase/logger": {
      "version": "0.2.6",
      "resolved": "https://registry.npmjs.org/@firebase/logger/-/logger-0.2.6.tgz",
      "integrity": "sha512-KIxcUvW/cRGWlzK9Vd2KB864HlUnCfdTH0taHE0sXW5Xl7+W68suaeau1oKNEqmc3l45azkd4NzXTCWZRZdXrw=="
    },
    "@firebase/messaging": {
      "version": "0.8.0",
      "resolved": "https://registry.npmjs.org/@firebase/messaging/-/messaging-0.8.0.tgz",
      "integrity": "sha512-hkFHDyVe1kMcY9KEG+prjCbvS6MtLUgVFUbbQqq7JQfiv58E07YCzRUcMrJolbNi/1QHH6Jv16DxNWjJB9+/qA==",
      "requires": {
        "@firebase/component": "0.5.6",
        "@firebase/installations": "0.4.32",
        "@firebase/messaging-types": "0.5.0",
        "@firebase/util": "1.3.0",
        "idb": "3.0.2",
        "tslib": "^2.1.0"
      },
      "dependencies": {
        "tslib": {
          "version": "2.5.0",
          "resolved": "https://registry.npmjs.org/tslib/-/tslib-2.5.0.tgz",
          "integrity": "sha512-336iVw3rtn2BUK7ORdIAHTyxHGRIHVReokCR3XjbckJMK7ms8FysBfhLR8IXnAgy7T0PTPNBWKiH514FOW/WSg=="
        }
      }
    },
    "@firebase/messaging-types": {
      "version": "0.5.0",
      "resolved": "https://registry.npmjs.org/@firebase/messaging-types/-/messaging-types-0.5.0.tgz",
      "integrity": "sha512-QaaBswrU6umJYb/ZYvjR5JDSslCGOH6D9P136PhabFAHLTR4TWjsaACvbBXuvwrfCXu10DtcjMxqfhdNIB1Xfg=="
    },
    "@firebase/performance": {
      "version": "0.4.18",
      "resolved": "https://registry.npmjs.org/@firebase/performance/-/performance-0.4.18.tgz",
      "integrity": "sha512-lvZW/TVDne2TyOpWbv++zjRn277HZpbjxbIPfwtnmKjVY1gJ+H77Qi1c2avVIc9hg80uGX/5tNf4pOApNDJLVg==",
      "requires": {
        "@firebase/component": "0.5.6",
        "@firebase/installations": "0.4.32",
        "@firebase/logger": "0.2.6",
        "@firebase/performance-types": "0.0.13",
        "@firebase/util": "1.3.0",
        "tslib": "^2.1.0"
      },
      "dependencies": {
        "tslib": {
          "version": "2.5.0",
          "resolved": "https://registry.npmjs.org/tslib/-/tslib-2.5.0.tgz",
          "integrity": "sha512-336iVw3rtn2BUK7ORdIAHTyxHGRIHVReokCR3XjbckJMK7ms8FysBfhLR8IXnAgy7T0PTPNBWKiH514FOW/WSg=="
        }
      }
    },
    "@firebase/performance-types": {
      "version": "0.0.13",
      "resolved": "https://registry.npmjs.org/@firebase/performance-types/-/performance-types-0.0.13.tgz",
      "integrity": "sha512-6fZfIGjQpwo9S5OzMpPyqgYAUZcFzZxHFqOyNtorDIgNXq33nlldTL/vtaUZA8iT9TT5cJlCrF/jthKU7X21EA=="
    },
    "@firebase/polyfill": {
      "version": "0.3.36",
      "resolved": "https://registry.npmjs.org/@firebase/polyfill/-/polyfill-0.3.36.tgz",
      "integrity": "sha512-zMM9oSJgY6cT2jx3Ce9LYqb0eIpDE52meIzd/oe/y70F+v9u1LDqk5kUF5mf16zovGBWMNFmgzlsh6Wj0OsFtg==",
      "requires": {
        "core-js": "3.6.5",
        "promise-polyfill": "8.1.3",
        "whatwg-fetch": "2.0.4"
      }
    },
    "@firebase/remote-config": {
      "version": "0.1.43",
      "resolved": "https://registry.npmjs.org/@firebase/remote-config/-/remote-config-0.1.43.tgz",
      "integrity": "sha512-laNM4MN0CfeSp7XCVNjYOC4DdV6mj0l2rzUh42x4v2wLTweCoJ/kc1i4oWMX9TI7Jw8Am5Wl71Awn1J2pVe5xA==",
      "requires": {
        "@firebase/component": "0.5.6",
        "@firebase/installations": "0.4.32",
        "@firebase/logger": "0.2.6",
        "@firebase/remote-config-types": "0.1.9",
        "@firebase/util": "1.3.0",
        "tslib": "^2.1.0"
      },
      "dependencies": {
        "tslib": {
          "version": "2.5.0",
          "resolved": "https://registry.npmjs.org/tslib/-/tslib-2.5.0.tgz",
          "integrity": "sha512-336iVw3rtn2BUK7ORdIAHTyxHGRIHVReokCR3XjbckJMK7ms8FysBfhLR8IXnAgy7T0PTPNBWKiH514FOW/WSg=="
        }
      }
    },
    "@firebase/remote-config-types": {
      "version": "0.1.9",
      "resolved": "https://registry.npmjs.org/@firebase/remote-config-types/-/remote-config-types-0.1.9.tgz",
      "integrity": "sha512-G96qnF3RYGbZsTRut7NBX0sxyczxt1uyCgXQuH/eAfUCngxjEGcZQnBdy6mvSdqdJh5mC31rWPO4v9/s7HwtzA=="
    },
    "@firebase/storage": {
      "version": "0.7.1",
      "resolved": "https://registry.npmjs.org/@firebase/storage/-/storage-0.7.1.tgz",
      "integrity": "sha512-T7uH6lAgNs/Zq8V3ElvR3ypTQSGWon/R7WRM2I5Td/d0PTsNIIHSAGB6q4Au8mQEOz3HDTfjNQ9LuQ07R6S2ug==",
      "requires": {
        "@firebase/component": "0.5.6",
        "@firebase/storage-types": "0.5.0",
        "@firebase/util": "1.3.0",
        "node-fetch": "2.6.7",
        "tslib": "^2.1.0"
      },
      "dependencies": {
        "tslib": {
          "version": "2.5.0",
          "resolved": "https://registry.npmjs.org/tslib/-/tslib-2.5.0.tgz",
          "integrity": "sha512-336iVw3rtn2BUK7ORdIAHTyxHGRIHVReokCR3XjbckJMK7ms8FysBfhLR8IXnAgy7T0PTPNBWKiH514FOW/WSg=="
        }
      }
    },
    "@firebase/storage-types": {
      "version": "0.5.0",
      "resolved": "https://registry.npmjs.org/@firebase/storage-types/-/storage-types-0.5.0.tgz",
      "integrity": "sha512-6Wv3Lu7s18hsgW7HG4BFwycTquZ3m/C8bjBoOsmPu0TD6M1GKwCzOC7qBdN7L6tRYPh8ipTj5+rPFrmhGfUVKA=="
    },
    "@firebase/util": {
      "version": "1.3.0",
      "resolved": "https://registry.npmjs.org/@firebase/util/-/util-1.3.0.tgz",
      "integrity": "sha512-SESvmYwuKOVCZ1ZxLbberbx+9cnbxpCa4CG2FUSQYqN6Ab8KyltegMDIsqMw5KyIBZ4n1phfHoOa22xo5NzAlQ==",
      "requires": {
        "tslib": "^2.1.0"
      },
      "dependencies": {
        "tslib": {
          "version": "2.5.0",
          "resolved": "https://registry.npmjs.org/tslib/-/tslib-2.5.0.tgz",
          "integrity": "sha512-336iVw3rtn2BUK7ORdIAHTyxHGRIHVReokCR3XjbckJMK7ms8FysBfhLR8IXnAgy7T0PTPNBWKiH514FOW/WSg=="
        }
      }
    },
    "@firebase/webchannel-wrapper": {
      "version": "0.5.1",
      "resolved": "https://registry.npmjs.org/@firebase/webchannel-wrapper/-/webchannel-wrapper-0.5.1.tgz",
      "integrity": "sha512-dZMzN0uAjwJXWYYAcnxIwXqRTZw3o14hGe7O6uhwjD1ZQWPVYA5lASgnNskEBra0knVBsOXB4KXg+HnlKewN/A=="
    },
    "@grpc/grpc-js": {
      "version": "1.8.11",
      "resolved": "https://registry.npmjs.org/@grpc/grpc-js/-/grpc-js-1.8.11.tgz",
      "integrity": "sha512-f/xC+6Z2QKsRJ+VSSFlt4hA5KSRm+PKvMWV8kMPkMgGlFidR6PeIkXrOasIY2roe+WROM6GFQLlgDKfeEZo2YQ==",
      "requires": {
        "@grpc/proto-loader": "^0.7.0",
        "@types/node": ">=12.12.47"
      },
      "dependencies": {
        "@grpc/proto-loader": {
          "version": "0.7.5",
          "resolved": "https://registry.npmjs.org/@grpc/proto-loader/-/proto-loader-0.7.5.tgz",
          "integrity": "sha512-mfcTuMbFowq1wh/Rn5KQl6qb95M21Prej3bewD9dUQMurYGVckGO/Pbe2Ocwto6sD05b/mxZLspvqwx60xO2Rg==",
          "requires": {
            "@types/long": "^4.0.1",
            "lodash.camelcase": "^4.3.0",
            "long": "^4.0.0",
            "protobufjs": "^7.0.0",
            "yargs": "^16.2.0"
          }
        },
        "@types/node": {
          "version": "18.14.4",
          "resolved": "https://registry.npmjs.org/@types/node/-/node-18.14.4.tgz",
          "integrity": "sha512-VhCw7I7qO2X49+jaKcAUwi3rR+hbxT5VcYF493+Z5kMLI0DL568b7JI4IDJaxWFH0D/xwmGJNoXisyX+w7GH/g=="
        }
      }
    },
    "@grpc/proto-loader": {
      "version": "0.6.13",
      "resolved": "https://registry.npmjs.org/@grpc/proto-loader/-/proto-loader-0.6.13.tgz",
      "integrity": "sha512-FjxPYDRTn6Ec3V0arm1FtSpmP6V50wuph2yILpyvTKzjc76oDdoihXqM1DzOW5ubvCC8GivfCnNtfaRE8myJ7g==",
      "requires": {
        "@types/long": "^4.0.1",
        "lodash.camelcase": "^4.3.0",
        "long": "^4.0.0",
        "protobufjs": "^6.11.3",
        "yargs": "^16.2.0"
      },
      "dependencies": {
        "@types/node": {
          "version": "18.14.4",
          "resolved": "https://registry.npmjs.org/@types/node/-/node-18.14.4.tgz",
          "integrity": "sha512-VhCw7I7qO2X49+jaKcAUwi3rR+hbxT5VcYF493+Z5kMLI0DL568b7JI4IDJaxWFH0D/xwmGJNoXisyX+w7GH/g=="
        },
        "protobufjs": {
          "version": "6.11.3",
          "resolved": "https://registry.npmjs.org/protobufjs/-/protobufjs-6.11.3.tgz",
          "integrity": "sha512-xL96WDdCZYdU7Slin569tFX712BxsxslWwAfAhCYjQKGTq7dAU91Lomy6nLLhh/dyGhk/YH4TwTSRxTzhuHyZg==",
          "requires": {
            "@protobufjs/aspromise": "^1.1.2",
            "@protobufjs/base64": "^1.1.2",
            "@protobufjs/codegen": "^2.0.4",
            "@protobufjs/eventemitter": "^1.1.0",
            "@protobufjs/fetch": "^1.1.0",
            "@protobufjs/float": "^1.0.2",
            "@protobufjs/inquire": "^1.1.0",
            "@protobufjs/path": "^1.1.2",
            "@protobufjs/pool": "^1.1.0",
            "@protobufjs/utf8": "^1.1.0",
            "@types/long": "^4.0.1",
            "@types/node": ">=13.7.0",
            "long": "^4.0.0"
          }
        }
      }
    },
    "@now/node": {
      "version": "1.0.0",
      "resolved": "https://registry.npmjs.org/@now/node/-/node-1.0.0.tgz",
      "integrity": "sha512-Ha2Dmtf6RHA0wkPjIeEBIBNq5Je0YwUPwUgH3f7FHlnJvTWREncYoUJdfC60BTkOvNi6KukihVLHGcD2wd51Dw==",
      "requires": {
        "@types/node": "*"
      }
    },
    "@protobufjs/aspromise": {
      "version": "1.1.2",
      "resolved": "https://registry.npmjs.org/@protobufjs/aspromise/-/aspromise-1.1.2.tgz",
      "integrity": "sha512-j+gKExEuLmKwvz3OgROXtrJ2UG2x8Ch2YZUxahh+s1F2HZ+wAceUNLkvy6zKCPVRkU++ZWQrdxsUeQXmcg4uoQ=="
    },
    "@protobufjs/base64": {
      "version": "1.1.2",
      "resolved": "https://registry.npmjs.org/@protobufjs/base64/-/base64-1.1.2.tgz",
      "integrity": "sha512-AZkcAA5vnN/v4PDqKyMR5lx7hZttPDgClv83E//FMNhR2TMcLUhfRUBHCmSl0oi9zMgDDqRUJkSxO3wm85+XLg=="
    },
    "@protobufjs/codegen": {
      "version": "2.0.4",
      "resolved": "https://registry.npmjs.org/@protobufjs/codegen/-/codegen-2.0.4.tgz",
      "integrity": "sha512-YyFaikqM5sH0ziFZCN3xDC7zeGaB/d0IUb9CATugHWbd1FRFwWwt4ld4OYMPWu5a3Xe01mGAULCdqhMlPl29Jg=="
    },
    "@protobufjs/eventemitter": {
      "version": "1.1.0",
      "resolved": "https://registry.npmjs.org/@protobufjs/eventemitter/-/eventemitter-1.1.0.tgz",
      "integrity": "sha512-j9ednRT81vYJ9OfVuXG6ERSTdEL1xVsNgqpkxMsbIabzSo3goCjDIveeGv5d03om39ML71RdmrGNjG5SReBP/Q=="
    },
    "@protobufjs/fetch": {
      "version": "1.1.0",
      "resolved": "https://registry.npmjs.org/@protobufjs/fetch/-/fetch-1.1.0.tgz",
      "integrity": "sha512-lljVXpqXebpsijW71PZaCYeIcE5on1w5DlQy5WH6GLbFryLUrBD4932W/E2BSpfRJWseIL4v/KPgBFxDOIdKpQ==",
      "requires": {
        "@protobufjs/aspromise": "^1.1.1",
        "@protobufjs/inquire": "^1.1.0"
      }
    },
    "@protobufjs/float": {
      "version": "1.0.2",
      "resolved": "https://registry.npmjs.org/@protobufjs/float/-/float-1.0.2.tgz",
      "integrity": "sha512-Ddb+kVXlXst9d+R9PfTIxh1EdNkgoRe5tOX6t01f1lYWOvJnSPDBlG241QLzcyPdoNTsblLUdujGSE4RzrTZGQ=="
    },
    "@protobufjs/inquire": {
      "version": "1.1.0",
      "resolved": "https://registry.npmjs.org/@protobufjs/inquire/-/inquire-1.1.0.tgz",
      "integrity": "sha512-kdSefcPdruJiFMVSbn801t4vFK7KB/5gd2fYvrxhuJYg8ILrmn9SKSX2tZdV6V+ksulWqS7aXjBcRXl3wHoD9Q=="
    },
    "@protobufjs/path": {
      "version": "1.1.2",
      "resolved": "https://registry.npmjs.org/@protobufjs/path/-/path-1.1.2.tgz",
      "integrity": "sha512-6JOcJ5Tm08dOHAbdR3GrvP+yUUfkjG5ePsHYczMFLq3ZmMkAD98cDgcT2iA1lJ9NVwFd4tH/iSSoe44YWkltEA=="
    },
    "@protobufjs/pool": {
      "version": "1.1.0",
      "resolved": "https://registry.npmjs.org/@protobufjs/pool/-/pool-1.1.0.tgz",
      "integrity": "sha512-0kELaGSIDBKvcgS4zkjz1PeddatrjYcmMWOlAuAPwAeccUrPHdUqo/J6LiymHHEiJT5NrF1UVwxY14f+fy4WQw=="
    },
    "@protobufjs/utf8": {
      "version": "1.1.0",
      "resolved": "https://registry.npmjs.org/@protobufjs/utf8/-/utf8-1.1.0.tgz",
      "integrity": "sha512-Vvn3zZrhQZkkBE8LSuW3em98c0FwgO4nxzv6OdSxPKJIEKY2bGbHn+mhGIPerzI4twdxaP8/0+06HBpwf345Lw=="
    },
    "@sentry/cli": {
      "version": "1.48.0",
      "resolved": "https://registry.npmjs.org/@sentry/cli/-/cli-1.48.0.tgz",
      "integrity": "sha512-Td6UpZP6BoI0R5Guctiq3NIphAfskbyeiboWx4H1yuXPA9p4F0hL+Hrz6k3NNfzkt3AQzEkeAhvpKmIfmUOkjA==",
      "dev": true,
      "requires": {
        "fs-copy-file-sync": "^1.1.1",
        "https-proxy-agent": "^3.0.0",
        "mkdirp": "^0.5.1",
        "node-fetch": "^2.1.2",
        "progress": "2.0.0",
        "proxy-from-env": "^1.0.0"
      },
      "dependencies": {
        "node-fetch": {
          "version": "2.6.0",
          "resolved": "https://registry.npmjs.org/node-fetch/-/node-fetch-2.6.0.tgz",
          "integrity": "sha512-8dG4H5ujfvFiqDmVu9fQ5bOHUC15JMjMY/Zumv26oOvvVJjM67KF8koCWIabKQ1GJIa9r2mMZscBq/TbdOcmNA==",
          "dev": true
        }
      }
    },
    "@sentry/core": {
      "version": "5.7.1",
      "resolved": "https://registry.npmjs.org/@sentry/core/-/core-5.7.1.tgz",
      "integrity": "sha512-AOn3k3uVWh2VyajcHbV9Ta4ieDIeLckfo7UMLM+CTk2kt7C89SayDGayJMSsIrsZlL4qxBoLB9QY4W2FgAGJrg==",
      "requires": {
        "@sentry/hub": "5.7.1",
        "@sentry/minimal": "5.7.1",
        "@sentry/types": "5.7.1",
        "@sentry/utils": "5.7.1",
        "tslib": "^1.9.3"
      }
    },
    "@sentry/hub": {
      "version": "5.7.1",
      "resolved": "https://registry.npmjs.org/@sentry/hub/-/hub-5.7.1.tgz",
      "integrity": "sha512-evGh323WR073WSBCg/RkhlUmCQyzU0xzBzCZPscvcoy5hd4SsLE6t9Zin+WACHB9JFsRQIDwNDn+D+pj3yKsig==",
      "requires": {
        "@sentry/types": "5.7.1",
        "@sentry/utils": "5.7.1",
        "tslib": "^1.9.3"
      }
    },
    "@sentry/minimal": {
      "version": "5.7.1",
      "resolved": "https://registry.npmjs.org/@sentry/minimal/-/minimal-5.7.1.tgz",
      "integrity": "sha512-nS/Dg+jWAZtcxQW8wKbkkw4dYvF6uyY/vDiz/jFCaux0LX0uhgXAC9gMOJmgJ/tYBLJ64l0ca5LzpZa7BMJQ0g==",
      "requires": {
        "@sentry/hub": "5.7.1",
        "@sentry/types": "5.7.1",
        "tslib": "^1.9.3"
      }
    },
    "@sentry/node": {
      "version": "5.7.1",
      "resolved": "https://registry.npmjs.org/@sentry/node/-/node-5.7.1.tgz",
      "integrity": "sha512-hVM10asFStrOhYZzMqFM7V1lrHkr1ydc2n/SFG0ZmIQxfTjCVElyXV/BJASIdqadM1fFIvvtD/EfgkTcZmub1g==",
      "requires": {
        "@sentry/core": "5.7.1",
        "@sentry/hub": "5.7.1",
        "@sentry/types": "5.7.1",
        "@sentry/utils": "5.7.1",
        "cookie": "^0.3.1",
        "https-proxy-agent": "^3.0.0",
        "lru_map": "^0.3.3",
        "tslib": "^1.9.3"
      }
    },
    "@sentry/types": {
      "version": "5.7.1",
      "resolved": "https://registry.npmjs.org/@sentry/types/-/types-5.7.1.tgz",
      "integrity": "sha512-tbUnTYlSliXvnou5D4C8Zr+7/wJrHLbpYX1YkLXuIJRU0NSi81bHMroAuHWILcQKWhVjaV/HZzr7Y/hhWtbXVQ=="
    },
    "@sentry/utils": {
      "version": "5.7.1",
      "resolved": "https://registry.npmjs.org/@sentry/utils/-/utils-5.7.1.tgz",
      "integrity": "sha512-nhirUKj/qFLsR1i9kJ5BRvNyzdx/E2vorIsukuDrbo8e3iZ11JMgCOVrmC8Eq9YkHBqgwX4UnrPumjFyvGMZ2Q==",
      "requires": {
        "@sentry/types": "5.7.1",
        "tslib": "^1.9.3"
      }
    },
    "@types/http-proxy": {
      "version": "1.17.0",
      "resolved": "https://registry.npmjs.org/@types/http-proxy/-/http-proxy-1.17.0.tgz",
      "integrity": "sha512-l+s0IoxSHqhLFJPDHRfO235kgrCkvFD8JmdV/T9C4BKBYPIjrQopGFH4r7h2e3jQqgJRCthRCAZIxDoFnj1zwQ==",
      "requires": {
        "@types/node": "*"
      }
    },
    "@types/long": {
      "version": "4.0.2",
      "resolved": "https://registry.npmjs.org/@types/long/-/long-4.0.2.tgz",
      "integrity": "sha512-MqTGEo5bj5t157U6fA/BiDynNkn0YknVdh48CMPkTSpFTVmvao5UQmm7uEF6xBEo7qIMAlY/JSleYaE6VOdpaA=="
    },
    "@types/node": {
      "version": "12.7.5",
      "resolved": "https://registry.npmjs.org/@types/node/-/node-12.7.5.tgz",
      "integrity": "sha512-9fq4jZVhPNW8r+UYKnxF1e2HkDWOWKM5bC2/7c9wPV835I0aOrVbS/Hw/pWPk2uKrNXQqg9Z959Kz+IYDd5p3w=="
    },
    "@types/uuid": {
      "version": "3.4.5",
      "resolved": "https://registry.npmjs.org/@types/uuid/-/uuid-3.4.5.tgz",
      "integrity": "sha512-MNL15wC3EKyw1VLF+RoVO4hJJdk9t/Hlv3rt1OL65Qvuadm4BYo6g9ZJQqoq7X8NBFSsQXgAujWciovh2lpVjA==",
      "requires": {
        "@types/node": "*"
      }
    },
    "agent-base": {
      "version": "4.3.0",
      "resolved": "https://registry.npmjs.org/agent-base/-/agent-base-4.3.0.tgz",
      "integrity": "sha512-salcGninV0nPrwpGNn4VTXBb1SOuXQBiqbrNXoeizJsHrsL6ERFM2Ne3JUSBWRE6aeNJI2ROP/WEEIDUiDe3cg==",
      "requires": {
        "es6-promisify": "^5.0.0"
      }
    },
    "ansi-regex": {
      "version": "5.0.1",
      "resolved": "https://registry.npmjs.org/ansi-regex/-/ansi-regex-5.0.1.tgz",
      "integrity": "sha512-quJQXlTSUGL2LH9SUXo8VwsY4soanhgo6LNSm84E1LBcE8s3O0wpdiRzyR9z/ZZJMlMWv37qOOb9pdJlMUEKFQ=="
    },
    "ansi-styles": {
      "version": "4.3.0",
      "resolved": "https://registry.npmjs.org/ansi-styles/-/ansi-styles-4.3.0.tgz",
      "integrity": "sha512-zbB9rCJAT1rbjiVDb2hqKFHNYLxgtk8NURxZ3IZwD3F6NtxbXZQCnnSi1Lkx+IDohdPlFp222wVALIheZJQSEg==",
      "requires": {
        "color-convert": "^2.0.1"
      }
    },
    "cliui": {
      "version": "7.0.4",
      "resolved": "https://registry.npmjs.org/cliui/-/cliui-7.0.4.tgz",
      "integrity": "sha512-OcRE68cOsVMXp1Yvonl/fzkQOyjLSu/8bhPDfQt0e0/Eb283TKP20Fs2MqoPsr9SwA595rRCA+QMzYc9nBP+JQ==",
      "requires": {
        "string-width": "^4.2.0",
        "strip-ansi": "^6.0.0",
        "wrap-ansi": "^7.0.0"
      }
    },
    "color-convert": {
      "version": "2.0.1",
      "resolved": "https://registry.npmjs.org/color-convert/-/color-convert-2.0.1.tgz",
      "integrity": "sha512-RRECPsj7iu/xb5oKYcsFHSppFNnsj/52OVTRKb4zP5onXwVF3zVmmToNcOfGC+CRDpfK/U584fMg38ZHCaElKQ==",
      "requires": {
        "color-name": "~1.1.4"
      }
    },
    "color-name": {
      "version": "1.1.4",
      "resolved": "https://registry.npmjs.org/color-name/-/color-name-1.1.4.tgz",
      "integrity": "sha512-dOy+3AuW3a2wNbZHIuMZpTcgjGuLU/uBL/ubcZF9OXbDo8ff4O8yVp5Bf0efS8uEoYo5q4Fx7dY9OgQGXgAsQA=="
    },
    "cookie": {
      "version": "0.3.1",
      "resolved": "https://registry.npmjs.org/cookie/-/cookie-0.3.1.tgz",
      "integrity": "sha1-5+Ch+e9DtMi6klxcWpboBtFoc7s="
    },
    "core-js": {
      "version": "3.6.5",
      "resolved": "https://registry.npmjs.org/core-js/-/core-js-3.6.5.tgz",
      "integrity": "sha512-vZVEEwZoIsI+vPEuoF9Iqf5H7/M3eeQqWlQnYa8FSKKePuYTf5MWnxb5SDAzCa60b3JBRS5g9b+Dq7b1y/RCrA=="
    },
    "debug": {
      "version": "3.2.6",
      "resolved": "https://registry.npmjs.org/debug/-/debug-3.2.6.tgz",
      "integrity": "sha512-mel+jf7nrtEl5Pn1Qx46zARXKDpBbvzezse7p7LqINmdoIk8PYP5SySaxEmYv6TZ0JyEKA1hsCId6DIhgITtWQ==",
      "requires": {
        "ms": "^2.1.1"
      }
    },
    "dom-storage": {
      "version": "2.1.0",
      "resolved": "https://registry.npmjs.org/dom-storage/-/dom-storage-2.1.0.tgz",
      "integrity": "sha512-g6RpyWXzl0RR6OTElHKBl7nwnK87GUyZMYC7JWsB/IA73vpqK2K6LT39x4VepLxlSsWBFrPVLnsSR5Jyty0+2Q=="
    },
    "emoji-regex": {
      "version": "8.0.0",
      "resolved": "https://registry.npmjs.org/emoji-regex/-/emoji-regex-8.0.0.tgz",
      "integrity": "sha512-MSjYzcWNOA0ewAHpz0MxpYFvwg6yjy1NG3xteoqz644VCo/RPgnr1/GGt+ic3iJTzQ8Eu3TdM14SawnVUmGE6A=="
    },
    "es6-promise": {
      "version": "4.2.8",
      "resolved": "https://registry.npmjs.org/es6-promise/-/es6-promise-4.2.8.tgz",
      "integrity": "sha512-HJDGx5daxeIvxdBxvG2cb9g4tEvwIk3i8+nhX0yGrYmZUzbkdg8QbDevheDB8gd0//uPj4c1EQua8Q+MViT0/w=="
    },
    "es6-promisify": {
      "version": "5.0.0",
      "resolved": "https://registry.npmjs.org/es6-promisify/-/es6-promisify-5.0.0.tgz",
      "integrity": "sha1-UQnWLz5W6pZ8S2NQWu8IKRyKUgM=",
      "requires": {
        "es6-promise": "^4.0.3"
      }
    },
    "escalade": {
      "version": "3.1.1",
      "resolved": "https://registry.npmjs.org/escalade/-/escalade-3.1.1.tgz",
      "integrity": "sha512-k0er2gUkLf8O0zKJiAhmkTnJlTvINGv7ygDNPbeIsX/TJjGJZHuh9B2UxbsaEkmlEo9MfhrSzmhIlhRlI2GXnw=="
    },
    "eventemitter3": {
      "version": "4.0.0",
      "resolved": "https://registry.npmjs.org/eventemitter3/-/eventemitter3-4.0.0.tgz",
      "integrity": "sha512-qerSRB0p+UDEssxTtm6EDKcE7W4OaoisfIMl4CngyEhjpYglocpNg6UEqCvemdGhosAsg4sO2dXJOdyBifPGCg=="
    },
    "faye-websocket": {
      "version": "0.11.3",
      "resolved": "https://registry.npmjs.org/faye-websocket/-/faye-websocket-0.11.3.tgz",
      "integrity": "sha512-D2y4bovYpzziGgbHYtGCMjlJM36vAl/y+xUyn1C+FVx8szd1E+86KwVw6XvYSzOP8iMpm1X0I4xJD+QtUb36OA==",
      "requires": {
        "websocket-driver": ">=0.5.1"
      }
    },
    "firebase": {
      "version": "8.10.1",
      "resolved": "https://registry.npmjs.org/firebase/-/firebase-8.10.1.tgz",
      "integrity": "sha512-84z/zqF8Y5IpUYN8nREZ/bxbGtF5WJDOBy4y0hAxRzGpB5+2tw9PQgtTnUzk6MQiVEf/WOniMUL3pCVXKsxALw==",
      "requires": {
        "@firebase/analytics": "0.6.18",
        "@firebase/app": "0.6.30",
        "@firebase/app-check": "0.3.2",
        "@firebase/app-types": "0.6.3",
        "@firebase/auth": "0.16.8",
        "@firebase/database": "0.11.0",
        "@firebase/firestore": "2.4.1",
        "@firebase/functions": "0.6.16",
        "@firebase/installations": "0.4.32",
        "@firebase/messaging": "0.8.0",
        "@firebase/performance": "0.4.18",
        "@firebase/polyfill": "0.3.36",
        "@firebase/remote-config": "0.1.43",
        "@firebase/storage": "0.7.1",
        "@firebase/util": "1.3.0"
      }
    },
    "follow-redirects": {
      "version": "1.9.0",
      "resolved": "https://registry.npmjs.org/follow-redirects/-/follow-redirects-1.9.0.tgz",
      "integrity": "sha512-CRcPzsSIbXyVDl0QI01muNDu69S8trU4jArW9LpOt2WtC6LyUJetcIrmfHsRBx7/Jb6GHJUiuqyYxPooFfNt6A==",
      "requires": {
        "debug": "^3.0.0"
      }
    },
    "fs-copy-file-sync": {
      "version": "1.1.1",
      "resolved": "https://registry.npmjs.org/fs-copy-file-sync/-/fs-copy-file-sync-1.1.1.tgz",
      "integrity": "sha512-2QY5eeqVv4m2PfyMiEuy9adxNP+ajf+8AR05cEi+OAzPcOj90hvFImeZhTmKLBgSd9EvG33jsD7ZRxsx9dThkQ==",
      "dev": true
    },
    "get-caller-file": {
      "version": "2.0.5",
      "resolved": "https://registry.npmjs.org/get-caller-file/-/get-caller-file-2.0.5.tgz",
      "integrity": "sha512-DyFP3BM/3YHTQOCUL/w0OZHR0lpKeGrxotcHWcqNEdnltqFwXVfhEBQ94eIo34AfQpo0rGki4cyIiftY06h2Fg=="
    },
    "http-parser-js": {
      "version": "0.5.8",
      "resolved": "https://registry.npmjs.org/http-parser-js/-/http-parser-js-0.5.8.tgz",
      "integrity": "sha512-SGeBX54F94Wgu5RH3X5jsDtf4eHyRogWX1XGT3b4HuW3tQPM4AaBzoUji/4AAJNXCEOWZ5O0DgZmJw1947gD5Q=="
    },
    "http-proxy": {
      "version": "1.18.0",
      "resolved": "https://registry.npmjs.org/http-proxy/-/http-proxy-1.18.0.tgz",
      "integrity": "sha512-84I2iJM/n1d4Hdgc6y2+qY5mDaz2PUVjlg9znE9byl+q0uC3DeByqBGReQu5tpLK0TAqTIXScRUV+dg7+bUPpQ==",
      "requires": {
        "eventemitter3": "^4.0.0",
        "follow-redirects": "^1.0.0",
        "requires-port": "^1.0.0"
      }
    },
    "https-proxy-agent": {
      "version": "3.0.0",
      "resolved": "https://registry.npmjs.org/https-proxy-agent/-/https-proxy-agent-3.0.0.tgz",
      "integrity": "sha512-y4jAxNEihqvBI5F3SaO2rtsjIOnnNA8sEbuiP+UhJZJHeM2NRm6c09ax2tgqme+SgUUvjao2fJXF4h3D6Cb2HQ==",
      "requires": {
        "agent-base": "^4.3.0",
        "debug": "^3.1.0"
      }
    },
    "idb": {
      "version": "3.0.2",
      "resolved": "https://registry.npmjs.org/idb/-/idb-3.0.2.tgz",
      "integrity": "sha512-+FLa/0sTXqyux0o6C+i2lOR0VoS60LU/jzUo5xjfY6+7sEEgy4Gz1O7yFBXvjd7N0NyIGWIRg8DcQSLEG+VSPw=="
    },
    "is-fullwidth-code-point": {
      "version": "3.0.0",
      "resolved": "https://registry.npmjs.org/is-fullwidth-code-point/-/is-fullwidth-code-point-3.0.0.tgz",
      "integrity": "sha512-zymm5+u+sCsSWyD9qNaejV3DFvhCKclKdizYaJUuHA83RLjb7nSuGnddCHGv0hk+KY7BMAlsWeK4Ueg6EV6XQg=="
    },
    "lodash.camelcase": {
      "version": "4.3.0",
      "resolved": "https://registry.npmjs.org/lodash.camelcase/-/lodash.camelcase-4.3.0.tgz",
      "integrity": "sha512-TwuEnCnxbc3rAvhf/LbG7tJUDzhqXyFnv3dtzLOPgCG/hODL7WFnsbwktkD7yUV0RrreP/l1PALq/YSg6VvjlA=="
    },
    "long": {
      "version": "4.0.0",
      "resolved": "https://registry.npmjs.org/long/-/long-4.0.0.tgz",
      "integrity": "sha512-XsP+KhQif4bjX1kbuSiySJFNAehNxgLb6hPRGJ9QsUr8ajHkuXGdrHmFUTUUXhDwVX2R5bY4JNZEwbUiMhV+MA=="
    },
    "lru_map": {
      "version": "0.3.3",
      "resolved": "https://registry.npmjs.org/lru_map/-/lru_map-0.3.3.tgz",
      "integrity": "sha1-tcg1G5Rky9dQM1p5ZQoOwOVhGN0="
    },
    "minimist": {
      "version": "1.2.8",
      "resolved": "https://registry.npmjs.org/minimist/-/minimist-1.2.8.tgz",
      "integrity": "sha512-2yyAR8qBkN3YuheJanUpWC5U3bb5osDywNB8RzDVlDwDHbocAJveqqj1u8+SVD7jkWT4yvsHCpWqqWqAxb0zCA==",
      "dev": true
    },
    "mkdirp": {
      "version": "0.5.6",
      "resolved": "https://registry.npmjs.org/mkdirp/-/mkdirp-0.5.6.tgz",
      "integrity": "sha512-FP+p8RB8OWpF3YZBCrP5gtADmtXApB5AMLn+vdyA+PyxCjrCs00mjyUozssO33cwDeT3wNGdLxJ5M//YqtHAJw==",
      "dev": true,
      "requires": {
        "minimist": "^1.2.6"
      }
    },
    "ms": {
      "version": "2.1.2",
      "resolved": "https://registry.npmjs.org/ms/-/ms-2.1.2.tgz",
      "integrity": "sha512-sGkPx+VjMtmA6MX27oA4FBFELFCZZ4S4XqeGOXCv68tT+jb3vk/RyaKWP0PTKyWtmLSM0b+adUTEvbs1PEaH2w=="
    },
    "node-fetch": {
      "version": "2.6.7",
      "resolved": "https://registry.npmjs.org/node-fetch/-/node-fetch-2.6.7.tgz",
      "integrity": "sha512-ZjMPFEfVx5j+y2yF35Kzx5sF7kDzxuDj6ziH4FFbOp87zKDZNx8yExJIb05OGF4Nlt9IHFIMBkRl41VdvcNdbQ==",
      "requires": {
        "whatwg-url": "^5.0.0"
      }
    },
    "progress": {
      "version": "2.0.0",
      "resolved": "https://registry.npmjs.org/progress/-/progress-2.0.0.tgz",
      "integrity": "sha1-ihvjZr+Pwj2yvSPxDG/pILQ4nR8=",
      "dev": true
    },
    "promise-polyfill": {
      "version": "8.1.3",
      "resolved": "https://registry.npmjs.org/promise-polyfill/-/promise-polyfill-8.1.3.tgz",
      "integrity": "sha512-MG5r82wBzh7pSKDRa9y+vllNHz3e3d4CNj1PQE4BQYxLme0gKYYBm9YENq+UkEikyZ0XbiGWxYlVw3Rl9O/U8g=="
    },
    "protobufjs": {
      "version": "7.2.2",
      "resolved": "https://registry.npmjs.org/protobufjs/-/protobufjs-7.2.2.tgz",
      "integrity": "sha512-++PrQIjrom+bFDPpfmqXfAGSQs40116JRrqqyf53dymUMvvb5d/LMRyicRoF1AUKoXVS1/IgJXlEgcpr4gTF3Q==",
      "requires": {
        "@protobufjs/aspromise": "^1.1.2",
        "@protobufjs/base64": "^1.1.2",
        "@protobufjs/codegen": "^2.0.4",
        "@protobufjs/eventemitter": "^1.1.0",
        "@protobufjs/fetch": "^1.1.0",
        "@protobufjs/float": "^1.0.2",
        "@protobufjs/inquire": "^1.1.0",
        "@protobufjs/path": "^1.1.2",
        "@protobufjs/pool": "^1.1.0",
        "@protobufjs/utf8": "^1.1.0",
        "@types/node": ">=13.7.0",
        "long": "^5.0.0"
      },
      "dependencies": {
        "@types/node": {
          "version": "18.14.4",
          "resolved": "https://registry.npmjs.org/@types/node/-/node-18.14.4.tgz",
          "integrity": "sha512-VhCw7I7qO2X49+jaKcAUwi3rR+hbxT5VcYF493+Z5kMLI0DL568b7JI4IDJaxWFH0D/xwmGJNoXisyX+w7GH/g=="
        },
        "long": {
          "version": "5.2.1",
          "resolved": "https://registry.npmjs.org/long/-/long-5.2.1.tgz",
          "integrity": "sha512-GKSNGeNAtw8IryjjkhZxuKB3JzlcLTwjtiQCHKvqQet81I93kXslhDQruGI/QsddO83mcDToBVy7GqGS/zYf/A=="
        }
      }
    },
    "proxy-from-env": {
      "version": "1.0.0",
      "resolved": "https://registry.npmjs.org/proxy-from-env/-/proxy-from-env-1.0.0.tgz",
      "integrity": "sha1-M8UDmPcOp+uW0h97gXYwpVeRx+4=",
      "dev": true
    },
    "require-directory": {
      "version": "2.1.1",
      "resolved": "https://registry.npmjs.org/require-directory/-/require-directory-2.1.1.tgz",
      "integrity": "sha512-fGxEI7+wsG9xrvdjsrlmL22OMTTiHRwAMroiEeMgq8gzoLC/PQr7RsRDSTLUg/bZAZtF+TVIkHc6/4RIKrui+Q=="
    },
    "requires-port": {
      "version": "1.0.0",
      "resolved": "https://registry.npmjs.org/requires-port/-/requires-port-1.0.0.tgz",
      "integrity": "sha1-kl0mAdOaxIXgkc8NpcbmlNw9yv8="
    },
    "safe-buffer": {
      "version": "5.2.1",
      "resolved": "https://registry.npmjs.org/safe-buffer/-/safe-buffer-5.2.1.tgz",
      "integrity": "sha512-rp3So07KcdmmKbGvgaNxQSJr7bGVSVk5S9Eq1F+ppbRo70+YeaDxkw5Dd8NPN+GD6bjnYm2VuPuCXmpuYvmCXQ=="
    },
    "slack": {
      "version": "11.0.2",
      "resolved": "https://registry.npmjs.org/slack/-/slack-11.0.2.tgz",
      "integrity": "sha512-rv842+S+AGyZCmMMd8xPtW5DvJ9LzWTAKfxi8Gw57oYlXgcKtFuHd4nqk6lTPpRKdUGn3tx/Drd0rjQR3dQPqw==",
      "requires": {
        "tiny-json-http": "^7.0.2"
      }
    },
    "string-width": {
      "version": "4.2.3",
      "resolved": "https://registry.npmjs.org/string-width/-/string-width-4.2.3.tgz",
      "integrity": "sha512-wKyQRQpjJ0sIp62ErSZdGsjMJWsap5oRNihHhu6G7JVO/9jIB6UyevL+tXuOqrng8j/cxKTWyWUwvSTriiZz/g==",
      "requires": {
        "emoji-regex": "^8.0.0",
        "is-fullwidth-code-point": "^3.0.0",
        "strip-ansi": "^6.0.1"
      }
    },
    "strip-ansi": {
      "version": "6.0.1",
      "resolved": "https://registry.npmjs.org/strip-ansi/-/strip-ansi-6.0.1.tgz",
      "integrity": "sha512-Y38VPSHcqkFrCpFnQ9vuSXmquuv5oXOKpGeT6aGrr3o3Gc9AlVa6JBfUSOCnbxGGZF+/0ooI7KrPuUSztUdU5A==",
      "requires": {
        "ansi-regex": "^5.0.1"
      }
    },
    "tiny-json-http": {
      "version": "7.1.2",
      "resolved": "https://registry.npmjs.org/tiny-json-http/-/tiny-json-http-7.1.2.tgz",
      "integrity": "sha512-XB9Bu+ohdQso6ziPFNVqK+pcTt0l8BSRkW/CCBq0pUVlLxcYDsorpo7ae5yPhu2CF1xYgJuKVLF7cfOGeLCTlA=="
    },
    "tr46": {
      "version": "0.0.3",
      "resolved": "https://registry.npmjs.org/tr46/-/tr46-0.0.3.tgz",
      "integrity": "sha512-N3WMsuqV66lT30CrXNbEjx4GEwlow3v6rr4mCcv6prnfwhS01rkgyFdjPNBYd9br7LpXV1+Emh01fHnq2Gdgrw=="
    },
    "tslib": {
      "version": "1.9.3",
      "resolved": "https://registry.npmjs.org/tslib/-/tslib-1.9.3.tgz",
      "integrity": "sha512-4krF8scpejhaOgqzBEcGM7yDIEfi0/8+8zDRZhNZZ2kjmHJ4hv3zCbQWxoJGz1iw5U0Jl0nma13xzHXcncMavQ=="
    },
    "typescript": {
      "version": "3.6.4",
      "resolved": "https://registry.npmjs.org/typescript/-/typescript-3.6.4.tgz",
      "integrity": "sha512-unoCll1+l+YK4i4F8f22TaNVPRHcD9PA3yCuZ8g5e0qGqlVlJ/8FSateOLLSagn+Yg5+ZwuPkL8LFUc0Jcvksg=="
    },
    "uuid": {
      "version": "3.3.3",
      "resolved": "https://registry.npmjs.org/uuid/-/uuid-3.3.3.tgz",
      "integrity": "sha512-pW0No1RGHgzlpHJO1nsVrHKpOEIxkGg1xB+v0ZmdNH5OAeAwzAVrCnI2/6Mtx+Uys6iaylxa+D3g4j63IKKjSQ=="
    },
    "webidl-conversions": {
      "version": "3.0.1",
      "resolved": "https://registry.npmjs.org/webidl-conversions/-/webidl-conversions-3.0.1.tgz",
      "integrity": "sha512-2JAn3z8AR6rjK8Sm8orRC0h/bcl/DqL7tRPdGZ4I1CjdF+EaMLmYxBHyXuKL849eucPFhvBoxMsflfOb8kxaeQ=="
    },
    "websocket-driver": {
      "version": "0.7.4",
      "resolved": "https://registry.npmjs.org/websocket-driver/-/websocket-driver-0.7.4.tgz",
      "integrity": "sha512-b17KeDIQVjvb0ssuSDF2cYXSg2iztliJ4B9WdsuB6J952qCPKmnVq4DyW5motImXHDC1cBT/1UezrJVsKw5zjg==",
      "requires": {
        "http-parser-js": ">=0.5.1",
        "safe-buffer": ">=5.1.0",
        "websocket-extensions": ">=0.1.1"
      }
    },
    "websocket-extensions": {
      "version": "0.1.4",
      "resolved": "https://registry.npmjs.org/websocket-extensions/-/websocket-extensions-0.1.4.tgz",
      "integrity": "sha512-OqedPIGOfsDlo31UNwYbCFMSaO9m9G/0faIHj5/dZFDMFqPTcx6UwqyOy3COEaEOg/9VsGIpdqn62W5KhoKSpg=="
    },
    "whatwg-fetch": {
      "version": "2.0.4",
      "resolved": "https://registry.npmjs.org/whatwg-fetch/-/whatwg-fetch-2.0.4.tgz",
      "integrity": "sha512-dcQ1GWpOD/eEQ97k66aiEVpNnapVj90/+R+SXTPYGHpYBBypfKJEQjLrvMZ7YXbKm21gXd4NcuxUTjiv1YtLng=="
    },
    "whatwg-url": {
      "version": "5.0.0",
      "resolved": "https://registry.npmjs.org/whatwg-url/-/whatwg-url-5.0.0.tgz",
      "integrity": "sha512-saE57nupxk6v3HY35+jzBwYa0rKSy0XR8JSxZPwgLr7ys0IBzhGviA1/TUGJLmSVqs8pb9AnvICXEuOHLprYTw==",
      "requires": {
        "tr46": "~0.0.3",
        "webidl-conversions": "^3.0.0"
      }
    },
    "wrap-ansi": {
      "version": "7.0.0",
      "resolved": "https://registry.npmjs.org/wrap-ansi/-/wrap-ansi-7.0.0.tgz",
      "integrity": "sha512-YVGIj2kamLSTxw6NsZjoBxfSwsn0ycdesmc4p+Q21c5zPuZ1pl+NfxVdxPtdHvmNVOQ6XSYG4AUtyt/Fi7D16Q==",
      "requires": {
        "ansi-styles": "^4.0.0",
        "string-width": "^4.1.0",
        "strip-ansi": "^6.0.0"
      }
    },
    "xmlhttprequest": {
      "version": "1.8.0",
      "resolved": "https://registry.npmjs.org/xmlhttprequest/-/xmlhttprequest-1.8.0.tgz",
      "integrity": "sha512-58Im/U0mlVBLM38NdZjHyhuMtCqa61469k2YP/AaPbvCoV9aQGUpbJBj1QRm2ytRiVQBD/fsw7L2bJGDVQswBA=="
    },
    "y18n": {
      "version": "5.0.8",
      "resolved": "https://registry.npmjs.org/y18n/-/y18n-5.0.8.tgz",
      "integrity": "sha512-0pfFzegeDWJHJIAmTLRP2DwHjdF5s7jo9tuztdQxAhINCdvS+3nGINqPd00AphqJR/0LhANUS6/+7SCb98YOfA=="
    },
    "yargs": {
      "version": "16.2.0",
      "resolved": "https://registry.npmjs.org/yargs/-/yargs-16.2.0.tgz",
      "integrity": "sha512-D1mvvtDG0L5ft/jGWkLpG1+m0eQxOfaBvTNELraWj22wSVUMWxZUvYgJYcKh6jGGIkJFhH4IZPQhR4TKpc8mBw==",
      "requires": {
        "cliui": "^7.0.2",
        "escalade": "^3.1.1",
        "get-caller-file": "^2.0.5",
        "require-directory": "^2.1.1",
        "string-width": "^4.2.0",
        "y18n": "^5.0.5",
        "yargs-parser": "^20.2.2"
      }
    },
    "yargs-parser": {
      "version": "20.2.9",
      "resolved": "https://registry.npmjs.org/yargs-parser/-/yargs-parser-20.2.9.tgz",
      "integrity": "sha512-y11nGElTIV+CT3Zv9t7VKl+Q3hTQoT9a1Qzezhhl6Rp21gJ/IVTW7Z3y9EWXhuUBC2Shnf+DX0antecpAwSP8w=="
    }
  }
}
