{
  "name": "github-code-review-notifier",
  "version": "0.0.1",
  "lockfileVersion": 1,
  "requires": true,
  "dependencies": {
    "@firebase/app": {
      "version": "0.3.17",
      "resolved": "https://registry.npmjs.org/@firebase/app/-/app-0.3.17.tgz",
      "integrity": "sha512-/8lDeeIxgdCIMffrfBPQ3bcdSkF8bx4KCp8pKMPOG/HYKoeM8I9eP4zlzxL5ABzRjvcdhK9KOYOn0jRrNrGD9g==",
      "requires": {
        "@firebase/app-types": "0.3.10",
        "@firebase/util": "0.2.14",
        "dom-storage": "2.1.0",
        "tslib": "1.9.3",
        "xmlhttprequest": "1.8.0"
      }
    },
    "@firebase/app-types": {
      "version": "0.3.10",
      "resolved": "https://registry.npmjs.org/@firebase/app-types/-/app-types-0.3.10.tgz",
      "integrity": "sha512-l+5BJtSQopalBXiY/YuSaB9KF9PnDj37FLV0Sx3qJjh5B3IthCuZbPc1Vpbbbee/QZgudl0G212BBsUMGHP+fQ=="
    },
    "@firebase/auth": {
      "version": "0.10.2",
      "resolved": "https://registry.npmjs.org/@firebase/auth/-/auth-0.10.2.tgz",
      "integrity": "sha512-+S8RZcHhhat2xrW/RGOcSZO8pv0qHveaw09Bq/gXhZyJfN86UeiMc3sv4YMo1Hu7fRRorNteijpmlH522eI0AA==",
      "requires": {
        "@firebase/auth-types": "0.6.1"
      }
    },
    "@firebase/auth-types": {
      "version": "0.6.1",
      "resolved": "https://registry.npmjs.org/@firebase/auth-types/-/auth-types-0.6.1.tgz",
      "integrity": "sha512-uciPeIQJC1NZDhI5+BWbyqi70YXIjT3jm03sYtIgkPt2sr3n8sq1RpnoTMYfAJkQ0QlgLaBkeM/huMx06eBoXQ=="
    },
    "@firebase/database": {
      "version": "0.3.20",
      "resolved": "https://registry.npmjs.org/@firebase/database/-/database-0.3.20.tgz",
      "integrity": "sha512-fZHRIlRQlND/UrzI1beUTRKfktjMvMEiUOar6ylFZqOj2KNVO4CrF95UGqRl0HBGhZzlBKzaDYAcJze2D6C4+Q==",
      "requires": {
        "@firebase/database-types": "0.3.11",
        "@firebase/logger": "0.1.13",
        "@firebase/util": "0.2.14",
        "faye-websocket": "0.11.1",
        "tslib": "1.9.3"
      }
    },
    "@firebase/database-types": {
      "version": "0.3.11",
      "resolved": "https://registry.npmjs.org/@firebase/database-types/-/database-types-0.3.11.tgz",
      "integrity": "sha512-iRAZzs7Zlmmvh7r0XlR1MAO6I6bm1HjW9m1ytfJ6E/8+zItHnbVH4iiVVkC39r1wMGrtPMz8FiIUWoaasPF5dA=="
    },
    "@firebase/firestore": {
      "version": "1.2.2",
      "resolved": "https://registry.npmjs.org/@firebase/firestore/-/firestore-1.2.2.tgz",
      "integrity": "sha512-5o3SFTpMYaWrWRlm5qBX84fNDwdiPTbb0qo6KDI+OvIzTaMsEfOJ4vUz+Binxfq0dPen0fU6JLO+xix8Sa8TBA==",
      "requires": {
        "@firebase/firestore-types": "1.2.1",
        "@firebase/logger": "0.1.13",
        "@firebase/webchannel-wrapper": "0.2.19",
        "grpc": "1.20.0",
        "tslib": "1.9.3"
      }
    },
    "@firebase/firestore-types": {
      "version": "1.2.1",
      "resolved": "https://registry.npmjs.org/@firebase/firestore-types/-/firestore-types-1.2.1.tgz",
      "integrity": "sha512-/Klu3uVLoTjW3ckYqFTV3lr9HzEKM7pMpPHao1Sy+YwIUmTjFMI1LE2WcXMx6HN2jipFjjD/Xjg0hY0+0dnPCg=="
    },
    "@firebase/functions": {
      "version": "0.4.6",
      "resolved": "https://registry.npmjs.org/@firebase/functions/-/functions-0.4.6.tgz",
      "integrity": "sha512-jpRLY8GyhmFufnN3eilvIuAqD9qsG2/AftGtFaTRL0ObSySmraYcVOpKAxsFZW//9EMNtI9c9/rw+QFq5SkuyA==",
      "requires": {
        "@firebase/functions-types": "0.3.5",
        "@firebase/messaging-types": "0.2.11",
        "isomorphic-fetch": "2.2.1",
        "tslib": "1.9.3"
      }
    },
    "@firebase/functions-types": {
      "version": "0.3.5",
      "resolved": "https://registry.npmjs.org/@firebase/functions-types/-/functions-types-0.3.5.tgz",
      "integrity": "sha512-3hTMqfSugCfxzT6vZPbzQ58G4941rsFr99fWKXGKFAl2QpdMBCnKmEKdg/p5M47xIPyzIQn6NMF5kCo/eICXhA=="
    },
    "@firebase/installations": {
      "version": "0.1.0",
      "resolved": "https://registry.npmjs.org/@firebase/installations/-/installations-0.1.0.tgz",
      "integrity": "sha512-drt9kDT4w/OCXt5nboOIaUGI3lDwHAoSY2V6qJTbtbd3qVSxE0EBLA4c+allpWdmrhGBrASApuA0eAjphxuXIw==",
      "requires": {
        "@firebase/installations-types": "0.1.0",
        "@firebase/util": "0.2.14",
        "idb": "3.0.2"
      }
    },
    "@firebase/installations-types": {
      "version": "0.1.0",
      "resolved": "https://registry.npmjs.org/@firebase/installations-types/-/installations-types-0.1.0.tgz",
      "integrity": "sha512-cw2UIvPa3+umy6w7dGj0LqQQ9v7WEOro5s+6B+v54Tw25WyLnR6cBIkyyahv3Uu9QPnGZCIsemlQwxIaIOMb9g=="
    },
    "@firebase/logger": {
      "version": "0.1.13",
      "resolved": "https://registry.npmjs.org/@firebase/logger/-/logger-0.1.13.tgz",
      "integrity": "sha512-wIbLwQ2oJCkvHIE7J3FDxpScKY84fSctEEjOi0PB+Yn2dN8AwqtM7YF8rtcY8cxntv8dyR+i7GNg1Nd89cGxkA=="
    },
    "@firebase/messaging": {
      "version": "0.3.19",
      "resolved": "https://registry.npmjs.org/@firebase/messaging/-/messaging-0.3.19.tgz",
      "integrity": "sha512-xY1Hlsj0MqyU/AmJQLyH9Uknhs8+1OsD2xXE8W34qk0g2RtpygUN7JMD21d5w5zZ5dMtLNhVSIxU8oI2rAUjcA==",
      "requires": {
        "@firebase/messaging-types": "0.2.11",
        "@firebase/util": "0.2.14",
        "tslib": "1.9.3"
      }
    },
    "@firebase/messaging-types": {
      "version": "0.2.11",
      "resolved": "https://registry.npmjs.org/@firebase/messaging-types/-/messaging-types-0.2.11.tgz",
      "integrity": "sha512-uWtzPMj1mAX8EbG68SnxE12Waz+hRuO7vtosUFePGBfxVNNmPx5vJyKZTz+hbM4P77XddshAiaEkyduro4gNgA=="
    },
    "@firebase/performance": {
      "version": "0.2.1",
      "resolved": "https://registry.npmjs.org/@firebase/performance/-/performance-0.2.1.tgz",
      "integrity": "sha512-vo/24+W35foc2ShRgeIlx2Ej45+Sn6uYPpnYzTtJb3DwE3sb0BVGocVgINbXyguUq2PHS+6yLsCm88y12DS2EA==",
      "requires": {
        "@firebase/installations": "0.1.0",
        "@firebase/logger": "0.1.13",
        "@firebase/performance-types": "0.0.1",
        "@firebase/util": "0.2.14",
        "tslib": "1.9.3"
      }
    },
    "@firebase/performance-types": {
      "version": "0.0.1",
      "resolved": "https://registry.npmjs.org/@firebase/performance-types/-/performance-types-0.0.1.tgz",
      "integrity": "sha512-U45GbVAnPyz7wPLd3FrWdTeaFSvgsnGfGK58VojfEMmFnMAixCM3qBv1XJ0xfhyKbK1xZN4+usWAR8F3CwRAXw=="
    },
    "@firebase/polyfill": {
      "version": "0.3.13",
      "resolved": "https://registry.npmjs.org/@firebase/polyfill/-/polyfill-0.3.13.tgz",
      "integrity": "sha512-nmz0KMrGZh4wvy8iPnOCtpSXw0LwXPdj9lqgeOVClXMgJBi5+FS1q0W1Ofn7BULmMc8tYsGGY+T2HvfmznMuPg==",
      "requires": {
        "core-js": "3.0.1",
        "promise-polyfill": "8.1.0",
        "whatwg-fetch": "2.0.4"
      },
      "dependencies": {
        "whatwg-fetch": {
          "version": "2.0.4",
          "resolved": "https://registry.npmjs.org/whatwg-fetch/-/whatwg-fetch-2.0.4.tgz",
          "integrity": "sha512-dcQ1GWpOD/eEQ97k66aiEVpNnapVj90/+R+SXTPYGHpYBBypfKJEQjLrvMZ7YXbKm21gXd4NcuxUTjiv1YtLng=="
        }
      }
    },
    "@firebase/storage": {
      "version": "0.2.15",
      "resolved": "https://registry.npmjs.org/@firebase/storage/-/storage-0.2.15.tgz",
      "integrity": "sha512-WR80AXm1btlHERavhSwiTwFAyT/M/Jn6/2I3RAlcVOS6NnKVdRIcSVW1zY9jvO3fdeksqBU9NKTXeXFTmsrw6g==",
      "requires": {
        "@firebase/storage-types": "0.2.11",
        "tslib": "1.9.3"
      }
    },
    "@firebase/storage-types": {
      "version": "0.2.11",
      "resolved": "https://registry.npmjs.org/@firebase/storage-types/-/storage-types-0.2.11.tgz",
      "integrity": "sha512-vGTFJmKbfScmCAVUamREIBTopr5Uusxd8xPAgNDxMZwICvdCjHO0UH0pZZj6iBQuwxLe/NEtFycPnu1kKT+TPw=="
    },
    "@firebase/util": {
      "version": "0.2.14",
      "resolved": "https://registry.npmjs.org/@firebase/util/-/util-0.2.14.tgz",
      "integrity": "sha512-2ke1Lra0R5T+5ucCMWft/IB2rI/IzumHHYm9aqrM9lJ3XURiWmBHAYrvaPVP7///gDhJAo+NNDUCAJH/Y4PmvA==",
      "requires": {
        "tslib": "1.9.3"
      }
    },
    "@firebase/webchannel-wrapper": {
      "version": "0.2.19",
      "resolved": "https://registry.npmjs.org/@firebase/webchannel-wrapper/-/webchannel-wrapper-0.2.19.tgz",
      "integrity": "sha512-U9e2dCB38mD2AvV/zAjghauwa0UX15Wt98iBgm8IOw8spluDxysx8UZFUhj38fu0iFXORVRBqseyK2wCxZIl5w=="
    },
    "@now/node": {
      "version": "1.0.0",
      "resolved": "https://registry.npmjs.org/@now/node/-/node-1.0.0.tgz",
      "integrity": "sha512-Ha2Dmtf6RHA0wkPjIeEBIBNq5Je0YwUPwUgH3f7FHlnJvTWREncYoUJdfC60BTkOvNi6KukihVLHGcD2wd51Dw==",
      "requires": {
        "@types/node": "*"
      }
    },
    "@sentry/cli": {
      "version": "1.48.0",
      "resolved": "https://registry.npmjs.org/@sentry/cli/-/cli-1.48.0.tgz",
      "integrity": "sha512-Td6UpZP6BoI0R5Guctiq3NIphAfskbyeiboWx4H1yuXPA9p4F0hL+Hrz6k3NNfzkt3AQzEkeAhvpKmIfmUOkjA==",
      "dev": true,
      "requires": {
        "fs-copy-file-sync": "^1.1.1",
        "https-proxy-agent": "^3.0.0",
        "mkdirp": "^0.5.1",
        "node-fetch": "^2.1.2",
        "progress": "2.0.0",
        "proxy-from-env": "^1.0.0"
      },
      "dependencies": {
        "node-fetch": {
          "version": "2.6.0",
          "resolved": "https://registry.npmjs.org/node-fetch/-/node-fetch-2.6.0.tgz",
          "integrity": "sha512-8dG4H5ujfvFiqDmVu9fQ5bOHUC15JMjMY/Zumv26oOvvVJjM67KF8koCWIabKQ1GJIa9r2mMZscBq/TbdOcmNA==",
          "dev": true
        }
      }
    },
    "@sentry/core": {
      "version": "5.7.1",
      "resolved": "https://registry.npmjs.org/@sentry/core/-/core-5.7.1.tgz",
      "integrity": "sha512-AOn3k3uVWh2VyajcHbV9Ta4ieDIeLckfo7UMLM+CTk2kt7C89SayDGayJMSsIrsZlL4qxBoLB9QY4W2FgAGJrg==",
      "requires": {
        "@sentry/hub": "5.7.1",
        "@sentry/minimal": "5.7.1",
        "@sentry/types": "5.7.1",
        "@sentry/utils": "5.7.1",
        "tslib": "^1.9.3"
      }
    },
    "@sentry/hub": {
      "version": "5.7.1",
      "resolved": "https://registry.npmjs.org/@sentry/hub/-/hub-5.7.1.tgz",
      "integrity": "sha512-evGh323WR073WSBCg/RkhlUmCQyzU0xzBzCZPscvcoy5hd4SsLE6t9Zin+WACHB9JFsRQIDwNDn+D+pj3yKsig==",
      "requires": {
        "@sentry/types": "5.7.1",
        "@sentry/utils": "5.7.1",
        "tslib": "^1.9.3"
      }
    },
    "@sentry/minimal": {
      "version": "5.7.1",
      "resolved": "https://registry.npmjs.org/@sentry/minimal/-/minimal-5.7.1.tgz",
      "integrity": "sha512-nS/Dg+jWAZtcxQW8wKbkkw4dYvF6uyY/vDiz/jFCaux0LX0uhgXAC9gMOJmgJ/tYBLJ64l0ca5LzpZa7BMJQ0g==",
      "requires": {
        "@sentry/hub": "5.7.1",
        "@sentry/types": "5.7.1",
        "tslib": "^1.9.3"
      }
    },
    "@sentry/node": {
      "version": "5.7.1",
      "resolved": "https://registry.npmjs.org/@sentry/node/-/node-5.7.1.tgz",
      "integrity": "sha512-hVM10asFStrOhYZzMqFM7V1lrHkr1ydc2n/SFG0ZmIQxfTjCVElyXV/BJASIdqadM1fFIvvtD/EfgkTcZmub1g==",
      "requires": {
        "@sentry/core": "5.7.1",
        "@sentry/hub": "5.7.1",
        "@sentry/types": "5.7.1",
        "@sentry/utils": "5.7.1",
        "cookie": "^0.3.1",
        "https-proxy-agent": "^3.0.0",
        "lru_map": "^0.3.3",
        "tslib": "^1.9.3"
      }
    },
    "@sentry/types": {
      "version": "5.7.1",
      "resolved": "https://registry.npmjs.org/@sentry/types/-/types-5.7.1.tgz",
      "integrity": "sha512-tbUnTYlSliXvnou5D4C8Zr+7/wJrHLbpYX1YkLXuIJRU0NSi81bHMroAuHWILcQKWhVjaV/HZzr7Y/hhWtbXVQ=="
    },
    "@sentry/utils": {
      "version": "5.7.1",
      "resolved": "https://registry.npmjs.org/@sentry/utils/-/utils-5.7.1.tgz",
      "integrity": "sha512-nhirUKj/qFLsR1i9kJ5BRvNyzdx/E2vorIsukuDrbo8e3iZ11JMgCOVrmC8Eq9YkHBqgwX4UnrPumjFyvGMZ2Q==",
      "requires": {
        "@sentry/types": "5.7.1",
        "tslib": "^1.9.3"
      }
    },
    "@types/http-proxy": {
      "version": "1.17.0",
      "resolved": "https://registry.npmjs.org/@types/http-proxy/-/http-proxy-1.17.0.tgz",
      "integrity": "sha512-l+s0IoxSHqhLFJPDHRfO235kgrCkvFD8JmdV/T9C4BKBYPIjrQopGFH4r7h2e3jQqgJRCthRCAZIxDoFnj1zwQ==",
      "requires": {
        "@types/node": "*"
      }
    },
    "@types/node": {
      "version": "12.7.5",
      "resolved": "https://registry.npmjs.org/@types/node/-/node-12.7.5.tgz",
      "integrity": "sha512-9fq4jZVhPNW8r+UYKnxF1e2HkDWOWKM5bC2/7c9wPV835I0aOrVbS/Hw/pWPk2uKrNXQqg9Z959Kz+IYDd5p3w=="
    },
    "@types/uuid": {
      "version": "3.4.5",
      "resolved": "https://registry.npmjs.org/@types/uuid/-/uuid-3.4.5.tgz",
      "integrity": "sha512-MNL15wC3EKyw1VLF+RoVO4hJJdk9t/Hlv3rt1OL65Qvuadm4BYo6g9ZJQqoq7X8NBFSsQXgAujWciovh2lpVjA==",
      "requires": {
        "@types/node": "*"
      }
    },
    "agent-base": {
      "version": "4.3.0",
      "resolved": "https://registry.npmjs.org/agent-base/-/agent-base-4.3.0.tgz",
      "integrity": "sha512-salcGninV0nPrwpGNn4VTXBb1SOuXQBiqbrNXoeizJsHrsL6ERFM2Ne3JUSBWRE6aeNJI2ROP/WEEIDUiDe3cg==",
      "requires": {
        "es6-promisify": "^5.0.0"
      }
    },
    "ansi-regex": {
      "version": "2.1.1",
      "resolved": "https://registry.npmjs.org/ansi-regex/-/ansi-regex-2.1.1.tgz",
      "integrity": "sha1-w7M6te42DYbg5ijwRorn7yfWVN8="
    },
    "ascli": {
      "version": "1.0.1",
      "resolved": "https://registry.npmjs.org/ascli/-/ascli-1.0.1.tgz",
      "integrity": "sha1-vPpZdKYvGOgcq660lzKrSoj5Brw=",
      "requires": {
        "colour": "~0.7.1",
        "optjs": "~3.2.2"
      }
    },
    "balanced-match": {
      "version": "1.0.0",
      "resolved": "https://registry.npmjs.org/balanced-match/-/balanced-match-1.0.0.tgz",
      "integrity": "sha1-ibTRmasr7kneFk6gK4nORi1xt2c="
    },
    "brace-expansion": {
      "version": "1.1.11",
      "resolved": "https://registry.npmjs.org/brace-expansion/-/brace-expansion-1.1.11.tgz",
      "integrity": "sha512-iCuPHDFgrHX7H2vEI/5xpz07zSHB00TpugqhmYtVmMO6518mCuRMoOYFldEBl0g187ufozdaHgWKcYFb61qGiA==",
      "requires": {
        "balanced-match": "^1.0.0",
        "concat-map": "0.0.1"
      }
    },
    "bytebuffer": {
      "version": "5.0.1",
      "resolved": "https://registry.npmjs.org/bytebuffer/-/bytebuffer-5.0.1.tgz",
      "integrity": "sha1-WC7qSxqHO20CCkjVjfhfC7ps/d0=",
      "requires": {
        "long": "~3"
      }
    },
    "camelcase": {
      "version": "2.1.1",
      "resolved": "https://registry.npmjs.org/camelcase/-/camelcase-2.1.1.tgz",
      "integrity": "sha1-fB0W1nmhu+WcoCys7PsBHiAfWh8="
    },
    "cliui": {
      "version": "3.2.0",
      "resolved": "https://registry.npmjs.org/cliui/-/cliui-3.2.0.tgz",
      "integrity": "sha1-EgYBU3qRbSmUD5NNo7SNWFo5IT0=",
      "requires": {
        "string-width": "^1.0.1",
        "strip-ansi": "^3.0.1",
        "wrap-ansi": "^2.0.0"
      }
    },
    "code-point-at": {
      "version": "1.1.0",
      "resolved": "https://registry.npmjs.org/code-point-at/-/code-point-at-1.1.0.tgz",
      "integrity": "sha1-DQcLTQQ6W+ozovGkDi7bPZpMz3c="
    },
    "colour": {
      "version": "0.7.1",
      "resolved": "https://registry.npmjs.org/colour/-/colour-0.7.1.tgz",
      "integrity": "sha1-nLFpkX7F0SwHNtPoaFdG3xyt93g="
    },
    "concat-map": {
      "version": "0.0.1",
      "resolved": "https://registry.npmjs.org/concat-map/-/concat-map-0.0.1.tgz",
      "integrity": "sha1-2Klr13/Wjfd5OnMDajug1UBdR3s="
    },
    "cookie": {
      "version": "0.3.1",
      "resolved": "https://registry.npmjs.org/cookie/-/cookie-0.3.1.tgz",
      "integrity": "sha1-5+Ch+e9DtMi6klxcWpboBtFoc7s="
    },
    "core-js": {
      "version": "3.0.1",
      "resolved": "https://registry.npmjs.org/core-js/-/core-js-3.0.1.tgz",
      "integrity": "sha512-sco40rF+2KlE0ROMvydjkrVMMG1vYilP2ALoRXcYR4obqbYIuV3Bg+51GEDW+HF8n7NRA+iaA4qD0nD9lo9mew=="
    },
    "debug": {
      "version": "3.2.6",
      "resolved": "https://registry.npmjs.org/debug/-/debug-3.2.6.tgz",
      "integrity": "sha512-mel+jf7nrtEl5Pn1Qx46zARXKDpBbvzezse7p7LqINmdoIk8PYP5SySaxEmYv6TZ0JyEKA1hsCId6DIhgITtWQ==",
      "requires": {
        "ms": "^2.1.1"
      }
    },
    "decamelize": {
      "version": "1.2.0",
      "resolved": "https://registry.npmjs.org/decamelize/-/decamelize-1.2.0.tgz",
      "integrity": "sha1-9lNNFRSCabIDUue+4m9QH5oZEpA="
    },
    "dom-storage": {
      "version": "2.1.0",
      "resolved": "https://registry.npmjs.org/dom-storage/-/dom-storage-2.1.0.tgz",
      "integrity": "sha512-g6RpyWXzl0RR6OTElHKBl7nwnK87GUyZMYC7JWsB/IA73vpqK2K6LT39x4VepLxlSsWBFrPVLnsSR5Jyty0+2Q=="
    },
    "encoding": {
      "version": "0.1.12",
      "resolved": "https://registry.npmjs.org/encoding/-/encoding-0.1.12.tgz",
      "integrity": "sha1-U4tm8+5izRq1HsMjgp0flIDHS+s=",
      "requires": {
        "iconv-lite": "~0.4.13"
      }
    },
    "es6-promise": {
      "version": "4.2.8",
      "resolved": "https://registry.npmjs.org/es6-promise/-/es6-promise-4.2.8.tgz",
      "integrity": "sha512-HJDGx5daxeIvxdBxvG2cb9g4tEvwIk3i8+nhX0yGrYmZUzbkdg8QbDevheDB8gd0//uPj4c1EQua8Q+MViT0/w=="
    },
    "es6-promisify": {
      "version": "5.0.0",
      "resolved": "https://registry.npmjs.org/es6-promisify/-/es6-promisify-5.0.0.tgz",
      "integrity": "sha1-UQnWLz5W6pZ8S2NQWu8IKRyKUgM=",
      "requires": {
        "es6-promise": "^4.0.3"
      }
    },
    "eventemitter3": {
      "version": "4.0.0",
      "resolved": "https://registry.npmjs.org/eventemitter3/-/eventemitter3-4.0.0.tgz",
      "integrity": "sha512-qerSRB0p+UDEssxTtm6EDKcE7W4OaoisfIMl4CngyEhjpYglocpNg6UEqCvemdGhosAsg4sO2dXJOdyBifPGCg=="
    },
    "faye-websocket": {
      "version": "0.11.1",
      "resolved": "https://registry.npmjs.org/faye-websocket/-/faye-websocket-0.11.1.tgz",
      "integrity": "sha1-8O/hjE9W5PQK/H4Gxxn9XuYYjzg=",
      "requires": {
        "websocket-driver": ">=0.5.1"
      }
    },
    "firebase": {
      "version": "5.11.1",
      "resolved": "https://registry.npmjs.org/firebase/-/firebase-5.11.1.tgz",
      "integrity": "sha512-cop2UHytKas8WJZTovZqhpZIgwRfsvegijyOjgmMJoaOHCnyH4eymPneglgXsK5ExOdxJSTC4QD5qETrdL3dMw==",
      "requires": {
        "@firebase/app": "0.3.17",
        "@firebase/auth": "0.10.2",
        "@firebase/database": "0.3.20",
        "@firebase/firestore": "1.2.2",
        "@firebase/functions": "0.4.6",
        "@firebase/messaging": "0.3.19",
        "@firebase/performance": "0.2.1",
        "@firebase/polyfill": "0.3.13",
        "@firebase/storage": "0.2.15"
      }
    },
    "follow-redirects": {
      "version": "1.9.0",
      "resolved": "https://registry.npmjs.org/follow-redirects/-/follow-redirects-1.9.0.tgz",
      "integrity": "sha512-CRcPzsSIbXyVDl0QI01muNDu69S8trU4jArW9LpOt2WtC6LyUJetcIrmfHsRBx7/Jb6GHJUiuqyYxPooFfNt6A==",
      "requires": {
        "debug": "^3.0.0"
      }
    },
    "fs-copy-file-sync": {
      "version": "1.1.1",
      "resolved": "https://registry.npmjs.org/fs-copy-file-sync/-/fs-copy-file-sync-1.1.1.tgz",
      "integrity": "sha512-2QY5eeqVv4m2PfyMiEuy9adxNP+ajf+8AR05cEi+OAzPcOj90hvFImeZhTmKLBgSd9EvG33jsD7ZRxsx9dThkQ==",
      "dev": true
    },
    "fs.realpath": {
      "version": "1.0.0",
      "resolved": "https://registry.npmjs.org/fs.realpath/-/fs.realpath-1.0.0.tgz",
      "integrity": "sha1-FQStJSMVjKpA20onh8sBQRmU6k8="
    },
    "glob": {
      "version": "7.1.4",
      "resolved": "https://registry.npmjs.org/glob/-/glob-7.1.4.tgz",
      "integrity": "sha512-hkLPepehmnKk41pUGm3sYxoFs/umurYfYJCerbXEyFIWcAzvpipAgVkBqqT9RBKMGjnq6kMuyYwha6csxbiM1A==",
      "requires": {
        "fs.realpath": "^1.0.0",
        "inflight": "^1.0.4",
        "inherits": "2",
        "minimatch": "^3.0.4",
        "once": "^1.3.0",
        "path-is-absolute": "^1.0.0"
      }
    },
    "grpc": {
      "version": "1.20.0",
      "resolved": "https://registry.npmjs.org/grpc/-/grpc-1.20.0.tgz",
      "integrity": "sha512-HgYuJzRomkBlJAfC/78epuWzwMiByxgj4JsO6G6dHXXNfARTsUqpM/FmPSJJNFGvzCev0g6tn33CE7nWEmhDEg==",
      "requires": {
        "lodash.camelcase": "^4.3.0",
        "lodash.clone": "^4.5.0",
        "nan": "^2.0.0",
        "node-pre-gyp": "^0.12.0",
        "protobufjs": "^5.0.3"
      },
      "dependencies": {
        "abbrev": {
          "version": "1.1.1",
          "bundled": true
        },
        "ansi-regex": {
          "version": "2.1.1",
          "bundled": true
        },
        "aproba": {
          "version": "1.2.0",
          "bundled": true
        },
        "are-we-there-yet": {
          "version": "1.1.5",
          "bundled": true,
          "requires": {
            "delegates": "^1.0.0",
            "readable-stream": "^2.0.6"
          }
        },
        "balanced-match": {
          "version": "1.0.0",
          "bundled": true
        },
        "brace-expansion": {
          "version": "1.1.11",
          "bundled": true,
          "requires": {
            "balanced-match": "^1.0.0",
            "concat-map": "0.0.1"
          }
        },
        "chownr": {
          "version": "1.1.1",
          "bundled": true
        },
        "code-point-at": {
          "version": "1.1.0",
          "bundled": true
        },
        "concat-map": {
          "version": "0.0.1",
          "bundled": true
        },
        "console-control-strings": {
          "version": "1.1.0",
          "bundled": true
        },
        "core-util-is": {
          "version": "1.0.2",
          "bundled": true
        },
        "debug": {
          "version": "2.6.9",
          "bundled": true,
          "requires": {
            "ms": "2.0.0"
          }
        },
        "deep-extend": {
          "version": "0.6.0",
          "bundled": true
        },
        "delegates": {
          "version": "1.0.0",
          "bundled": true
        },
        "detect-libc": {
          "version": "1.0.3",
          "bundled": true
        },
        "fs-minipass": {
          "version": "1.2.5",
          "bundled": true,
          "requires": {
            "minipass": "^2.2.1"
          }
        },
        "fs.realpath": {
          "version": "1.0.0",
          "bundled": true
        },
        "gauge": {
          "version": "2.7.4",
          "bundled": true,
          "requires": {
            "aproba": "^1.0.3",
            "console-control-strings": "^1.0.0",
            "has-unicode": "^2.0.0",
            "object-assign": "^4.1.0",
            "signal-exit": "^3.0.0",
            "string-width": "^1.0.1",
            "strip-ansi": "^3.0.1",
            "wide-align": "^1.1.0"
          }
        },
        "glob": {
          "version": "7.1.2",
          "bundled": true,
          "requires": {
            "fs.realpath": "^1.0.0",
            "inflight": "^1.0.4",
            "inherits": "2",
            "minimatch": "^3.0.4",
            "once": "^1.3.0",
            "path-is-absolute": "^1.0.0"
          }
        },
        "has-unicode": {
          "version": "2.0.1",
          "bundled": true
        },
        "iconv-lite": {
          "version": "0.4.23",
          "bundled": true,
          "requires": {
            "safer-buffer": ">= 2.1.2 < 3"
          }
        },
        "ignore-walk": {
          "version": "3.0.1",
          "bundled": true,
          "requires": {
            "minimatch": "^3.0.4"
          }
        },
        "inflight": {
          "version": "1.0.6",
          "bundled": true,
          "requires": {
            "once": "^1.3.0",
            "wrappy": "1"
          }
        },
        "inherits": {
          "version": "2.0.3",
          "bundled": true
        },
        "ini": {
          "version": "1.3.5",
          "bundled": true
        },
        "is-fullwidth-code-point": {
          "version": "1.0.0",
          "bundled": true,
          "requires": {
            "number-is-nan": "^1.0.0"
          }
        },
        "isarray": {
          "version": "1.0.0",
          "bundled": true
        },
        "minimatch": {
          "version": "3.0.4",
          "bundled": true,
          "requires": {
            "brace-expansion": "^1.1.7"
          }
        },
        "minimist": {
          "version": "1.2.0",
          "bundled": true
        },
        "minipass": {
          "version": "2.3.5",
          "bundled": true,
          "requires": {
            "safe-buffer": "^5.1.2",
            "yallist": "^3.0.0"
          }
        },
        "minizlib": {
          "version": "1.1.1",
          "bundled": true,
          "requires": {
            "minipass": "^2.2.1"
          }
        },
        "mkdirp": {
          "version": "0.5.1",
          "bundled": true,
          "requires": {
            "minimist": "0.0.8"
          },
          "dependencies": {
            "minimist": {
              "version": "0.0.8",
              "bundled": true
            }
          }
        },
        "ms": {
          "version": "2.0.0",
          "bundled": true
        },
        "needle": {
          "version": "2.2.4",
          "bundled": true,
          "requires": {
            "debug": "^2.1.2",
            "iconv-lite": "^0.4.4",
            "sax": "^1.2.4"
          }
        },
        "node-pre-gyp": {
          "version": "0.12.0",
          "bundled": true,
          "requires": {
            "detect-libc": "^1.0.2",
            "mkdirp": "^0.5.1",
            "needle": "^2.2.1",
            "nopt": "^4.0.1",
            "npm-packlist": "^1.1.6",
            "npmlog": "^4.0.2",
            "rc": "^1.2.7",
            "rimraf": "^2.6.1",
            "semver": "^5.3.0",
            "tar": "^4"
          }
        },
        "nopt": {
          "version": "4.0.1",
          "bundled": true,
          "requires": {
            "abbrev": "1",
            "osenv": "^0.1.4"
          }
        },
        "npm-bundled": {
          "version": "1.0.5",
          "bundled": true
        },
        "npm-packlist": {
          "version": "1.1.12",
          "bundled": true,
          "requires": {
            "ignore-walk": "^3.0.1",
            "npm-bundled": "^1.0.1"
          }
        },
        "npmlog": {
          "version": "4.1.2",
          "bundled": true,
          "requires": {
            "are-we-there-yet": "~1.1.2",
            "console-control-strings": "~1.1.0",
            "gauge": "~2.7.3",
            "set-blocking": "~2.0.0"
          }
        },
        "number-is-nan": {
          "version": "1.0.1",
          "bundled": true
        },
        "object-assign": {
          "version": "4.1.1",
          "bundled": true
        },
        "once": {
          "version": "1.4.0",
          "bundled": true,
          "requires": {
            "wrappy": "1"
          }
        },
        "os-homedir": {
          "version": "1.0.2",
          "bundled": true
        },
        "os-tmpdir": {
          "version": "1.0.2",
          "bundled": true
        },
        "osenv": {
          "version": "0.1.5",
          "bundled": true,
          "requires": {
            "os-homedir": "^1.0.0",
            "os-tmpdir": "^1.0.0"
          }
        },
        "path-is-absolute": {
          "version": "1.0.1",
          "bundled": true
        },
        "process-nextick-args": {
          "version": "2.0.0",
          "bundled": true
        },
        "rc": {
          "version": "1.2.8",
          "bundled": true,
          "requires": {
            "deep-extend": "^0.6.0",
            "ini": "~1.3.0",
            "minimist": "^1.2.0",
            "strip-json-comments": "~2.0.1"
          }
        },
        "readable-stream": {
          "version": "2.3.6",
          "bundled": true,
          "requires": {
            "core-util-is": "~1.0.0",
            "inherits": "~2.0.3",
            "isarray": "~1.0.0",
            "process-nextick-args": "~2.0.0",
            "safe-buffer": "~5.1.1",
            "string_decoder": "~1.1.1",
            "util-deprecate": "~1.0.1"
          }
        },
        "rimraf": {
          "version": "2.6.2",
          "bundled": true,
          "requires": {
            "glob": "^7.0.5"
          }
        },
        "safe-buffer": {
          "version": "5.1.2",
          "bundled": true
        },
        "safer-buffer": {
          "version": "2.1.2",
          "bundled": true
        },
        "sax": {
          "version": "1.2.4",
          "bundled": true
        },
        "semver": {
          "version": "5.6.0",
          "bundled": true
        },
        "set-blocking": {
          "version": "2.0.0",
          "bundled": true
        },
        "signal-exit": {
          "version": "3.0.2",
          "bundled": true
        },
        "string-width": {
          "version": "1.0.2",
          "bundled": true,
          "requires": {
            "code-point-at": "^1.0.0",
            "is-fullwidth-code-point": "^1.0.0",
            "strip-ansi": "^3.0.0"
          }
        },
        "string_decoder": {
          "version": "1.1.1",
          "bundled": true,
          "requires": {
            "safe-buffer": "~5.1.0"
          }
        },
        "strip-ansi": {
          "version": "3.0.1",
          "bundled": true,
          "requires": {
            "ansi-regex": "^2.0.0"
          }
        },
        "strip-json-comments": {
          "version": "2.0.1",
          "bundled": true
        },
        "tar": {
          "version": "4.4.8",
          "bundled": true,
          "requires": {
            "chownr": "^1.1.1",
            "fs-minipass": "^1.2.5",
            "minipass": "^2.3.4",
            "minizlib": "^1.1.1",
            "mkdirp": "^0.5.0",
            "safe-buffer": "^5.1.2",
            "yallist": "^3.0.2"
          }
        },
        "util-deprecate": {
          "version": "1.0.2",
          "bundled": true
        },
        "wide-align": {
          "version": "1.1.3",
          "bundled": true,
          "requires": {
            "string-width": "^1.0.2 || 2"
          }
        },
        "wrappy": {
          "version": "1.0.2",
          "bundled": true
        },
        "yallist": {
          "version": "3.0.3",
          "bundled": true
        }
      }
    },
    "http-parser-js": {
      "version": "0.4.10",
      "resolved": "https://registry.npmjs.org/http-parser-js/-/http-parser-js-0.4.10.tgz",
      "integrity": "sha1-ksnBN0w1CF912zWexWzCV8u5P6Q="
    },
    "http-proxy": {
      "version": "1.18.0",
      "resolved": "https://registry.npmjs.org/http-proxy/-/http-proxy-1.18.0.tgz",
      "integrity": "sha512-84I2iJM/n1d4Hdgc6y2+qY5mDaz2PUVjlg9znE9byl+q0uC3DeByqBGReQu5tpLK0TAqTIXScRUV+dg7+bUPpQ==",
      "requires": {
        "eventemitter3": "^4.0.0",
        "follow-redirects": "^1.0.0",
        "requires-port": "^1.0.0"
      }
    },
    "https-proxy-agent": {
      "version": "3.0.0",
      "resolved": "https://registry.npmjs.org/https-proxy-agent/-/https-proxy-agent-3.0.0.tgz",
      "integrity": "sha512-y4jAxNEihqvBI5F3SaO2rtsjIOnnNA8sEbuiP+UhJZJHeM2NRm6c09ax2tgqme+SgUUvjao2fJXF4h3D6Cb2HQ==",
      "requires": {
        "agent-base": "^4.3.0",
        "debug": "^3.1.0"
      }
    },
    "iconv-lite": {
      "version": "0.4.24",
      "resolved": "https://registry.npmjs.org/iconv-lite/-/iconv-lite-0.4.24.tgz",
      "integrity": "sha512-v3MXnZAcvnywkTUEZomIActle7RXXeedOR31wwl7VlyoXO4Qi9arvSenNQWne1TcRwhCL1HwLI21bEqdpj8/rA==",
      "requires": {
        "safer-buffer": ">= 2.1.2 < 3"
      }
    },
    "idb": {
      "version": "3.0.2",
      "resolved": "https://registry.npmjs.org/idb/-/idb-3.0.2.tgz",
      "integrity": "sha512-+FLa/0sTXqyux0o6C+i2lOR0VoS60LU/jzUo5xjfY6+7sEEgy4Gz1O7yFBXvjd7N0NyIGWIRg8DcQSLEG+VSPw=="
    },
    "inflight": {
      "version": "1.0.6",
      "resolved": "https://registry.npmjs.org/inflight/-/inflight-1.0.6.tgz",
      "integrity": "sha1-Sb1jMdfQLQwJvJEKEHW6gWW1bfk=",
      "requires": {
        "once": "^1.3.0",
        "wrappy": "1"
      }
    },
    "inherits": {
      "version": "2.0.4",
      "resolved": "https://registry.npmjs.org/inherits/-/inherits-2.0.4.tgz",
      "integrity": "sha512-k/vGaX4/Yla3WzyMCvTQOXYeIHvqOKtnqBduzTHpzpQZzAskKMhZ2K+EnBiSM9zGSoIFeMpXKxa4dYeZIQqewQ=="
    },
    "invert-kv": {
      "version": "1.0.0",
      "resolved": "https://registry.npmjs.org/invert-kv/-/invert-kv-1.0.0.tgz",
      "integrity": "sha1-EEqOSqym09jNFXqO+L+rLXo//bY="
    },
    "is-fullwidth-code-point": {
      "version": "1.0.0",
      "resolved": "https://registry.npmjs.org/is-fullwidth-code-point/-/is-fullwidth-code-point-1.0.0.tgz",
      "integrity": "sha1-754xOG8DGn8NZDr4L95QxFfvAMs=",
      "requires": {
        "number-is-nan": "^1.0.0"
      }
    },
    "is-stream": {
      "version": "1.1.0",
      "resolved": "https://registry.npmjs.org/is-stream/-/is-stream-1.1.0.tgz",
      "integrity": "sha1-EtSj3U5o4Lec6428hBc66A2RykQ="
    },
    "isomorphic-fetch": {
      "version": "2.2.1",
      "resolved": "https://registry.npmjs.org/isomorphic-fetch/-/isomorphic-fetch-2.2.1.tgz",
      "integrity": "sha1-YRrhrPFPXoH3KVB0coGf6XM1WKk=",
      "requires": {
        "node-fetch": "^1.0.1",
        "whatwg-fetch": ">=0.10.0"
      }
    },
    "lcid": {
      "version": "1.0.0",
      "resolved": "https://registry.npmjs.org/lcid/-/lcid-1.0.0.tgz",
      "integrity": "sha1-MIrMr6C8SDo4Z7S28rlQYlHRuDU=",
      "requires": {
        "invert-kv": "^1.0.0"
      }
    },
    "lodash.camelcase": {
      "version": "4.3.0",
      "resolved": "https://registry.npmjs.org/lodash.camelcase/-/lodash.camelcase-4.3.0.tgz",
      "integrity": "sha1-soqmKIorn8ZRA1x3EfZathkDMaY="
    },
    "lodash.clone": {
      "version": "4.5.0",
      "resolved": "https://registry.npmjs.org/lodash.clone/-/lodash.clone-4.5.0.tgz",
      "integrity": "sha1-GVhwRQ9aExkkeN9Lw9I9LeoZB7Y="
    },
    "long": {
      "version": "3.2.0",
      "resolved": "https://registry.npmjs.org/long/-/long-3.2.0.tgz",
      "integrity": "sha1-2CG3E4yhy1gcFymQ7xTbIAtcR0s="
    },
    "lru_map": {
      "version": "0.3.3",
      "resolved": "https://registry.npmjs.org/lru_map/-/lru_map-0.3.3.tgz",
      "integrity": "sha1-tcg1G5Rky9dQM1p5ZQoOwOVhGN0="
    },
    "minimatch": {
      "version": "3.0.4",
      "resolved": "https://registry.npmjs.org/minimatch/-/minimatch-3.0.4.tgz",
      "integrity": "sha512-yJHVQEhyqPLUTgt9B83PXu6W3rx4MvvHvSUvToogpwoGDOUQ+yDrR0HRot+yOCdCO7u4hX3pWft6kWBBcqh0UA==",
      "requires": {
        "brace-expansion": "^1.1.7"
      }
    },
    "minimist": {
      "version": "0.0.8",
      "resolved": "https://registry.npmjs.org/minimist/-/minimist-0.0.8.tgz",
      "integrity": "sha1-hX/Kv8M5fSYluCKCYuhqp6ARsF0=",
      "dev": true
    },
    "mkdirp": {
      "version": "0.5.1",
      "resolved": "https://registry.npmjs.org/mkdirp/-/mkdirp-0.5.1.tgz",
      "integrity": "sha1-MAV0OOrGz3+MR2fzhkjWaX11yQM=",
      "dev": true,
      "requires": {
        "minimist": "0.0.8"
      }
    },
    "ms": {
      "version": "2.1.2",
      "resolved": "https://registry.npmjs.org/ms/-/ms-2.1.2.tgz",
      "integrity": "sha512-sGkPx+VjMtmA6MX27oA4FBFELFCZZ4S4XqeGOXCv68tT+jb3vk/RyaKWP0PTKyWtmLSM0b+adUTEvbs1PEaH2w=="
    },
    "nan": {
      "version": "2.14.0",
      "resolved": "https://registry.npmjs.org/nan/-/nan-2.14.0.tgz",
      "integrity": "sha512-INOFj37C7k3AfaNTtX8RhsTw7qRy7eLET14cROi9+5HAVbbHuIWUHEauBv5qT4Av2tWasiTY1Jw6puUNqRJXQg=="
    },
    "node-fetch": {
      "version": "1.7.3",
      "resolved": "https://registry.npmjs.org/node-fetch/-/node-fetch-1.7.3.tgz",
      "integrity": "sha512-NhZ4CsKx7cYm2vSrBAr2PvFOe6sWDf0UYLRqA6svUYg7+/TSfVAu49jYC4BvQ4Sms9SZgdqGBgroqfDhJdTyKQ==",
      "requires": {
        "encoding": "^0.1.11",
        "is-stream": "^1.0.1"
      }
    },
    "now-env": {
      "version": "3.2.0",
      "resolved": "https://registry.npmjs.org/now-env/-/now-env-3.2.0.tgz",
      "integrity": "sha512-zCWAwdX1KTa2ZoEg6Rc8efym5V4I36sC52OXo9F3O4IaNrvd/o1z7ZjuwnevoQqLloIdQWHo3JYAcL12m+KsUQ=="
    },
    "number-is-nan": {
      "version": "1.0.1",
      "resolved": "https://registry.npmjs.org/number-is-nan/-/number-is-nan-1.0.1.tgz",
      "integrity": "sha1-CXtgK1NCKlIsGvuHkDGDNpQaAR0="
    },
    "once": {
      "version": "1.4.0",
      "resolved": "https://registry.npmjs.org/once/-/once-1.4.0.tgz",
      "integrity": "sha1-WDsap3WWHUsROsF9nFC6753Xa9E=",
      "requires": {
        "wrappy": "1"
      }
    },
    "optjs": {
      "version": "3.2.2",
      "resolved": "https://registry.npmjs.org/optjs/-/optjs-3.2.2.tgz",
      "integrity": "sha1-aabOicRCpEQDFBrS+bNwvVu29O4="
    },
    "os-locale": {
      "version": "1.4.0",
      "resolved": "https://registry.npmjs.org/os-locale/-/os-locale-1.4.0.tgz",
      "integrity": "sha1-IPnxeuKe00XoveWDsT0gCYA8FNk=",
      "requires": {
        "lcid": "^1.0.0"
      }
    },
    "path-is-absolute": {
      "version": "1.0.1",
      "resolved": "https://registry.npmjs.org/path-is-absolute/-/path-is-absolute-1.0.1.tgz",
      "integrity": "sha1-F0uSaHNVNP+8es5r9TpanhtcX18="
    },
    "progress": {
      "version": "2.0.0",
      "resolved": "https://registry.npmjs.org/progress/-/progress-2.0.0.tgz",
      "integrity": "sha1-ihvjZr+Pwj2yvSPxDG/pILQ4nR8=",
      "dev": true
    },
    "promise-polyfill": {
      "version": "8.1.0",
      "resolved": "https://registry.npmjs.org/promise-polyfill/-/promise-polyfill-8.1.0.tgz",
      "integrity": "sha512-OzSf6gcCUQ01byV4BgwyUCswlaQQ6gzXc23aLQWhicvfX9kfsUiUhgt3CCQej8jDnl8/PhGF31JdHX2/MzF3WA=="
    },
    "protobufjs": {
      "version": "5.0.3",
      "resolved": "https://registry.npmjs.org/protobufjs/-/protobufjs-5.0.3.tgz",
      "integrity": "sha512-55Kcx1MhPZX0zTbVosMQEO5R6/rikNXd9b6RQK4KSPcrSIIwoXTtebIczUrXlwaSrbz4x8XUVThGPob1n8I4QA==",
      "requires": {
        "ascli": "~1",
        "bytebuffer": "~5",
        "glob": "^7.0.5",
        "yargs": "^3.10.0"
      }
    },
    "proxy-from-env": {
      "version": "1.0.0",
      "resolved": "https://registry.npmjs.org/proxy-from-env/-/proxy-from-env-1.0.0.tgz",
      "integrity": "sha1-M8UDmPcOp+uW0h97gXYwpVeRx+4=",
      "dev": true
    },
    "requires-port": {
      "version": "1.0.0",
      "resolved": "https://registry.npmjs.org/requires-port/-/requires-port-1.0.0.tgz",
      "integrity": "sha1-kl0mAdOaxIXgkc8NpcbmlNw9yv8="
    },
    "safe-buffer": {
      "version": "5.2.0",
      "resolved": "https://registry.npmjs.org/safe-buffer/-/safe-buffer-5.2.0.tgz",
      "integrity": "sha512-fZEwUGbVl7kouZs1jCdMLdt95hdIv0ZeHg6L7qPeciMZhZ+/gdesW4wgTARkrFWEpspjEATAzUGPG8N2jJiwbg=="
    },
    "safer-buffer": {
      "version": "2.1.2",
      "resolved": "https://registry.npmjs.org/safer-buffer/-/safer-buffer-2.1.2.tgz",
      "integrity": "sha512-YZo3K82SD7Riyi0E1EQPojLz7kpepnSQI9IyPbHHg1XXXevb5dJI7tpyN2ADxGcQbHG7vcyRHk0cbwqcQriUtg=="
    },
    "slack": {
      "version": "11.0.2",
      "resolved": "https://registry.npmjs.org/slack/-/slack-11.0.2.tgz",
      "integrity": "sha512-rv842+S+AGyZCmMMd8xPtW5DvJ9LzWTAKfxi8Gw57oYlXgcKtFuHd4nqk6lTPpRKdUGn3tx/Drd0rjQR3dQPqw==",
      "requires": {
        "tiny-json-http": "^7.0.2"
      }
    },
    "string-width": {
      "version": "1.0.2",
      "resolved": "https://registry.npmjs.org/string-width/-/string-width-1.0.2.tgz",
      "integrity": "sha1-EYvfW4zcUaKn5w0hHgfisLmxB9M=",
      "requires": {
        "code-point-at": "^1.0.0",
        "is-fullwidth-code-point": "^1.0.0",
        "strip-ansi": "^3.0.0"
      }
    },
    "strip-ansi": {
      "version": "3.0.1",
      "resolved": "https://registry.npmjs.org/strip-ansi/-/strip-ansi-3.0.1.tgz",
      "integrity": "sha1-ajhfuIU9lS1f8F0Oiq+UJ43GPc8=",
      "requires": {
        "ansi-regex": "^2.0.0"
      }
    },
    "tiny-json-http": {
      "version": "7.1.2",
      "resolved": "https://registry.npmjs.org/tiny-json-http/-/tiny-json-http-7.1.2.tgz",
      "integrity": "sha512-XB9Bu+ohdQso6ziPFNVqK+pcTt0l8BSRkW/CCBq0pUVlLxcYDsorpo7ae5yPhu2CF1xYgJuKVLF7cfOGeLCTlA=="
    },
    "tslib": {
      "version": "1.9.3",
      "resolved": "https://registry.npmjs.org/tslib/-/tslib-1.9.3.tgz",
      "integrity": "sha512-4krF8scpejhaOgqzBEcGM7yDIEfi0/8+8zDRZhNZZ2kjmHJ4hv3zCbQWxoJGz1iw5U0Jl0nma13xzHXcncMavQ=="
    },
    "typescript": {
      "version": "3.6.4",
      "resolved": "https://registry.npmjs.org/typescript/-/typescript-3.6.4.tgz",
      "integrity": "sha512-unoCll1+l+YK4i4F8f22TaNVPRHcD9PA3yCuZ8g5e0qGqlVlJ/8FSateOLLSagn+Yg5+ZwuPkL8LFUc0Jcvksg=="
    },
    "uuid": {
      "version": "3.3.3",
      "resolved": "https://registry.npmjs.org/uuid/-/uuid-3.3.3.tgz",
      "integrity": "sha512-pW0No1RGHgzlpHJO1nsVrHKpOEIxkGg1xB+v0ZmdNH5OAeAwzAVrCnI2/6Mtx+Uys6iaylxa+D3g4j63IKKjSQ=="
    },
    "websocket-driver": {
      "version": "0.7.3",
      "resolved": "https://registry.npmjs.org/websocket-driver/-/websocket-driver-0.7.3.tgz",
      "integrity": "sha512-bpxWlvbbB459Mlipc5GBzzZwhoZgGEZLuqPaR0INBGnPAY1vdBX6hPnoFXiw+3yWxDuHyQjO2oXTMyS8A5haFg==",
      "requires": {
        "http-parser-js": ">=0.4.0 <0.4.11",
        "safe-buffer": ">=5.1.0",
        "websocket-extensions": ">=0.1.1"
      }
    },
    "websocket-extensions": {
      "version": "0.1.3",
      "resolved": "https://registry.npmjs.org/websocket-extensions/-/websocket-extensions-0.1.3.tgz",
      "integrity": "sha512-nqHUnMXmBzT0w570r2JpJxfiSD1IzoI+HGVdd3aZ0yNi3ngvQ4jv1dtHt5VGxfI2yj5yqImPhOK4vmIh2xMbGg=="
    },
    "whatwg-fetch": {
      "version": "3.0.0",
      "resolved": "https://registry.npmjs.org/whatwg-fetch/-/whatwg-fetch-3.0.0.tgz",
      "integrity": "sha512-9GSJUgz1D4MfyKU7KRqwOjXCXTqWdFNvEr7eUBYchQiVc744mqK/MzXPNR2WsPkmkOa4ywfg8C2n8h+13Bey1Q=="
    },
    "window-size": {
      "version": "0.1.4",
      "resolved": "https://registry.npmjs.org/window-size/-/window-size-0.1.4.tgz",
      "integrity": "sha1-+OGqHuWlPsW/FR/6CXQqatdpeHY="
    },
    "wrap-ansi": {
      "version": "2.1.0",
      "resolved": "https://registry.npmjs.org/wrap-ansi/-/wrap-ansi-2.1.0.tgz",
      "integrity": "sha1-2Pw9KE3QV5T+hJc8rs3Rz4JP3YU=",
      "requires": {
        "string-width": "^1.0.1",
        "strip-ansi": "^3.0.1"
      }
    },
    "wrappy": {
      "version": "1.0.2",
      "resolved": "https://registry.npmjs.org/wrappy/-/wrappy-1.0.2.tgz",
      "integrity": "sha1-tSQ9jz7BqjXxNkYFvA0QNuMKtp8="
    },
    "xmlhttprequest": {
      "version": "1.8.0",
      "resolved": "https://registry.npmjs.org/xmlhttprequest/-/xmlhttprequest-1.8.0.tgz",
      "integrity": "sha1-Z/4HXFwk/vOfnWX197f+dRcZaPw="
    },
    "y18n": {
      "version": "3.2.1",
      "resolved": "https://registry.npmjs.org/y18n/-/y18n-3.2.1.tgz",
      "integrity": "sha1-bRX7qITAhnnA136I53WegR4H+kE="
    },
    "yargs": {
      "version": "3.32.0",
      "resolved": "https://registry.npmjs.org/yargs/-/yargs-3.32.0.tgz",
      "integrity": "sha1-AwiOnr+edWtpdRYR0qXvWRSCyZU=",
      "requires": {
        "camelcase": "^2.0.1",
        "cliui": "^3.0.3",
        "decamelize": "^1.1.1",
        "os-locale": "^1.4.0",
        "string-width": "^1.0.1",
        "window-size": "^0.1.4",
        "y18n": "^3.2.0"
      }
    }
  }
}
