# THIS IS AN AUTOGENERATED FILE. DO NOT EDIT THIS FILE DIRECTLY.
# yarn lockfile v1


"@firebase/ai@2.16.0":
  version "2.16.0"
  resolved "https://registry.yarnpkg.com/@firebase/ai/-/ai-2.16.0.tgz#2e06e8861b6b23329a3a995aec892a70a3bc73e3"
  integrity sha512-WRVxl58B61Orwf7st7949ZIW2L4huV80Gpaum1z8v2eH+m2xaxWtC8mOjQyVAOirr6O/yf89cBjlPvoyBpBfTg==
  dependencies:
    "@firebase/app-check-interop-types" "0.3.5"
    "@firebase/component" "0.7.5"
    "@firebase/logger" "0.5.2"
    "@firebase/util" "1.15.3"
    tslib "^2.1.0"

"@firebase/analytics-compat@0.2.31":
  version "0.2.31"
  resolved "https://registry.yarnpkg.com/@firebase/analytics-compat/-/analytics-compat-0.2.31.tgz#ab6096c511b8edb051dc9f9e65316f2762885839"
  integrity sha512-msTlG9REujk5rjtOHNLngiuPmvaWGQte8ugL4/F6ZCMb+92Ue7SgjSEpNxINkM8ZtTrbGS83j5SZkt0r+M1Tjw==
  dependencies:
    "@firebase/analytics" "0.10.25"
    "@firebase/analytics-types" "0.8.5"
    "@firebase/component" "0.7.5"
    "@firebase/util" "1.15.3"
    tslib "^2.1.0"

"@firebase/analytics-types@0.8.5":
  version "0.8.5"
  resolved "https://registry.yarnpkg.com/@firebase/analytics-types/-/analytics-types-0.8.5.tgz#52717f737bc42323868176d5d5908cff3a9f1222"
  integrity sha512-kdnooE7Bis2jEnsqcerRwn/UQpH5D3uvHpku7OdUM9TJN3omlu6iYtbyAQ6XkAJRgJtO0aNf9OOkW8J6D59oCA==

"@firebase/analytics@0.10.25":
  version "0.10.25"
  resolved "https://registry.yarnpkg.com/@firebase/analytics/-/analytics-0.10.25.tgz#03a816e7b913703108384f28a6f3a9b4f9fd44de"
  integrity sha512-oDagV3PHeNXBdxemksZCdj+GmUT19eCnTOcLdQePIIovFXlm3zWy3Gjeaokt9Nqx24kc4ljK8lU0XGcGmmKZ1A==
  dependencies:
    "@firebase/component" "0.7.5"
    "@firebase/installations" "0.6.24"
    "@firebase/logger" "0.5.2"
    "@firebase/util" "1.15.3"
    tslib "^2.1.0"

"@firebase/app-check-compat@0.4.7":
  version "0.4.7"
  resolved "https://registry.yarnpkg.com/@firebase/app-check-compat/-/app-check-compat-0.4.7.tgz#5358fb2e3444e09b029c924ef5da80d98939da6c"
  integrity sha512-fBb/xSMyIKv1nDmccfzz3IAGBzx/cQOxmZai66rJzifb1hMMkztf824Xx7LhpTUe7HNUbXwY90IvJ66fi8q6yg==
  dependencies:
    "@firebase/app-check" "0.13.1"
    "@firebase/app-check-types" "0.5.5"
    "@firebase/component" "0.7.5"
    "@firebase/logger" "0.5.2"
    "@firebase/util" "1.15.3"
    tslib "^2.1.0"

"@firebase/app-check-interop-types@0.3.5":
  version "0.3.5"
  resolved "https://registry.yarnpkg.com/@firebase/app-check-interop-types/-/app-check-interop-types-0.3.5.tgz#b017c5181c8a890c8b8b97981279777c7cabddd2"
  integrity sha512-qId34pVZ2CXTmtu4ofW5leiI93DvnOvIcr/5GT7MZPw5WXAi6nZoU+g9cNRgl7K90UJSbK0cXxten4meYMPyZg==

"@firebase/app-check-types@0.5.5":
  version "0.5.5"
  resolved "https://registry.yarnpkg.com/@firebase/app-check-types/-/app-check-types-0.5.5.tgz#e7fabc29e60187f6c9fac0586b1f1807795e2758"
  integrity sha512-+DF4gzFrlwGFyky38o4T/YN/r51l70yCtJ2HTkwmRj8FCMwPjm4hLH4fQbj6BUvzkiFqliBkitFsRpf1/YZkWA==

"@firebase/app-check@0.13.1":
  version "0.13.1"
  resolved "https://registry.yarnpkg.com/@firebase/app-check/-/app-check-0.13.1.tgz#297720a1b8dfdbf29bc025b5508eb3cc8760f770"
  integrity sha512-l8y3dmnhodXks/APAwx4tWqRl3tk8b9874KF1FJyKg1DIU+kMD0l52iz7S9/MW+eK8k6cjJg0G0iJ5KQAsQpow==
  dependencies:
    "@firebase/component" "0.7.5"
    "@firebase/logger" "0.5.2"
    "@firebase/util" "1.15.3"
    tslib "^2.1.0"

"@firebase/app-compat@0.5.18":
  version "0.5.18"
  resolved "https://registry.yarnpkg.com/@firebase/app-compat/-/app-compat-0.5.18.tgz#a04aeb47a9c8a367bc639e0d22e3202a378dcf6f"
  integrity sha512-77H57WuGEsgrv59HdtuhHG+eQdP8di6myz7O93yW6yTZlR/tLSmsCxCq5vHp6AWWDwSV0EVtKUvizXQiQZVBWA==
  dependencies:
    "@firebase/app" "0.16.2"
    "@firebase/component" "0.7.5"
    "@firebase/logger" "0.5.2"
    "@firebase/util" "1.15.3"
    tslib "^2.1.0"

"@firebase/app-types@0.9.6":
  version "0.9.6"
  resolved "https://registry.yarnpkg.com/@firebase/app-types/-/app-types-0.9.6.tgz#22fd1a59bd2c2888ffb569139132f14b4f1bfe50"
  integrity sha512-yPLahy7Esfu2w/yme3msVK4xTkDXQqq6szfQn8yVOQpCKiT5GVFjqNpLbuz6NkX0WuTwUidkmPewW3r4xkvpeg==
  dependencies:
    "@firebase/logger" "0.5.2"

"@firebase/app@0.16.2":
  version "0.16.2"
  resolved "https://registry.yarnpkg.com/@firebase/app/-/app-0.16.2.tgz#0466614f627fb42739bce4cd832f8a00b60485fd"
  integrity sha512-fyCLPahl3r0Zb7Wzm+JLWcOOH3SaDgAyJzJ8EWIDiv51aNiv+2Pjbpa6myEuP7iXxjmJqrcbVm0GUF7h229T1Q==
  dependencies:
    "@firebase/component" "0.7.5"
    "@firebase/logger" "0.5.2"
    "@firebase/util" "1.15.3"
    idb "7.1.1"
    tslib "^2.1.0"

"@firebase/auth-compat@0.6.11":
  version "0.6.11"
  resolved "https://registry.yarnpkg.com/@firebase/auth-compat/-/auth-compat-0.6.11.tgz#2b4494b7871e86aa90b9314afbfe1bb41d43ef39"
  integrity sha512-L+xp3DTJQrBV08Vt0UhcL/ofUOSjXom7JOJfbT6oas4o7gCrQnTYFKs8wfiuKLmHoo8BxMr5LdgjAs7o6aAsqQ==
  dependencies:
    "@firebase/auth" "1.13.6"
    "@firebase/auth-types" "0.13.2"
    "@firebase/component" "0.7.5"
    "@firebase/util" "1.15.3"
    tslib "^2.1.0"

"@firebase/auth-interop-types@0.2.6":
  version "0.2.6"
  resolved "https://registry.yarnpkg.com/@firebase/auth-interop-types/-/auth-interop-types-0.2.6.tgz#6754d1ee8f1c5976d37849ff09d9e0b681dabb08"
  integrity sha512-FgwZqDrBqgK0BHI70QTv1v/5wmuDF9f8fsJFvKSxoRlK2PPfSQtZAk2jhXu4pe9BZzFi/e4UYusU/bEQHdf6Qg==

"@firebase/auth-types@0.13.2":
  version "0.13.2"
  resolved "https://registry.yarnpkg.com/@firebase/auth-types/-/auth-types-0.13.2.tgz#9dbf431cf1dd0302da36592e8c744b878101ad02"
  integrity sha512-OU+miuoSxIWYN7GT291d2ylVJBL3k/OePo7/JDSoQtkFQoEiGBc4AHuMjj/seqFIsHrqnjrAfRCk4pfufoJolQ==

"@firebase/auth@1.13.6":
  version "1.13.6"
  resolved "https://registry.yarnpkg.com/@firebase/auth/-/auth-1.13.6.tgz#bfa69319d7b7922af32959a6854c3e139b65646a"
  integrity sha512-MKRLvF72HJ/irNn2fJR0Gv5FOZNtqv1IBeJHRwK8l8pZ/wi9vuUw8ecyCMvQDDNxfS6uW0MWACL5KC4Y8Pp+fA==
  dependencies:
    "@firebase/component" "0.7.5"
    "@firebase/logger" "0.5.2"
    "@firebase/util" "1.15.3"
    tslib "^2.1.0"

"@firebase/component@0.7.5":
  version "0.7.5"
  resolved "https://registry.yarnpkg.com/@firebase/component/-/component-0.7.5.tgz#07c90c38f7c227df469278664e50b375a3c9f371"
  integrity sha512-vuFDcL91Q+2ZuBJkyOh86T4q0B4ffNTDjc/A38tybO56odQABxRTFLTIowCWqAKeIcgo37GowWMVgFF73gD8Qw==
  dependencies:
    "@firebase/util" "1.15.3"
    tslib "^2.1.0"

"@firebase/data-connect@0.7.4":
  version "0.7.4"
  resolved "https://registry.yarnpkg.com/@firebase/data-connect/-/data-connect-0.7.4.tgz#4a5b3f32ee922a07b07c6645eb47607005cc7e02"
  integrity sha512-su1aGWlzhxb+xtggCUSsufJn1FDa06SBDK71y+fpQ+g2zMhMExik6FUv/odkKzOF/xfWVjabCbWBcjJY3MceDA==
  dependencies:
    "@firebase/auth-interop-types" "0.2.6"
    "@firebase/component" "0.7.5"
    "@firebase/logger" "0.5.2"
    "@firebase/util" "1.15.3"
    tslib "^2.1.0"

"@firebase/database-compat@2.1.7":
  version "2.1.7"
  resolved "https://registry.yarnpkg.com/@firebase/database-compat/-/database-compat-2.1.7.tgz#ef4bdae0a368cfa4b7fa48599223bbdfba4386fc"
  integrity sha512-lBq9sJm8MnJINKJnkAKSOj2MbC66xGoSVCcGkPtstl+lkoKEBtD46qHLbuDgW/WbLPoKVm17RIN8BxHj+Z2F2w==
  dependencies:
    "@firebase/component" "0.7.5"
    "@firebase/database" "1.1.5"
    "@firebase/database-types" "1.0.22"
    "@firebase/logger" "0.5.2"
    "@firebase/util" "1.15.3"
    tslib "^2.1.0"

"@firebase/database-types@1.0.22":
  version "1.0.22"
  resolved "https://registry.yarnpkg.com/@firebase/database-types/-/database-types-1.0.22.tgz#191314740bff07a90df09254aaab61638e15564b"
  integrity sha512-YAZNXsjY9EQQ+pKw/3ax8n5FgolHC7Qew7EY5RceYdl0R2ZP+kCv1O0DkKlcceue8uQCOreHCNN7PWVFpY1Nug==
  dependencies:
    "@firebase/app-types" "0.9.6"
    "@firebase/util" "1.15.3"

"@firebase/database@1.1.5":
  version "1.1.5"
  resolved "https://registry.yarnpkg.com/@firebase/database/-/database-1.1.5.tgz#84984ee38dd1640ef211380b8373e910cb9ceb34"
  integrity sha512-/JGpvszLoNXNgzilRXocigGfFF4hbcPA9wN1i1kjJx6oKkXgkHteZYl3lQs1lJX3ETDf6bv7zI15lPMVUp4sAQ==
  dependencies:
    "@firebase/app-check-interop-types" "0.3.5"
    "@firebase/auth-interop-types" "0.2.6"
    "@firebase/component" "0.7.5"
    "@firebase/logger" "0.5.2"
    "@firebase/util" "1.15.3"
    faye-websocket "0.11.4"
    tslib "^2.1.0"

"@firebase/firestore-compat@0.4.14":
  version "0.4.14"
  resolved "https://registry.yarnpkg.com/@firebase/firestore-compat/-/firestore-compat-0.4.14.tgz#7f4b42fbc923c2a6e7dd1d48791380a7f4db7dfa"
  integrity sha512-HJ2HBNgNPrRsWIJ4E+Kc0u0h1U7HlF7If8AtYjie9HZXlMUmwYSJaXBj9VFm6gkSj5dlKZNcOQ0Ou25CVVG6rA==
  dependencies:
    "@firebase/component" "0.7.5"
    "@firebase/firestore" "4.17.2"
    "@firebase/firestore-types" "3.0.5"
    "@firebase/util" "1.15.3"
    tslib "^2.1.0"

"@firebase/firestore-types@3.0.5":
  version "3.0.5"
  resolved "https://registry.yarnpkg.com/@firebase/firestore-types/-/firestore-types-3.0.5.tgz#bcec2047e246e31f6af475feb7e1cda6f413416b"
  integrity sha512-dbdMAQkMd5dwWc48eupz/Y6/E9ruat3+gY5lhVKscvvT/HnDBEEMzJW38zdKhgdnglZHGk2vUsJMOHAphMHGMA==

"@firebase/firestore@4.17.2":
  version "4.17.2"
  resolved "https://registry.yarnpkg.com/@firebase/firestore/-/firestore-4.17.2.tgz#02f571b31cc58833d434197ec0a7ddc4ec8e5b38"
  integrity sha512-SiyQEK1dYPOjItFVA+kZGdvOoRAtMebDBvUaSxJPNZMkKcRwYYK2kzWo5UXTZZj523uMxJnkr+KKVySEMme3kQ==
  dependencies:
    "@firebase/component" "0.7.5"
    "@firebase/logger" "0.5.2"
    "@firebase/util" "1.15.3"
    "@firebase/webchannel-wrapper" "1.0.7"
    "@grpc/grpc-js" "~1.9.0"
    "@grpc/proto-loader" "^0.7.8"
    re2js "^2.8.3"
    tslib "^2.1.0"

"@firebase/functions-compat@0.5.0":
  version "0.5.0"
  resolved "https://registry.yarnpkg.com/@firebase/functions-compat/-/functions-compat-0.5.0.tgz#765885e563e748afe397999ef49bb2a6f2013099"
  integrity sha512-T3BDIToESZUHt7438wyKYMkRjKg3m1xAIux5fVpNvTRQlDOFLukWniQWBDhJ2znpU9kxMTR6+e31TVo8P15PZw==
  dependencies:
    "@firebase/component" "0.7.5"
    "@firebase/functions" "0.14.0"
    "@firebase/functions-types" "0.6.5"
    "@firebase/util" "1.15.3"
    tslib "^2.1.0"

"@firebase/functions-types@0.6.5":
  version "0.6.5"
  resolved "https://registry.yarnpkg.com/@firebase/functions-types/-/functions-types-0.6.5.tgz#bfbc7e385ec448465043e8d748d971a3be0b3e1d"
  integrity sha512-Zc0pURjthHXzSj54ZivCkzKDSV1r/wIpnmHdhq82q2yFFPVoncG/ZJjnVMiANvQfeww/QnElhzODpfwUucVwdA==

"@firebase/functions@0.14.0":
  version "0.14.0"
  resolved "https://registry.yarnpkg.com/@firebase/functions/-/functions-0.14.0.tgz#2e96bb04edbfedb8eba25c29ba6d354ea0aece88"
  integrity sha512-DhuYFr0eMhp+s/PNEk6SiMsYkc00+XVOUeKbrl8MOzQNZI3SKQpqoDR1d+keNDAutwmHRWTUAdXBoVPD+xxVUw==
  dependencies:
    "@firebase/app-check-interop-types" "0.3.5"
    "@firebase/auth-interop-types" "0.2.6"
    "@firebase/component" "0.7.5"
    "@firebase/messaging-interop-types" "0.2.6"
    "@firebase/util" "1.15.3"
    tslib "^2.1.0"

"@firebase/installations-compat@0.2.24":
  version "0.2.24"
  resolved "https://registry.yarnpkg.com/@firebase/installations-compat/-/installations-compat-0.2.24.tgz#f7073cd7123b47152292430954e6614867fb60e1"
  integrity sha512-8M5nlcWwYt881x83COP2odq5vgf+NgwJh+RMd4LRSv8JI1pxwDfgrDJOERrjTgfC9J5Z0vnQX4b1pdN914e0Zw==
  dependencies:
    "@firebase/component" "0.7.5"
    "@firebase/installations" "0.6.24"
    "@firebase/installations-types" "0.5.5"
    "@firebase/util" "1.15.3"
    tslib "^2.1.0"

"@firebase/installations-types@0.5.5":
  version "0.5.5"
  resolved "https://registry.yarnpkg.com/@firebase/installations-types/-/installations-types-0.5.5.tgz#92738c67b72aec95b1216d625f7904907a3c5d91"
  integrity sha512-e9UYcju3puDl1vdrcKIi5dExzHLameOT/Tc61Q48PYwxtsM1NzZh/ikGbdBQTsbRgg0EMZqdPr0/m5ODUBobrg==

"@firebase/installations@0.6.24":
  version "0.6.24"
  resolved "https://registry.yarnpkg.com/@firebase/installations/-/installations-0.6.24.tgz#790ac5cae6ef83541b19a71bf14e1047c1b1af7a"
  integrity sha512-Ui52ey8wHoWqkBbXRKJEKYWylI0JZogZmoLS+o8Anh1bxWtK27ZYjLla1UJAAdC5DCKLJ2qAp0VpJOjg8VOX1g==
  dependencies:
    "@firebase/component" "0.7.5"
    "@firebase/util" "1.15.3"
    idb "7.1.1"
    tslib "^2.1.0"

"@firebase/logger@0.5.2":
  version "0.5.2"
  resolved "https://registry.yarnpkg.com/@firebase/logger/-/logger-0.5.2.tgz#27053c3c80897cb134f39242f50e34f5d0b1cbf4"
  integrity sha512-J2VO4NFTc0xQFrxV1B/lm5balicm9cwuX2acR9Yn41fN8KgUeQFo+VJV222IqW2FPSXKDu9uo5WdQFWf9TPbYg==
  dependencies:
    tslib "^2.1.0"

"@firebase/messaging-compat@0.2.30":
  version "0.2.30"
  resolved "https://registry.yarnpkg.com/@firebase/messaging-compat/-/messaging-compat-0.2.30.tgz#a1d51d5143fb9edb44f828b7f9eb227d58b77309"
  integrity sha512-m1DPT2ET5x0qYqXLoHwKMAyf1mgZZOhuoE6H6/H4OPsp8zSxMIDEFPaW7MaffPJsCA5J7kHzo+BHVNXK4ZoV+w==
  dependencies:
    "@firebase/component" "0.7.5"
    "@firebase/messaging" "0.13.3"
    "@firebase/util" "1.15.3"
    tslib "^2.1.0"

"@firebase/messaging-interop-types@0.2.6":
  version "0.2.6"
  resolved "https://registry.yarnpkg.com/@firebase/messaging-interop-types/-/messaging-interop-types-0.2.6.tgz#c98f1658467749b8a31e4069bf67b1e7b949c68f"
  integrity sha512-MVzvkKe2V4H2dHu5oOxRfeKQcfTwWmCgnzsC4V1q3ixun5iiL8riCZ2qI35rDhCL4glPGiu0jHxDbpVNuTKfow==

"@firebase/messaging@0.13.3":
  version "0.13.3"
  resolved "https://registry.yarnpkg.com/@firebase/messaging/-/messaging-0.13.3.tgz#725142b6fd3f0fe6405526d6e020fe04b744a83d"
  integrity sha512-nRXPAp+z0kA3KziJtRY9kktHECvRwaaONzHvislFgllhCwJMscW7icWNQA5IjyP8Uc2+GS/4px8Uz6rx6ftTag==
  dependencies:
    "@firebase/component" "0.7.5"
    "@firebase/installations" "0.6.24"
    "@firebase/messaging-interop-types" "0.2.6"
    "@firebase/util" "1.15.3"
    idb "7.1.1"
    tslib "^2.1.0"

"@firebase/performance-compat@0.2.27":
  version "0.2.27"
  resolved "https://registry.yarnpkg.com/@firebase/performance-compat/-/performance-compat-0.2.27.tgz#e8fdc5749eac6728f66b92a32da362faa46886b5"
  integrity sha512-O/ozTf/EbChN94Pk7bd1eUC0PAC36726AwsaiJyC0bZzSBWfLGSWASGPH5pebUWXQPJtGxIJYRkkbX5l0Qa+Hw==
  dependencies:
    "@firebase/component" "0.7.5"
    "@firebase/logger" "0.5.2"
    "@firebase/performance" "0.7.14"
    "@firebase/performance-types" "0.2.5"
    "@firebase/util" "1.15.3"
    tslib "^2.1.0"

"@firebase/performance-types@0.2.5":
  version "0.2.5"
  resolved "https://registry.yarnpkg.com/@firebase/performance-types/-/performance-types-0.2.5.tgz#8b43ddc73a072b5c78c14d593cc3351b67c26c5e"
  integrity sha512-PRzOgB+/M+6AKlEkY8a9xy5Ff5SfZPIh4iShXhn2WAcL/euSbK7bdLqWysHduunNJhGFsXa22Ag3ixqL6rQtYg==

"@firebase/performance@0.7.14":
  version "0.7.14"
  resolved "https://registry.yarnpkg.com/@firebase/performance/-/performance-0.7.14.tgz#34b2f12d8922b6c2557f2030140295c0433ada4b"
  integrity sha512-9PH1XEZVHErxGdbXluvGz4Uyjw4W955H8v7Mv9rHIybRrg5F2Ac2tvf5+mSf5EtnxWNmxrD2WLnvMFaZP4sMrQ==
  dependencies:
    "@firebase/component" "0.7.5"
    "@firebase/installations" "0.6.24"
    "@firebase/logger" "0.5.2"
    "@firebase/util" "1.15.3"
    tslib "^2.1.0"
    web-vitals "^4.2.4"

"@firebase/remote-config-compat@0.2.29":
  version "0.2.29"
  resolved "https://registry.yarnpkg.com/@firebase/remote-config-compat/-/remote-config-compat-0.2.29.tgz#263d73a64b576797099ac58ceebe9425153c2b0f"
  integrity sha512-mY7JtTISK6F4g4T0x3kVepr5cp0NXL7f5yjIUXXGaTrg4qUlFBWRbENaHaqZ78dwmNcLm24h/yPsOVRlDXEXhA==
  dependencies:
    "@firebase/component" "0.7.5"
    "@firebase/logger" "0.5.2"
    "@firebase/remote-config" "0.9.2"
    "@firebase/remote-config-types" "0.5.2"
    "@firebase/util" "1.15.3"
    tslib "^2.1.0"

"@firebase/remote-config-types@0.5.2":
  version "0.5.2"
  resolved "https://registry.yarnpkg.com/@firebase/remote-config-types/-/remote-config-types-0.5.2.tgz#6c1af391603b0dd1180ca0fc367a6ffbb69ce41e"
  integrity sha512-i8k1omVfoAnaT1ZPv2FFjxMZrATYsO/GnFgHEj5+7fAJLzi8wLnGGv1WK06oEAD6ltrWXSO1HzeNyajn/NjMWw==

"@firebase/remote-config@0.9.2":
  version "0.9.2"
  resolved "https://registry.yarnpkg.com/@firebase/remote-config/-/remote-config-0.9.2.tgz#c54fd1bdf709d00e42577733e2776db94b0a3150"
  integrity sha512-Rii93DkXjM+RE/ytHdYa7EIiQLJbdBr+W8EEiqd/vbLCOC+1FdkDuRiumJBp6t3yewHGbdqbpjB3fk3z0cZ+8g==
  dependencies:
    "@firebase/component" "0.7.5"
    "@firebase/installations" "0.6.24"
    "@firebase/logger" "0.5.2"
    "@firebase/util" "1.15.3"
    tslib "^2.1.0"

"@firebase/storage-compat@0.4.5":
  version "0.4.5"
  resolved "https://registry.yarnpkg.com/@firebase/storage-compat/-/storage-compat-0.4.5.tgz#6f9a34e81f088107653907767c457ade1af47a09"
  integrity sha512-vO0tFPxXbKDKdlTu8tYT08S9t9ezUTJYEdLCULpWxWq2aq6zojwN1QmAB+1a50AI/g47GlWUJn1XPncm/PDZsw==
  dependencies:
    "@firebase/component" "0.7.5"
    "@firebase/storage" "0.14.5"
    "@firebase/storage-types" "0.8.5"
    "@firebase/util" "1.15.3"
    tslib "^2.1.0"

"@firebase/storage-types@0.8.5":
  version "0.8.5"
  resolved "https://registry.yarnpkg.com/@firebase/storage-types/-/storage-types-0.8.5.tgz#fcfac15c7ad60e655419891912ce9a649bc4eee5"
  integrity sha512-GEDs5P+rNUfNcS+wxIdOLAHficife2YXtvTJnyi3ssrX11AAtBg+nDUdbYh8vuBzWehVQZPmztGUUnud4L+4yg==

"@firebase/storage@0.14.5":
  version "0.14.5"
  resolved "https://registry.yarnpkg.com/@firebase/storage/-/storage-0.14.5.tgz#d74baa4596f699c3f999740d914990f86a72958f"
  integrity sha512-r2tozN/BlEewLi70tJNUQPzWwbex9GM7NgXZsamHKQrjKEfcR0i4jGgHBKAKA4hbwiPE9eNMb3hcxWnDpeJZwg==
  dependencies:
    "@firebase/component" "0.7.5"
    "@firebase/util" "1.15.3"
    tslib "^2.1.0"

"@firebase/util@1.15.3":
  version "1.15.3"
  resolved "https://registry.yarnpkg.com/@firebase/util/-/util-1.15.3.tgz#396def73437c95ca9373945e6137caf86286c58a"
  integrity sha512-c/z/gaIlaaLZEuGbE6sLUuJ61tskg1JghvhcNQzW948ASBinbVBBRnZTC4b4yt4LaEtJQkYlyzqLHcutFwEIvA==
  dependencies:
    tslib "^2.1.0"

"@firebase/webchannel-wrapper@1.0.7":
  version "1.0.7"
  resolved "https://registry.yarnpkg.com/@firebase/webchannel-wrapper/-/webchannel-wrapper-1.0.7.tgz#45a201ad457323f8fda59c17cc4be11c8908cd4a"
  integrity sha512-phBFwieDLvkZGYN9CE9ZFNEIoBVksprzsnCzQejCmCHtgwCXReeuRpoEGN9C4EbhONztv8NRV1tau6Rb9pONwQ==

"@grpc/grpc-js@~1.9.0":
  version "1.9.16"
  resolved "https://registry.yarnpkg.com/@grpc/grpc-js/-/grpc-js-1.9.16.tgz#614f85036ac8e3c957374c1bd1ebb05934a79a1c"
  integrity sha512-wE4Ut/olIzfKqp631XrG+wbF0v1vWFN4YL9FyXC2LJiG33DsV7PLzURjrCvY/6je2ntdRkeLpPDluzSRGaVltQ==
  dependencies:
    "@grpc/proto-loader" "^0.7.8"
    "@types/node" ">=12.12.47"

"@grpc/proto-loader@^0.7.8":
  version "0.7.15"
  resolved "https://registry.yarnpkg.com/@grpc/proto-loader/-/proto-loader-0.7.15.tgz#4cdfbf35a35461fc843abe8b9e2c0770b5095e60"
  integrity sha512-tMXdRCfYVixjuFK+Hk0Q1s38gV9zDiDJfWL3h1rv4Qc39oILCu1TRTDt7+fGUI8K4G1Fj125Hx/ru3azECWTyQ==
  dependencies:
    lodash.camelcase "^4.3.0"
    long "^5.0.0"
    protobufjs "^7.2.5"
    yargs "^17.7.2"

"@now/node@^1.0.0":
  version "1.0.1"
  resolved "https://registry.yarnpkg.com/@now/node/-/node-1.0.1.tgz#519e137a7b0da913ee409d1613ecab8b8d0e4a8c"
  integrity sha512-unClfFk4s7q31AyE6D+8LjQTeFRG+YKfeCCMXT+/KXIuCzCx/uqCtlP/rp9sCdxayVM93iPg9x1Ttbn3ySg7zQ==
  dependencies:
    "@types/node" "*"

"@protobufjs/aspromise@^1.1.1", "@protobufjs/aspromise@^1.1.2":
  version "1.1.2"
  resolved "https://registry.yarnpkg.com/@protobufjs/aspromise/-/aspromise-1.1.2.tgz#9b8b0cc663d669a7d8f6f5d0893a14d348f30fbf"
  integrity sha1-m4sMxmPWaafY9vXQiToU00jzD78=

"@protobufjs/base64@^1.1.2":
  version "1.1.2"
  resolved "https://registry.yarnpkg.com/@protobufjs/base64/-/base64-1.1.2.tgz#4c85730e59b9a1f1f349047dbf24296034bb2735"
  integrity sha512-AZkcAA5vnN/v4PDqKyMR5lx7hZttPDgClv83E//FMNhR2TMcLUhfRUBHCmSl0oi9zMgDDqRUJkSxO3wm85+XLg==

"@protobufjs/codegen@^2.0.5":
  version "2.0.5"
  resolved "https://registry.yarnpkg.com/@protobufjs/codegen/-/codegen-2.0.5.tgz#d9315ad7cf3f30aac70bda3c068443dc6f143659"
  integrity sha512-zgXFLzW3Ap33e6d0Wlj4MGIm6Ce8O89n/apUaGNB/jx+hw+ruWEp7EwGUshdLKVRCxZW12fp9r40E1mQrf/34g==

"@protobufjs/eventemitter@^1.1.1":
  version "1.1.1"
  resolved "https://registry.yarnpkg.com/@protobufjs/eventemitter/-/eventemitter-1.1.1.tgz#d512cb26c0ae026091ee2c1167f1be6faf5c842a"
  integrity sha512-vW1GmwMZNnL+gMRaovlh9yZX74kc+TTU3FObkkurpMaRtBfLP3ldjS9KQWlwZgraRE0+dheEEoAxdzcJQ8eXZg==

"@protobufjs/fetch@^1.1.1":
  version "1.1.1"
  resolved "https://registry.yarnpkg.com/@protobufjs/fetch/-/fetch-1.1.1.tgz#4d6fc00c8fb64016a5c81b469d549046350f1065"
  integrity sha512-GpptLrs57adMSuHi3VNj0mAF8dwh36LMaYF6XyJ6JMWlVsc+t42tm1HSEDmOs3A8fC9yyeisgLhsTVQokOZ0zw==
  dependencies:
    "@protobufjs/aspromise" "^1.1.1"

"@protobufjs/float@^1.0.2":
  version "1.0.2"
  resolved "https://registry.yarnpkg.com/@protobufjs/float/-/float-1.0.2.tgz#5e9e1abdcb73fc0a7cb8b291df78c8cbd97b87d1"
  integrity sha1-Xp4avctz/Ap8uLKR33jIy9l7h9E=

"@protobufjs/path@^1.1.2":
  version "1.1.2"
  resolved "https://registry.yarnpkg.com/@protobufjs/path/-/path-1.1.2.tgz#6cc2b20c5c9ad6ad0dccfd21ca7673d8d7fbf68d"
  integrity sha1-bMKyDFya1q0NzP0hynZz2Nf79o0=

"@protobufjs/pool@^1.1.0":
  version "1.1.0"
  resolved "https://registry.yarnpkg.com/@protobufjs/pool/-/pool-1.1.0.tgz#09fd15f2d6d3abfa9b65bc366506d6ad7846ff54"
  integrity sha1-Cf0V8tbTq/qbZbw2ZQbWrXhG/1Q=

"@protobufjs/utf8@^1.1.1":
  version "1.1.2"
  resolved "https://registry.yarnpkg.com/@protobufjs/utf8/-/utf8-1.1.2.tgz#78d476333d85d5b1c792e257bca74ba080da49a4"
  integrity sha512-b1UQwcEZ4yCnMCD8DAL1VlbvBJE9/IX4FTIp7BG1xYpf29SLazLSrqUkj4w7Y5y7cCVP6E5tcqqcI0xemPkHug==

"@sentry/cli@^1.48.0":
  version "1.48.0"
  resolved "https://registry.yarnpkg.com/@sentry/cli/-/cli-1.48.0.tgz#cccf2badd3fab9aeaafeaf6ef21bc74e2f6b6790"
  integrity sha512-Td6UpZP6BoI0R5Guctiq3NIphAfskbyeiboWx4H1yuXPA9p4F0hL+Hrz6k3NNfzkt3AQzEkeAhvpKmIfmUOkjA==
  dependencies:
    fs-copy-file-sync "^1.1.1"
    https-proxy-agent "^3.0.0"
    mkdirp "^0.5.1"
    node-fetch "^2.1.2"
    progress "2.0.0"
    proxy-from-env "^1.0.0"

"@sentry/core@5.7.1":
  version "5.7.1"
  resolved "https://registry.yarnpkg.com/@sentry/core/-/core-5.7.1.tgz#3eb2b7662cac68245931ee939ec809bf7a639d0e"
  integrity sha512-AOn3k3uVWh2VyajcHbV9Ta4ieDIeLckfo7UMLM+CTk2kt7C89SayDGayJMSsIrsZlL4qxBoLB9QY4W2FgAGJrg==
  dependencies:
    "@sentry/hub" "5.7.1"
    "@sentry/minimal" "5.7.1"
    "@sentry/types" "5.7.1"
    "@sentry/utils" "5.7.1"
    tslib "^1.9.3"

"@sentry/hub@5.7.1":
  version "5.7.1"
  resolved "https://registry.yarnpkg.com/@sentry/hub/-/hub-5.7.1.tgz#a52acd9fead7f3779d96e9965c6978aecc8b9cad"
  integrity sha512-evGh323WR073WSBCg/RkhlUmCQyzU0xzBzCZPscvcoy5hd4SsLE6t9Zin+WACHB9JFsRQIDwNDn+D+pj3yKsig==
  dependencies:
    "@sentry/types" "5.7.1"
    "@sentry/utils" "5.7.1"
    tslib "^1.9.3"

"@sentry/minimal@5.7.1":
  version "5.7.1"
  resolved "https://registry.yarnpkg.com/@sentry/minimal/-/minimal-5.7.1.tgz#56afc537737586929e25349765e37a367958c1e1"
  integrity sha512-nS/Dg+jWAZtcxQW8wKbkkw4dYvF6uyY/vDiz/jFCaux0LX0uhgXAC9gMOJmgJ/tYBLJ64l0ca5LzpZa7BMJQ0g==
  dependencies:
    "@sentry/hub" "5.7.1"
    "@sentry/types" "5.7.1"
    tslib "^1.9.3"

"@sentry/node@^5.7.1":
  version "5.7.1"
  resolved "https://registry.yarnpkg.com/@sentry/node/-/node-5.7.1.tgz#94e2fbac94f6cc061be3bc14b22813536c59698d"
  integrity sha512-hVM10asFStrOhYZzMqFM7V1lrHkr1ydc2n/SFG0ZmIQxfTjCVElyXV/BJASIdqadM1fFIvvtD/EfgkTcZmub1g==
  dependencies:
    "@sentry/core" "5.7.1"
    "@sentry/hub" "5.7.1"
    "@sentry/types" "5.7.1"
    "@sentry/utils" "5.7.1"
    cookie "^0.3.1"
    https-proxy-agent "^3.0.0"
    lru_map "^0.3.3"
    tslib "^1.9.3"

"@sentry/types@5.7.1":
  version "5.7.1"
  resolved "https://registry.yarnpkg.com/@sentry/types/-/types-5.7.1.tgz#4c4c1d4d891b6b8c2c3c7b367d306a8b1350f090"
  integrity sha512-tbUnTYlSliXvnou5D4C8Zr+7/wJrHLbpYX1YkLXuIJRU0NSi81bHMroAuHWILcQKWhVjaV/HZzr7Y/hhWtbXVQ==

"@sentry/utils@5.7.1":
  version "5.7.1"
  resolved "https://registry.yarnpkg.com/@sentry/utils/-/utils-5.7.1.tgz#cf37ad55f78e317665cd8680f202d307fa77f1d0"
  integrity sha512-nhirUKj/qFLsR1i9kJ5BRvNyzdx/E2vorIsukuDrbo8e3iZ11JMgCOVrmC8Eq9YkHBqgwX4UnrPumjFyvGMZ2Q==
  dependencies:
    "@sentry/types" "5.7.1"
    tslib "^1.9.3"

"@types/http-proxy@^1.17.0":
  version "1.17.0"
  resolved "https://registry.yarnpkg.com/@types/http-proxy/-/http-proxy-1.17.0.tgz#baf82ff6aa2723fd29f90e3ba1384e665006863e"
  integrity sha512-l+s0IoxSHqhLFJPDHRfO235kgrCkvFD8JmdV/T9C4BKBYPIjrQopGFH4r7h2e3jQqgJRCthRCAZIxDoFnj1zwQ==
  dependencies:
    "@types/node" "*"

"@types/node@*":
  version "12.7.12"
  resolved "https://registry.yarnpkg.com/@types/node/-/node-12.7.12.tgz#7c6c571cc2f3f3ac4a59a5f2bd48f5bdbc8653cc"
  integrity sha512-KPYGmfD0/b1eXurQ59fXD1GBzhSQfz6/lKBxkaHX9dKTzjXbK68Zt7yGUxUsCS1jeTy/8aL+d9JEr+S54mpkWQ==

"@types/node@>=12.12.47":
  version "14.14.41"
  resolved "https://registry.yarnpkg.com/@types/node/-/node-14.14.41.tgz#d0b939d94c1d7bd53d04824af45f1139b8c45615"
  integrity sha512-dueRKfaJL4RTtSa7bWeTK1M+VH+Gns73oCgzvYfHZywRCoPSd8EkXBL0mZ9unPTveBn+D9phZBaxuzpwjWkW0g==

"@types/node@>=13.7.0":
  version "22.20.2"
  resolved "https://registry.yarnpkg.com/@types/node/-/node-22.20.2.tgz#daae777b5f5965a587f50cc80d5364c2ddf27e36"
  integrity sha512-xlvWf4Vs9n1PEVYwP1n4vvG07M6y8WgvJ2t0vbrWTmijsIHp1cS+uJ2kMIRdY3nHZK0nCYKrPeD171+SzF4/zw==
  dependencies:
    undici-types "~6.21.0"

"@types/uuid@^3.4.5":
  version "3.4.5"
  resolved "https://registry.yarnpkg.com/@types/uuid/-/uuid-3.4.5.tgz#d4dc10785b497a1474eae0ba7f0cb09c0ddfd6eb"
  integrity sha512-MNL15wC3EKyw1VLF+RoVO4hJJdk9t/Hlv3rt1OL65Qvuadm4BYo6g9ZJQqoq7X8NBFSsQXgAujWciovh2lpVjA==
  dependencies:
    "@types/node" "*"

agent-base@^4.3.0:
  version "4.3.0"
  resolved "https://registry.yarnpkg.com/agent-base/-/agent-base-4.3.0.tgz#8165f01c436009bccad0b1d122f05ed770efc6ee"
  integrity sha512-salcGninV0nPrwpGNn4VTXBb1SOuXQBiqbrNXoeizJsHrsL6ERFM2Ne3JUSBWRE6aeNJI2ROP/WEEIDUiDe3cg==
  dependencies:
    es6-promisify "^5.0.0"

ansi-regex@^5.0.1:
  version "5.0.1"
  resolved "https://registry.yarnpkg.com/ansi-regex/-/ansi-regex-5.0.1.tgz#082cb2c89c9fe8659a311a53bd6a4dc5301db304"
  integrity sha512-quJQXlTSUGL2LH9SUXo8VwsY4soanhgo6LNSm84E1LBcE8s3O0wpdiRzyR9z/ZZJMlMWv37qOOb9pdJlMUEKFQ==

ansi-styles@^4.0.0:
  version "4.3.0"
  resolved "https://registry.yarnpkg.com/ansi-styles/-/ansi-styles-4.3.0.tgz#edd803628ae71c04c85ae7a0906edad34b648937"
  integrity sha512-zbB9rCJAT1rbjiVDb2hqKFHNYLxgtk8NURxZ3IZwD3F6NtxbXZQCnnSi1Lkx+IDohdPlFp222wVALIheZJQSEg==
  dependencies:
    color-convert "^2.0.1"

cliui@^8.0.1:
  version "8.0.1"
  resolved "https://registry.yarnpkg.com/cliui/-/cliui-8.0.1.tgz#0c04b075db02cbfe60dc8e6cf2f5486b1a3608aa"
  integrity sha512-BSeNnyus75C4//NQ9gQt1/csTXyo/8Sb+afLAkzAptFuMsod9HFokGNudZpi/oQV73hnVK+sR+5PVRMd+Dr7YQ==
  dependencies:
    string-width "^4.2.0"
    strip-ansi "^6.0.1"
    wrap-ansi "^7.0.0"

color-convert@^2.0.1:
  version "2.0.1"
  resolved "https://registry.yarnpkg.com/color-convert/-/color-convert-2.0.1.tgz#72d3a68d598c9bdb3af2ad1e84f21d896abd4de3"
  integrity sha512-RRECPsj7iu/xb5oKYcsFHSppFNnsj/52OVTRKb4zP5onXwVF3zVmmToNcOfGC+CRDpfK/U584fMg38ZHCaElKQ==
  dependencies:
    color-name "~1.1.4"

color-name@~1.1.4:
  version "1.1.4"
  resolved "https://registry.yarnpkg.com/color-name/-/color-name-1.1.4.tgz#c2a09a87acbde69543de6f63fa3995c826c536a2"
  integrity sha512-dOy+3AuW3a2wNbZHIuMZpTcgjGuLU/uBL/ubcZF9OXbDo8ff4O8yVp5Bf0efS8uEoYo5q4Fx7dY9OgQGXgAsQA==

cookie@^0.3.1:
  version "0.3.1"
  resolved "https://registry.yarnpkg.com/cookie/-/cookie-0.3.1.tgz#e7e0a1f9ef43b4c8ba925c5c5a96e806d16873bb"
  integrity sha1-5+Ch+e9DtMi6klxcWpboBtFoc7s=

debug@^3.0.0, debug@^3.1.0:
  version "3.2.6"
  resolved "https://registry.yarnpkg.com/debug/-/debug-3.2.6.tgz#e83d17de16d8a7efb7717edbe5fb10135eee629b"
  integrity sha512-mel+jf7nrtEl5Pn1Qx46zARXKDpBbvzezse7p7LqINmdoIk8PYP5SySaxEmYv6TZ0JyEKA1hsCId6DIhgITtWQ==
  dependencies:
    ms "^2.1.1"

emoji-regex@^8.0.0:
  version "8.0.0"
  resolved "https://registry.yarnpkg.com/emoji-regex/-/emoji-regex-8.0.0.tgz#e818fd69ce5ccfcb404594f842963bf53164cc37"
  integrity sha512-MSjYzcWNOA0ewAHpz0MxpYFvwg6yjy1NG3xteoqz644VCo/RPgnr1/GGt+ic3iJTzQ8Eu3TdM14SawnVUmGE6A==

es6-promise@^4.0.3:
  version "4.2.8"
  resolved "https://registry.yarnpkg.com/es6-promise/-/es6-promise-4.2.8.tgz#4eb21594c972bc40553d276e510539143db53e0a"
  integrity sha512-HJDGx5daxeIvxdBxvG2cb9g4tEvwIk3i8+nhX0yGrYmZUzbkdg8QbDevheDB8gd0//uPj4c1EQua8Q+MViT0/w==

es6-promisify@^5.0.0:
  version "5.0.0"
  resolved "https://registry.yarnpkg.com/es6-promisify/-/es6-promisify-5.0.0.tgz#5109d62f3e56ea967c4b63505aef08291c8a5203"
  integrity sha1-UQnWLz5W6pZ8S2NQWu8IKRyKUgM=
  dependencies:
    es6-promise "^4.0.3"

escalade@^3.1.1:
  version "3.2.0"
  resolved "https://registry.yarnpkg.com/escalade/-/escalade-3.2.0.tgz#011a3f69856ba189dffa7dc8fcce99d2a87903e5"
  integrity sha512-WUj2qlxaQtO4g6Pq5c29GTcWGDyd8itL8zTlipgECz3JesAiiOKotd8JU6otB3PACgG6xkJUyVhboMS+bje/jA==

eventemitter3@^4.0.0:
  version "4.0.0"
  resolved "https://registry.yarnpkg.com/eventemitter3/-/eventemitter3-4.0.0.tgz#d65176163887ee59f386d64c82610b696a4a74eb"
  integrity sha512-qerSRB0p+UDEssxTtm6EDKcE7W4OaoisfIMl4CngyEhjpYglocpNg6UEqCvemdGhosAsg4sO2dXJOdyBifPGCg==

faye-websocket@0.11.4:
  version "0.11.4"
  resolved "https://registry.yarnpkg.com/faye-websocket/-/faye-websocket-0.11.4.tgz#7f0d9275cfdd86a1c963dc8b65fcc451edcbb1da"
  integrity sha512-CzbClwlXAuiRQAlUyfqPgvPoNKTckTPGfwZV4ZdAhVcP2lh9KUxJg2b5GkE7XbjKQ3YJnQ9z6D9ntLAlB+tP8g==
  dependencies:
    websocket-driver ">=0.5.1"

firebase@^12.19.0:
  version "12.19.0"
  resolved "https://registry.yarnpkg.com/firebase/-/firebase-12.19.0.tgz#08cefc7c12cdc0dad129e68a6d938be3bccf036f"
  integrity sha512-kwXCLcI0ly2lkwygkbuRx6SsX3DSO96355YrWh9SWZ5ncsxK/y5cirn3sY6nZVSiBVE++2nL6Hchzu1EB8uohQ==
  dependencies:
    "@firebase/ai" "2.16.0"
    "@firebase/analytics" "0.10.25"
    "@firebase/analytics-compat" "0.2.31"
    "@firebase/app" "0.16.2"
    "@firebase/app-check" "0.13.1"
    "@firebase/app-check-compat" "0.4.7"
    "@firebase/app-compat" "0.5.18"
    "@firebase/app-types" "0.9.6"
    "@firebase/auth" "1.13.6"
    "@firebase/auth-compat" "0.6.11"
    "@firebase/data-connect" "0.7.4"
    "@firebase/database" "1.1.5"
    "@firebase/database-compat" "2.1.7"
    "@firebase/firestore" "4.17.2"
    "@firebase/firestore-compat" "0.4.14"
    "@firebase/functions" "0.14.0"
    "@firebase/functions-compat" "0.5.0"
    "@firebase/installations" "0.6.24"
    "@firebase/installations-compat" "0.2.24"
    "@firebase/messaging" "0.13.3"
    "@firebase/messaging-compat" "0.2.30"
    "@firebase/performance" "0.7.14"
    "@firebase/performance-compat" "0.2.27"
    "@firebase/remote-config" "0.9.2"
    "@firebase/remote-config-compat" "0.2.29"
    "@firebase/storage" "0.14.5"
    "@firebase/storage-compat" "0.4.5"
    "@firebase/util" "1.15.3"

follow-redirects@^1.0.0:
  version "1.14.8"
  resolved "https://registry.yarnpkg.com/follow-redirects/-/follow-redirects-1.14.8.tgz#016996fb9a11a100566398b1c6839337d7bfa8fc"
  integrity sha512-1x0S9UVJHsQprFcEC/qnNzBLcIxsjAV905f/UkQxbclCsoTWlacCNOpQa/anodLl2uaEKFhfWOvM2Qg77+15zA==
  dependencies:
    debug "^3.0.0"

fs-copy-file-sync@^1.1.1:
  version "1.1.1"
  resolved "https://registry.yarnpkg.com/fs-copy-file-sync/-/fs-copy-file-sync-1.1.1.tgz#11bf32c096c10d126e5f6b36d06eece776062918"
  integrity sha512-2QY5eeqVv4m2PfyMiEuy9adxNP+ajf+8AR05cEi+OAzPcOj90hvFImeZhTmKLBgSd9EvG33jsD7ZRxsx9dThkQ==

get-caller-file@^2.0.5:
  version "2.0.5"
  resolved "https://registry.yarnpkg.com/get-caller-file/-/get-caller-file-2.0.5.tgz#4f94412a82db32f36e3b0b9741f8a97feb031f7e"
  integrity sha512-DyFP3BM/3YHTQOCUL/w0OZHR0lpKeGrxotcHWcqNEdnltqFwXVfhEBQ94eIo34AfQpo0rGki4cyIiftY06h2Fg==

"http-parser-js@>=0.4.0 <0.4.11":
  version "0.4.10"
  resolved "https://registry.yarnpkg.com/http-parser-js/-/http-parser-js-0.4.10.tgz#92c9c1374c35085f75db359ec56cc257cbb93fa4"
  integrity sha1-ksnBN0w1CF912zWexWzCV8u5P6Q=

http-proxy@^1.17.0:
  version "1.18.0"
  resolved "https://registry.yarnpkg.com/http-proxy/-/http-proxy-1.18.0.tgz#dbe55f63e75a347db7f3d99974f2692a314a6a3a"
  integrity sha512-84I2iJM/n1d4Hdgc6y2+qY5mDaz2PUVjlg9znE9byl+q0uC3DeByqBGReQu5tpLK0TAqTIXScRUV+dg7+bUPpQ==
  dependencies:
    eventemitter3 "^4.0.0"
    follow-redirects "^1.0.0"
    requires-port "^1.0.0"

https-proxy-agent@^3.0.0:
  version "3.0.0"
  resolved "https://registry.yarnpkg.com/https-proxy-agent/-/https-proxy-agent-3.0.0.tgz#0106efa5d63d6d6f3ab87c999fa4877a3fd1ff97"
  integrity sha512-y4jAxNEihqvBI5F3SaO2rtsjIOnnNA8sEbuiP+UhJZJHeM2NRm6c09ax2tgqme+SgUUvjao2fJXF4h3D6Cb2HQ==
  dependencies:
    agent-base "^4.3.0"
    debug "^3.1.0"

idb@7.1.1:
  version "7.1.1"
  resolved "https://registry.yarnpkg.com/idb/-/idb-7.1.1.tgz#d910ded866d32c7ced9befc5bfdf36f572ced72b"
  integrity sha512-gchesWBzyvGHRO9W8tzUWFDycow5gwjvFKfyV9FF32Y7F50yZMp7mP+T2mJIWFx49zicqyC4uefHM17o6xKIVQ==

is-fullwidth-code-point@^3.0.0:
  version "3.0.0"
  resolved "https://registry.yarnpkg.com/is-fullwidth-code-point/-/is-fullwidth-code-point-3.0.0.tgz#f116f8064fe90b3f7844a38997c0b75051269f1d"
  integrity sha512-zymm5+u+sCsSWyD9qNaejV3DFvhCKclKdizYaJUuHA83RLjb7nSuGnddCHGv0hk+KY7BMAlsWeK4Ueg6EV6XQg==

lodash.camelcase@^4.3.0:
  version "4.3.0"
  resolved "https://registry.yarnpkg.com/lodash.camelcase/-/lodash.camelcase-4.3.0.tgz#b28aa6288a2b9fc651035c7711f65ab6190331a6"
  integrity sha1-soqmKIorn8ZRA1x3EfZathkDMaY=

long@^5.0.0, long@^5.3.2:
  version "5.3.2"
  resolved "https://registry.yarnpkg.com/long/-/long-5.3.2.tgz#1d84463095999262d7d7b7f8bfd4a8cc55167f83"
  integrity sha512-mNAgZ1GmyNhD7AuqnTG3/VQ26o760+ZYBPKjPvugO8+nLbYfX6TVpJPseBvopbdY+qpZ/lKUnmEc1LeZYS3QAA==

lru_map@^0.3.3:
  version "0.3.3"
  resolved "https://registry.yarnpkg.com/lru_map/-/lru_map-0.3.3.tgz#b5c8351b9464cbd750335a79650a0ec0e56118dd"
  integrity sha1-tcg1G5Rky9dQM1p5ZQoOwOVhGN0=

minimist@^1.2.6:
  version "1.2.8"
  resolved "https://registry.yarnpkg.com/minimist/-/minimist-1.2.8.tgz#c1a464e7693302e082a075cee0c057741ac4772c"
  integrity sha512-2yyAR8qBkN3YuheJanUpWC5U3bb5osDywNB8RzDVlDwDHbocAJveqqj1u8+SVD7jkWT4yvsHCpWqqWqAxb0zCA==

mkdirp@^0.5.1:
  version "0.5.6"
  resolved "https://registry.yarnpkg.com/mkdirp/-/mkdirp-0.5.6.tgz#7def03d2432dcae4ba1d611445c48396062255f6"
  integrity sha512-FP+p8RB8OWpF3YZBCrP5gtADmtXApB5AMLn+vdyA+PyxCjrCs00mjyUozssO33cwDeT3wNGdLxJ5M//YqtHAJw==
  dependencies:
    minimist "^1.2.6"

ms@^2.1.1:
  version "2.1.2"
  resolved "https://registry.yarnpkg.com/ms/-/ms-2.1.2.tgz#d09d1f357b443f493382a8eb3ccd183872ae6009"
  integrity sha512-sGkPx+VjMtmA6MX27oA4FBFELFCZZ4S4XqeGOXCv68tT+jb3vk/RyaKWP0PTKyWtmLSM0b+adUTEvbs1PEaH2w==

node-fetch@^2.1.2:
  version "2.6.0"
  resolved "https://registry.yarnpkg.com/node-fetch/-/node-fetch-2.6.0.tgz#e633456386d4aa55863f676a7ab0daa8fdecb0fd"
  integrity sha512-8dG4H5ujfvFiqDmVu9fQ5bOHUC15JMjMY/Zumv26oOvvVJjM67KF8koCWIabKQ1GJIa9r2mMZscBq/TbdOcmNA==

progress@2.0.0:
  version "2.0.0"
  resolved "https://registry.yarnpkg.com/progress/-/progress-2.0.0.tgz#8a1be366bf8fc23db2bd23f10c6fe920b4389d1f"
  integrity sha1-ihvjZr+Pwj2yvSPxDG/pILQ4nR8=

protobufjs@^7.2.5:
  version "7.6.6"
  resolved "https://registry.yarnpkg.com/protobufjs/-/protobufjs-7.6.6.tgz#7a3923e8e32b0ee2ff689f8eed6e455c090ac67e"
  integrity sha512-dYDWdjSl5RNb7SgPxGQcRU+GtvP7s2fpkrY0r432PcOIaZ0/rBcxEZnQN67iJhFuQiVw754JDoPruPCNdGsbjg==
  dependencies:
    "@protobufjs/aspromise" "^1.1.2"
    "@protobufjs/base64" "^1.1.2"
    "@protobufjs/codegen" "^2.0.5"
    "@protobufjs/eventemitter" "^1.1.1"
    "@protobufjs/fetch" "^1.1.1"
    "@protobufjs/float" "^1.0.2"
    "@protobufjs/path" "^1.1.2"
    "@protobufjs/pool" "^1.1.0"
    "@protobufjs/utf8" "^1.1.1"
    "@types/node" ">=13.7.0"
    long "^5.3.2"

proxy-from-env@^1.0.0:
  version "1.0.0"
  resolved "https://registry.yarnpkg.com/proxy-from-env/-/proxy-from-env-1.0.0.tgz#33c50398f70ea7eb96d21f7b817630a55791c7ee"
  integrity sha1-M8UDmPcOp+uW0h97gXYwpVeRx+4=

re2js@^2.8.3:
  version "2.8.6"
  resolved "https://registry.yarnpkg.com/re2js/-/re2js-2.8.6.tgz#acbd17a1ad0e98c1f2ee0a2adc17ba0903d9ca95"
  integrity sha512-xLgQil4kIUCrAzVk9fRSkxkFNwmygLFjVxXrLc65aE1F0+Zsb8rxumFBy4XKyvgMCTL6kilDq3EZ0piE2dP/Dg==

require-directory@^2.1.1:
  version "2.1.1"
  resolved "https://registry.yarnpkg.com/require-directory/-/require-directory-2.1.1.tgz#8c64ad5fd30dab1c976e2344ffe7f792a6a6df42"
  integrity sha512-fGxEI7+wsG9xrvdjsrlmL22OMTTiHRwAMroiEeMgq8gzoLC/PQr7RsRDSTLUg/bZAZtF+TVIkHc6/4RIKrui+Q==

requires-port@^1.0.0:
  version "1.0.0"
  resolved "https://registry.yarnpkg.com/requires-port/-/requires-port-1.0.0.tgz#925d2601d39ac485e091cf0da5c6e694dc3dcaff"
  integrity sha1-kl0mAdOaxIXgkc8NpcbmlNw9yv8=

safe-buffer@>=5.1.0:
  version "5.2.0"
  resolved "https://registry.yarnpkg.com/safe-buffer/-/safe-buffer-5.2.0.tgz#b74daec49b1148f88c64b68d49b1e815c1f2f519"
  integrity sha512-fZEwUGbVl7kouZs1jCdMLdt95hdIv0ZeHg6L7qPeciMZhZ+/gdesW4wgTARkrFWEpspjEATAzUGPG8N2jJiwbg==

slack@^11.0.2:
  version "11.0.2"
  resolved "https://registry.yarnpkg.com/slack/-/slack-11.0.2.tgz#30f68527c5d1712b7faa3141db7716f89ac6e911"
  integrity sha512-rv842+S+AGyZCmMMd8xPtW5DvJ9LzWTAKfxi8Gw57oYlXgcKtFuHd4nqk6lTPpRKdUGn3tx/Drd0rjQR3dQPqw==
  dependencies:
    tiny-json-http "^7.0.2"

string-width@^4.1.0, string-width@^4.2.0, string-width@^4.2.3:
  version "4.2.3"
  resolved "https://registry.yarnpkg.com/string-width/-/string-width-4.2.3.tgz#269c7117d27b05ad2e536830a8ec895ef9c6d010"
  integrity sha512-wKyQRQpjJ0sIp62ErSZdGsjMJWsap5oRNihHhu6G7JVO/9jIB6UyevL+tXuOqrng8j/cxKTWyWUwvSTriiZz/g==
  dependencies:
    emoji-regex "^8.0.0"
    is-fullwidth-code-point "^3.0.0"
    strip-ansi "^6.0.1"

strip-ansi@^6.0.0, strip-ansi@^6.0.1:
  version "6.0.1"
  resolved "https://registry.yarnpkg.com/strip-ansi/-/strip-ansi-6.0.1.tgz#9e26c63d30f53443e9489495b2105d37b67a85d9"
  integrity sha512-Y38VPSHcqkFrCpFnQ9vuSXmquuv5oXOKpGeT6aGrr3o3Gc9AlVa6JBfUSOCnbxGGZF+/0ooI7KrPuUSztUdU5A==
  dependencies:
    ansi-regex "^5.0.1"

tiny-json-http@^7.0.2:
  version "7.1.2"
  resolved "https://registry.yarnpkg.com/tiny-json-http/-/tiny-json-http-7.1.2.tgz#620e189849bab08992ec23fada7b48c7c61637b4"
  integrity sha512-XB9Bu+ohdQso6ziPFNVqK+pcTt0l8BSRkW/CCBq0pUVlLxcYDsorpo7ae5yPhu2CF1xYgJuKVLF7cfOGeLCTlA==

tslib@^1.9.3:
  version "1.10.0"
  resolved "https://registry.yarnpkg.com/tslib/-/tslib-1.10.0.tgz#c3c19f95973fb0a62973fb09d90d961ee43e5c8a"
  integrity sha512-qOebF53frne81cf0S9B41ByenJ3/IuH8yJKngAX35CmiZySA0khhkovshKK+jGCaMnVomla7gVlIcc3EvKPbTQ==

tslib@^2.1.0:
  version "2.2.0"
  resolved "https://registry.yarnpkg.com/tslib/-/tslib-2.2.0.tgz#fb2c475977e35e241311ede2693cee1ec6698f5c"
  integrity sha512-gS9GVHRU+RGn5KQM2rllAlR3dU6m7AcpJKdtH8gFvQiC4Otgk98XnmMU+nZenHt/+VhnBPWwgrJsyrdcw6i23w==

typescript@^3.6.4:
  version "3.6.4"
  resolved "https://registry.yarnpkg.com/typescript/-/typescript-3.6.4.tgz#b18752bb3792bc1a0281335f7f6ebf1bbfc5b91d"
  integrity sha512-unoCll1+l+YK4i4F8f22TaNVPRHcD9PA3yCuZ8g5e0qGqlVlJ/8FSateOLLSagn+Yg5+ZwuPkL8LFUc0Jcvksg==

undici-types@~6.21.0:
  version "6.21.0"
  resolved "https://registry.yarnpkg.com/undici-types/-/undici-types-6.21.0.tgz#691d00af3909be93a7faa13be61b3a5b50ef12cb"
  integrity sha512-iwDZqg0QAGrg9Rav5H4n0M64c3mkR59cJ6wQp+7C4nI0gsmExaedaYLNO44eT4AtBBwjbTiGPMlt2Md0T9H9JQ==

uuid@^3.3.2:
  version "3.3.3"
  resolved "https://registry.yarnpkg.com/uuid/-/uuid-3.3.3.tgz#4568f0216e78760ee1dbf3a4d2cf53e224112866"
  integrity sha512-pW0No1RGHgzlpHJO1nsVrHKpOEIxkGg1xB+v0ZmdNH5OAeAwzAVrCnI2/6Mtx+Uys6iaylxa+D3g4j63IKKjSQ==

web-vitals@^4.2.4:
  version "4.2.4"
  resolved "https://registry.yarnpkg.com/web-vitals/-/web-vitals-4.2.4.tgz#1d20bc8590a37769bd0902b289550936069184b7"
  integrity sha512-r4DIlprAGwJ7YM11VZp4R884m0Vmgr6EAKe3P+kO0PPj3Unqyvv59rczf6UiGcb9Z8QxZVcqKNwv/g0WNdWwsw==

websocket-driver@>=0.5.1:
  version "0.7.5"
  resolved "https://registry.yarnpkg.com/websocket-driver/-/websocket-driver-0.7.5.tgz#569d22764ab21f2de20af0e74b411e8ae5a0fa46"
  integrity sha512-ZL2+3c7kMBdIRCMz6l8jQMHyGVxj+UL+xVk74Ombiciboca8rHa15L86B19E5oh1pL9Ii/uj54gtsIrZGMo6zA==
  dependencies:
    http-parser-js ">=0.4.0 <0.4.11"
    safe-buffer ">=5.1.0"
    websocket-extensions ">=0.1.1"

websocket-extensions@>=0.1.1:
  version "0.1.4"
  resolved "https://registry.yarnpkg.com/websocket-extensions/-/websocket-extensions-0.1.4.tgz#7f8473bc839dfd87608adb95d7eb075211578a42"
  integrity sha512-OqedPIGOfsDlo31UNwYbCFMSaO9m9G/0faIHj5/dZFDMFqPTcx6UwqyOy3COEaEOg/9VsGIpdqn62W5KhoKSpg==

wrap-ansi@^7.0.0:
  version "7.0.0"
  resolved "https://registry.yarnpkg.com/wrap-ansi/-/wrap-ansi-7.0.0.tgz#67e145cff510a6a6984bdf1152911d69d2eb9e43"
  integrity sha512-YVGIj2kamLSTxw6NsZjoBxfSwsn0ycdesmc4p+Q21c5zPuZ1pl+NfxVdxPtdHvmNVOQ6XSYG4AUtyt/Fi7D16Q==
  dependencies:
    ansi-styles "^4.0.0"
    string-width "^4.1.0"
    strip-ansi "^6.0.0"

y18n@^5.0.5:
  version "5.0.8"
  resolved "https://registry.yarnpkg.com/y18n/-/y18n-5.0.8.tgz#7f4934d0f7ca8c56f95314939ddcd2dd91ce1d55"
  integrity sha512-0pfFzegeDWJHJIAmTLRP2DwHjdF5s7jo9tuztdQxAhINCdvS+3nGINqPd00AphqJR/0LhANUS6/+7SCb98YOfA==

yargs-parser@^21.1.1:
  version "21.1.1"
  resolved "https://registry.yarnpkg.com/yargs-parser/-/yargs-parser-21.1.1.tgz#9096bceebf990d21bb31fa9516e0ede294a77d35"
  integrity sha512-tVpsJW7DdjecAiFpbIB1e3qxIQsE6NoPc5/eTdrbbIC4h0LVsWhnoa3g+m2HclBIujHzsxZ4VJVA+GUuc2/LBw==

yargs@^17.7.2:
  version "17.7.3"
  resolved "https://registry.yarnpkg.com/yargs/-/yargs-17.7.3.tgz#779dffe6bcafec596a7172e983289a588647faaa"
  integrity sha512-GZtjxm/J/4TSxuL3FNYjCmLktBTnIw/rVmKSIyKeYAZpmJB2ig9VauCC5xsa82GNKVKDAqpOn3KVzNt0zmrU0g==
  dependencies:
    cliui "^8.0.1"
    escalade "^3.1.1"
    get-caller-file "^2.0.5"
    require-directory "^2.1.1"
    string-width "^4.2.3"
    y18n "^5.0.5"
    yargs-parser "^21.1.1"
