# THIS IS AN AUTOGENERATED FILE. DO NOT EDIT THIS FILE DIRECTLY.
# yarn lockfile v1


"@firebase/app-types@0.3.10":
  version "0.3.10"
  resolved "https://registry.yarnpkg.com/@firebase/app-types/-/app-types-0.3.10.tgz#8f6d24d80bf833622b53ed26eaa04cfa9dd0f2f3"
  integrity sha512-l+5BJtSQopalBXiY/YuSaB9KF9PnDj37FLV0Sx3qJjh5B3IthCuZbPc1Vpbbbee/QZgudl0G212BBsUMGHP+fQ==

"@firebase/app@0.3.17":
  version "0.3.17"
  resolved "https://registry.yarnpkg.com/@firebase/app/-/app-0.3.17.tgz#491dc3bc1a2837bbb4869161cc9852cfc04da891"
  integrity sha512-/8lDeeIxgdCIMffrfBPQ3bcdSkF8bx4KCp8pKMPOG/HYKoeM8I9eP4zlzxL5ABzRjvcdhK9KOYOn0jRrNrGD9g==
  dependencies:
    "@firebase/app-types" "0.3.10"
    "@firebase/util" "0.2.14"
    dom-storage "2.1.0"
    tslib "1.9.3"
    xmlhttprequest "1.8.0"

"@firebase/auth-types@0.6.1":
  version "0.6.1"
  resolved "https://registry.yarnpkg.com/@firebase/auth-types/-/auth-types-0.6.1.tgz#9b60142e3a4adc1db09c037d068ab98cd54c10a8"
  integrity sha512-uciPeIQJC1NZDhI5+BWbyqi70YXIjT3jm03sYtIgkPt2sr3n8sq1RpnoTMYfAJkQ0QlgLaBkeM/huMx06eBoXQ==

"@firebase/auth@0.10.2":
  version "0.10.2"
  resolved "https://registry.yarnpkg.com/@firebase/auth/-/auth-0.10.2.tgz#ef7a34f4667445ebaf4972622141c8fa4dffb961"
  integrity sha512-+S8RZcHhhat2xrW/RGOcSZO8pv0qHveaw09Bq/gXhZyJfN86UeiMc3sv4YMo1Hu7fRRorNteijpmlH522eI0AA==
  dependencies:
    "@firebase/auth-types" "0.6.1"

"@firebase/database-types@0.3.11":
  version "0.3.11"
  resolved "https://registry.yarnpkg.com/@firebase/database-types/-/database-types-0.3.11.tgz#6bfcaca8e14e7d6bb67d723f0c2d7febbeefa054"
  integrity sha512-iRAZzs7Zlmmvh7r0XlR1MAO6I6bm1HjW9m1ytfJ6E/8+zItHnbVH4iiVVkC39r1wMGrtPMz8FiIUWoaasPF5dA==

"@firebase/database@0.3.20":
  version "0.3.20"
  resolved "https://registry.yarnpkg.com/@firebase/database/-/database-0.3.20.tgz#6851d8ef3229aeb7bcbe5e851434672abae43ee4"
  integrity sha512-fZHRIlRQlND/UrzI1beUTRKfktjMvMEiUOar6ylFZqOj2KNVO4CrF95UGqRl0HBGhZzlBKzaDYAcJze2D6C4+Q==
  dependencies:
    "@firebase/database-types" "0.3.11"
    "@firebase/logger" "0.1.13"
    "@firebase/util" "0.2.14"
    faye-websocket "0.11.1"
    tslib "1.9.3"

"@firebase/firestore-types@1.2.1":
  version "1.2.1"
  resolved "https://registry.yarnpkg.com/@firebase/firestore-types/-/firestore-types-1.2.1.tgz#ac09c2e1b6324991cd05c1ce1f74e63771237fb8"
  integrity sha512-/Klu3uVLoTjW3ckYqFTV3lr9HzEKM7pMpPHao1Sy+YwIUmTjFMI1LE2WcXMx6HN2jipFjjD/Xjg0hY0+0dnPCg==

"@firebase/firestore@1.2.2":
  version "1.2.2"
  resolved "https://registry.yarnpkg.com/@firebase/firestore/-/firestore-1.2.2.tgz#9a97e60cc20bda7b06a6985190b4f33357a4fe28"
  integrity sha512-5o3SFTpMYaWrWRlm5qBX84fNDwdiPTbb0qo6KDI+OvIzTaMsEfOJ4vUz+Binxfq0dPen0fU6JLO+xix8Sa8TBA==
  dependencies:
    "@firebase/firestore-types" "1.2.1"
    "@firebase/logger" "0.1.13"
    "@firebase/webchannel-wrapper" "0.2.19"
    grpc "1.20.0"
    tslib "1.9.3"

"@firebase/functions-types@0.3.5":
  version "0.3.5"
  resolved "https://registry.yarnpkg.com/@firebase/functions-types/-/functions-types-0.3.5.tgz#1fae28b0bbb89fd0629a353eafbc53e8d6e073e2"
  integrity sha512-3hTMqfSugCfxzT6vZPbzQ58G4941rsFr99fWKXGKFAl2QpdMBCnKmEKdg/p5M47xIPyzIQn6NMF5kCo/eICXhA==

"@firebase/functions@0.4.6":
  version "0.4.6"
  resolved "https://registry.yarnpkg.com/@firebase/functions/-/functions-0.4.6.tgz#be6a3bac1779ec612c6bf8082464319d22607a84"
  integrity sha512-jpRLY8GyhmFufnN3eilvIuAqD9qsG2/AftGtFaTRL0ObSySmraYcVOpKAxsFZW//9EMNtI9c9/rw+QFq5SkuyA==
  dependencies:
    "@firebase/functions-types" "0.3.5"
    "@firebase/messaging-types" "0.2.11"
    isomorphic-fetch "2.2.1"
    tslib "1.9.3"

"@firebase/installations-types@0.1.0":
  version "0.1.0"
  resolved "https://registry.yarnpkg.com/@firebase/installations-types/-/installations-types-0.1.0.tgz#51c2d93d91ae6539f1a292f8d58d3d83e98cc9a2"
  integrity sha512-cw2UIvPa3+umy6w7dGj0LqQQ9v7WEOro5s+6B+v54Tw25WyLnR6cBIkyyahv3Uu9QPnGZCIsemlQwxIaIOMb9g==

"@firebase/installations@0.1.0":
  version "0.1.0"
  resolved "https://registry.yarnpkg.com/@firebase/installations/-/installations-0.1.0.tgz#7a738a5d647e611cd47666f95982af6049dc9d00"
  integrity sha512-drt9kDT4w/OCXt5nboOIaUGI3lDwHAoSY2V6qJTbtbd3qVSxE0EBLA4c+allpWdmrhGBrASApuA0eAjphxuXIw==
  dependencies:
    "@firebase/installations-types" "0.1.0"
    "@firebase/util" "0.2.14"
    idb "3.0.2"

"@firebase/logger@0.1.13":
  version "0.1.13"
  resolved "https://registry.yarnpkg.com/@firebase/logger/-/logger-0.1.13.tgz#8e4847a0d5b77cedd8dcf4c6a8e4b98de7297e6b"
  integrity sha512-wIbLwQ2oJCkvHIE7J3FDxpScKY84fSctEEjOi0PB+Yn2dN8AwqtM7YF8rtcY8cxntv8dyR+i7GNg1Nd89cGxkA==

"@firebase/messaging-types@0.2.11":
  version "0.2.11"
  resolved "https://registry.yarnpkg.com/@firebase/messaging-types/-/messaging-types-0.2.11.tgz#b81d09c0aa6be7dbac421edff8100971c56d64e0"
  integrity sha512-uWtzPMj1mAX8EbG68SnxE12Waz+hRuO7vtosUFePGBfxVNNmPx5vJyKZTz+hbM4P77XddshAiaEkyduro4gNgA==

"@firebase/messaging@0.3.19":
  version "0.3.19"
  resolved "https://registry.yarnpkg.com/@firebase/messaging/-/messaging-0.3.19.tgz#d66d83f18b219a7059f78fca1eb5ebc25474c093"
  integrity sha512-xY1Hlsj0MqyU/AmJQLyH9Uknhs8+1OsD2xXE8W34qk0g2RtpygUN7JMD21d5w5zZ5dMtLNhVSIxU8oI2rAUjcA==
  dependencies:
    "@firebase/messaging-types" "0.2.11"
    "@firebase/util" "0.2.14"
    tslib "1.9.3"

"@firebase/performance-types@0.0.1":
  version "0.0.1"
  resolved "https://registry.yarnpkg.com/@firebase/performance-types/-/performance-types-0.0.1.tgz#749b6351f5f802ec7a9be5737546eeda18e7ac4a"
  integrity sha512-U45GbVAnPyz7wPLd3FrWdTeaFSvgsnGfGK58VojfEMmFnMAixCM3qBv1XJ0xfhyKbK1xZN4+usWAR8F3CwRAXw==

"@firebase/performance@0.2.1":
  version "0.2.1"
  resolved "https://registry.yarnpkg.com/@firebase/performance/-/performance-0.2.1.tgz#14cf8c747672ca529cc6d07234ef5baab227d4c9"
  integrity sha512-vo/24+W35foc2ShRgeIlx2Ej45+Sn6uYPpnYzTtJb3DwE3sb0BVGocVgINbXyguUq2PHS+6yLsCm88y12DS2EA==
  dependencies:
    "@firebase/installations" "0.1.0"
    "@firebase/logger" "0.1.13"
    "@firebase/performance-types" "0.0.1"
    "@firebase/util" "0.2.14"
    tslib "1.9.3"

"@firebase/polyfill@0.3.13":
  version "0.3.13"
  resolved "https://registry.yarnpkg.com/@firebase/polyfill/-/polyfill-0.3.13.tgz#f08570ea6429e3ef5f8daa4df62c6b7ad2501908"
  integrity sha512-nmz0KMrGZh4wvy8iPnOCtpSXw0LwXPdj9lqgeOVClXMgJBi5+FS1q0W1Ofn7BULmMc8tYsGGY+T2HvfmznMuPg==
  dependencies:
    core-js "3.0.1"
    promise-polyfill "8.1.0"
    whatwg-fetch "2.0.4"

"@firebase/storage-types@0.2.11":
  version "0.2.11"
  resolved "https://registry.yarnpkg.com/@firebase/storage-types/-/storage-types-0.2.11.tgz#cbbcdca9bbd68c527ca2c2be2241d619126cb5b3"
  integrity sha512-vGTFJmKbfScmCAVUamREIBTopr5Uusxd8xPAgNDxMZwICvdCjHO0UH0pZZj6iBQuwxLe/NEtFycPnu1kKT+TPw==

"@firebase/storage@0.2.15":
  version "0.2.15"
  resolved "https://registry.yarnpkg.com/@firebase/storage/-/storage-0.2.15.tgz#64a4bf101a08c5e24cf398fe02d3d2a65a1fd2e9"
  integrity sha512-WR80AXm1btlHERavhSwiTwFAyT/M/Jn6/2I3RAlcVOS6NnKVdRIcSVW1zY9jvO3fdeksqBU9NKTXeXFTmsrw6g==
  dependencies:
    "@firebase/storage-types" "0.2.11"
    tslib "1.9.3"

"@firebase/util@0.2.14":
  version "0.2.14"
  resolved "https://registry.yarnpkg.com/@firebase/util/-/util-0.2.14.tgz#c22911407453436d0f472c8d408791a6bd5feb9c"
  integrity sha512-2ke1Lra0R5T+5ucCMWft/IB2rI/IzumHHYm9aqrM9lJ3XURiWmBHAYrvaPVP7///gDhJAo+NNDUCAJH/Y4PmvA==
  dependencies:
    tslib "1.9.3"

"@firebase/webchannel-wrapper@0.2.19":
  version "0.2.19"
  resolved "https://registry.yarnpkg.com/@firebase/webchannel-wrapper/-/webchannel-wrapper-0.2.19.tgz#991df31d892a51414e0e544b5cff4216cfb04915"
  integrity sha512-U9e2dCB38mD2AvV/zAjghauwa0UX15Wt98iBgm8IOw8spluDxysx8UZFUhj38fu0iFXORVRBqseyK2wCxZIl5w==

"@now/node@^1.0.0":
  version "1.0.1"
  resolved "https://registry.yarnpkg.com/@now/node/-/node-1.0.1.tgz#519e137a7b0da913ee409d1613ecab8b8d0e4a8c"
  integrity sha512-unClfFk4s7q31AyE6D+8LjQTeFRG+YKfeCCMXT+/KXIuCzCx/uqCtlP/rp9sCdxayVM93iPg9x1Ttbn3ySg7zQ==
  dependencies:
    "@types/node" "*"

"@types/http-proxy@^1.17.0":
  version "1.17.0"
  resolved "https://registry.yarnpkg.com/@types/http-proxy/-/http-proxy-1.17.0.tgz#baf82ff6aa2723fd29f90e3ba1384e665006863e"
  integrity sha512-l+s0IoxSHqhLFJPDHRfO235kgrCkvFD8JmdV/T9C4BKBYPIjrQopGFH4r7h2e3jQqgJRCthRCAZIxDoFnj1zwQ==
  dependencies:
    "@types/node" "*"

"@types/node@*":
  version "12.7.12"
  resolved "https://registry.yarnpkg.com/@types/node/-/node-12.7.12.tgz#7c6c571cc2f3f3ac4a59a5f2bd48f5bdbc8653cc"
  integrity sha512-KPYGmfD0/b1eXurQ59fXD1GBzhSQfz6/lKBxkaHX9dKTzjXbK68Zt7yGUxUsCS1jeTy/8aL+d9JEr+S54mpkWQ==

"@types/uuid@^3.4.5":
  version "3.4.5"
  resolved "https://registry.yarnpkg.com/@types/uuid/-/uuid-3.4.5.tgz#d4dc10785b497a1474eae0ba7f0cb09c0ddfd6eb"
  integrity sha512-MNL15wC3EKyw1VLF+RoVO4hJJdk9t/Hlv3rt1OL65Qvuadm4BYo6g9ZJQqoq7X8NBFSsQXgAujWciovh2lpVjA==
  dependencies:
    "@types/node" "*"

abbrev@1:
  version "1.1.1"
  resolved "https://registry.yarnpkg.com/abbrev/-/abbrev-1.1.1.tgz#f8f2c887ad10bf67f634f005b6987fed3179aac8"
  integrity sha512-nne9/IiQ/hzIhY6pdDnbBtz7DjPTKrY00P/zvPSm5pOFkl6xuGrGnXn/VtTNNfNtAfZ9/1RtehkszU9qcTii0Q==

ansi-regex@^2.0.0:
  version "2.1.1"
  resolved "https://registry.yarnpkg.com/ansi-regex/-/ansi-regex-2.1.1.tgz#c3b33ab5ee360d86e0e628f0468ae7ef27d654df"
  integrity sha1-w7M6te42DYbg5ijwRorn7yfWVN8=

ansi-regex@^3.0.0:
  version "3.0.0"
  resolved "https://registry.yarnpkg.com/ansi-regex/-/ansi-regex-3.0.0.tgz#ed0317c322064f79466c02966bddb605ab37d998"
  integrity sha1-7QMXwyIGT3lGbAKWa922Bas32Zg=

aproba@^1.0.3:
  version "1.2.0"
  resolved "https://registry.yarnpkg.com/aproba/-/aproba-1.2.0.tgz#6802e6264efd18c790a1b0d517f0f2627bf2c94a"
  integrity sha512-Y9J6ZjXtoYh8RnXVCMOU/ttDmk1aBjunq9vO0ta5x85WDQiQfUF9sIPBITdbiiIVcBo03Hi3jMxigBtsddlXRw==

are-we-there-yet@~1.1.2:
  version "1.1.5"
  resolved "https://registry.yarnpkg.com/are-we-there-yet/-/are-we-there-yet-1.1.5.tgz#4b35c2944f062a8bfcda66410760350fe9ddfc21"
  integrity sha512-5hYdAkZlcG8tOLujVDTgCT+uPX0VnpAH28gWsLfzpXYm7wP6mp5Q/gYyR7YQ0cKVJcXJnl3j2kpBan13PtQf6w==
  dependencies:
    delegates "^1.0.0"
    readable-stream "^2.0.6"

ascli@~1:
  version "1.0.1"
  resolved "https://registry.yarnpkg.com/ascli/-/ascli-1.0.1.tgz#bcfa5974a62f18e81cabaeb49732ab4a88f906bc"
  integrity sha1-vPpZdKYvGOgcq660lzKrSoj5Brw=
  dependencies:
    colour "~0.7.1"
    optjs "~3.2.2"

balanced-match@^1.0.0:
  version "1.0.0"
  resolved "https://registry.yarnpkg.com/balanced-match/-/balanced-match-1.0.0.tgz#89b4d199ab2bee49de164ea02b89ce462d71b767"
  integrity sha1-ibTRmasr7kneFk6gK4nORi1xt2c=

brace-expansion@^1.1.7:
  version "1.1.11"
  resolved "https://registry.yarnpkg.com/brace-expansion/-/brace-expansion-1.1.11.tgz#3c7fcbf529d87226f3d2f52b966ff5271eb441dd"
  integrity sha512-iCuPHDFgrHX7H2vEI/5xpz07zSHB00TpugqhmYtVmMO6518mCuRMoOYFldEBl0g187ufozdaHgWKcYFb61qGiA==
  dependencies:
    balanced-match "^1.0.0"
    concat-map "0.0.1"

bytebuffer@~5:
  version "5.0.1"
  resolved "https://registry.yarnpkg.com/bytebuffer/-/bytebuffer-5.0.1.tgz#582eea4b1a873b6d020a48d58df85f0bba6cfddd"
  integrity sha1-WC7qSxqHO20CCkjVjfhfC7ps/d0=
  dependencies:
    long "~3"

camelcase@^2.0.1:
  version "2.1.1"
  resolved "https://registry.yarnpkg.com/camelcase/-/camelcase-2.1.1.tgz#7c1d16d679a1bbe59ca02cacecfb011e201f5a1f"
  integrity sha1-fB0W1nmhu+WcoCys7PsBHiAfWh8=

chownr@^1.1.1:
  version "1.1.3"
  resolved "https://registry.yarnpkg.com/chownr/-/chownr-1.1.3.tgz#42d837d5239688d55f303003a508230fa6727142"
  integrity sha512-i70fVHhmV3DtTl6nqvZOnIjbY0Pe4kAUjwHj8z0zAdgBtYrJyYwLKCCuRBQ5ppkyL0AkN7HKRnETdmdp1zqNXw==

cliui@^3.0.3:
  version "3.2.0"
  resolved "https://registry.yarnpkg.com/cliui/-/cliui-3.2.0.tgz#120601537a916d29940f934da3b48d585a39213d"
  integrity sha1-EgYBU3qRbSmUD5NNo7SNWFo5IT0=
  dependencies:
    string-width "^1.0.1"
    strip-ansi "^3.0.1"
    wrap-ansi "^2.0.0"

code-point-at@^1.0.0:
  version "1.1.0"
  resolved "https://registry.yarnpkg.com/code-point-at/-/code-point-at-1.1.0.tgz#0d070b4d043a5bea33a2f1a40e2edb3d9a4ccf77"
  integrity sha1-DQcLTQQ6W+ozovGkDi7bPZpMz3c=

colour@~0.7.1:
  version "0.7.1"
  resolved "https://registry.yarnpkg.com/colour/-/colour-0.7.1.tgz#9cb169917ec5d12c0736d3e8685746df1cadf778"
  integrity sha1-nLFpkX7F0SwHNtPoaFdG3xyt93g=

concat-map@0.0.1:
  version "0.0.1"
  resolved "https://registry.yarnpkg.com/concat-map/-/concat-map-0.0.1.tgz#d8a96bd77fd68df7793a73036a3ba0d5405d477b"
  integrity sha1-2Klr13/Wjfd5OnMDajug1UBdR3s=

console-control-strings@^1.0.0, console-control-strings@~1.1.0:
  version "1.1.0"
  resolved "https://registry.yarnpkg.com/console-control-strings/-/console-control-strings-1.1.0.tgz#3d7cf4464db6446ea644bf4b39507f9851008e8e"
  integrity sha1-PXz0Rk22RG6mRL9LOVB/mFEAjo4=

core-js@3.0.1:
  version "3.0.1"
  resolved "https://registry.yarnpkg.com/core-js/-/core-js-3.0.1.tgz#1343182634298f7f38622f95e73f54e48ddf4738"
  integrity sha512-sco40rF+2KlE0ROMvydjkrVMMG1vYilP2ALoRXcYR4obqbYIuV3Bg+51GEDW+HF8n7NRA+iaA4qD0nD9lo9mew==

core-util-is@~1.0.0:
  version "1.0.2"
  resolved "https://registry.yarnpkg.com/core-util-is/-/core-util-is-1.0.2.tgz#b5fd54220aa2bc5ab57aab7140c940754503c1a7"
  integrity sha1-tf1UIgqivFq1eqtxQMlAdUUDwac=

debug@^3.0.0, debug@^3.2.6:
  version "3.2.6"
  resolved "https://registry.yarnpkg.com/debug/-/debug-3.2.6.tgz#e83d17de16d8a7efb7717edbe5fb10135eee629b"
  integrity sha512-mel+jf7nrtEl5Pn1Qx46zARXKDpBbvzezse7p7LqINmdoIk8PYP5SySaxEmYv6TZ0JyEKA1hsCId6DIhgITtWQ==
  dependencies:
    ms "^2.1.1"

decamelize@^1.1.1:
  version "1.2.0"
  resolved "https://registry.yarnpkg.com/decamelize/-/decamelize-1.2.0.tgz#f6534d15148269b20352e7bee26f501f9a191290"
  integrity sha1-9lNNFRSCabIDUue+4m9QH5oZEpA=

deep-extend@^0.6.0:
  version "0.6.0"
  resolved "https://registry.yarnpkg.com/deep-extend/-/deep-extend-0.6.0.tgz#c4fa7c95404a17a9c3e8ca7e1537312b736330ac"
  integrity sha512-LOHxIOaPYdHlJRtCQfDIVZtfw/ufM8+rVj649RIHzcm/vGwQRXFt6OPqIFWsm2XEMrNIEtWR64sY1LEKD2vAOA==

delegates@^1.0.0:
  version "1.0.0"
  resolved "https://registry.yarnpkg.com/delegates/-/delegates-1.0.0.tgz#84c6e159b81904fdca59a0ef44cd870d31250f9a"
  integrity sha1-hMbhWbgZBP3KWaDvRM2HDTElD5o=

detect-libc@^1.0.2:
  version "1.0.3"
  resolved "https://registry.yarnpkg.com/detect-libc/-/detect-libc-1.0.3.tgz#fa137c4bd698edf55cd5cd02ac559f91a4c4ba9b"
  integrity sha1-+hN8S9aY7fVc1c0CrFWfkaTEups=

dom-storage@2.1.0:
  version "2.1.0"
  resolved "https://registry.yarnpkg.com/dom-storage/-/dom-storage-2.1.0.tgz#00fb868bc9201357ea243c7bcfd3304c1e34ea39"
  integrity sha512-g6RpyWXzl0RR6OTElHKBl7nwnK87GUyZMYC7JWsB/IA73vpqK2K6LT39x4VepLxlSsWBFrPVLnsSR5Jyty0+2Q==

encoding@^0.1.11:
  version "0.1.12"
  resolved "https://registry.yarnpkg.com/encoding/-/encoding-0.1.12.tgz#538b66f3ee62cd1ab51ec323829d1f9480c74beb"
  integrity sha1-U4tm8+5izRq1HsMjgp0flIDHS+s=
  dependencies:
    iconv-lite "~0.4.13"

eventemitter3@^4.0.0:
  version "4.0.0"
  resolved "https://registry.yarnpkg.com/eventemitter3/-/eventemitter3-4.0.0.tgz#d65176163887ee59f386d64c82610b696a4a74eb"
  integrity sha512-qerSRB0p+UDEssxTtm6EDKcE7W4OaoisfIMl4CngyEhjpYglocpNg6UEqCvemdGhosAsg4sO2dXJOdyBifPGCg==

faye-websocket@0.11.1:
  version "0.11.1"
  resolved "https://registry.yarnpkg.com/faye-websocket/-/faye-websocket-0.11.1.tgz#f0efe18c4f56e4f40afc7e06c719fd5ee6188f38"
  integrity sha1-8O/hjE9W5PQK/H4Gxxn9XuYYjzg=
  dependencies:
    websocket-driver ">=0.5.1"

firebase@^5.0.4:
  version "5.11.1"
  resolved "https://registry.yarnpkg.com/firebase/-/firebase-5.11.1.tgz#e7d376265545d7b0538b4679a96145c26a2b5c39"
  integrity sha512-cop2UHytKas8WJZTovZqhpZIgwRfsvegijyOjgmMJoaOHCnyH4eymPneglgXsK5ExOdxJSTC4QD5qETrdL3dMw==
  dependencies:
    "@firebase/app" "0.3.17"
    "@firebase/auth" "0.10.2"
    "@firebase/database" "0.3.20"
    "@firebase/firestore" "1.2.2"
    "@firebase/functions" "0.4.6"
    "@firebase/messaging" "0.3.19"
    "@firebase/performance" "0.2.1"
    "@firebase/polyfill" "0.3.13"
    "@firebase/storage" "0.2.15"

follow-redirects@^1.0.0:
  version "1.9.0"
  resolved "https://registry.yarnpkg.com/follow-redirects/-/follow-redirects-1.9.0.tgz#8d5bcdc65b7108fe1508649c79c12d732dcedb4f"
  integrity sha512-CRcPzsSIbXyVDl0QI01muNDu69S8trU4jArW9LpOt2WtC6LyUJetcIrmfHsRBx7/Jb6GHJUiuqyYxPooFfNt6A==
  dependencies:
    debug "^3.0.0"

fs-minipass@^1.2.5:
  version "1.2.7"
  resolved "https://registry.yarnpkg.com/fs-minipass/-/fs-minipass-1.2.7.tgz#ccff8570841e7fe4265693da88936c55aed7f7c7"
  integrity sha512-GWSSJGFy4e9GUeCcbIkED+bgAoFyj7XF1mV8rma3QW4NIqX9Kyx79N/PF61H5udOV3aY1IaMLs6pGbH71nlCTA==
  dependencies:
    minipass "^2.6.0"

fs.realpath@^1.0.0:
  version "1.0.0"
  resolved "https://registry.yarnpkg.com/fs.realpath/-/fs.realpath-1.0.0.tgz#1504ad2523158caa40db4a2787cb01411994ea4f"
  integrity sha1-FQStJSMVjKpA20onh8sBQRmU6k8=

gauge@~2.7.3:
  version "2.7.4"
  resolved "https://registry.yarnpkg.com/gauge/-/gauge-2.7.4.tgz#2c03405c7538c39d7eb37b317022e325fb018bf7"
  integrity sha1-LANAXHU4w51+s3sxcCLjJfsBi/c=
  dependencies:
    aproba "^1.0.3"
    console-control-strings "^1.0.0"
    has-unicode "^2.0.0"
    object-assign "^4.1.0"
    signal-exit "^3.0.0"
    string-width "^1.0.1"
    strip-ansi "^3.0.1"
    wide-align "^1.1.0"

glob@^7.0.5, glob@^7.1.3:
  version "7.1.4"
  resolved "https://registry.yarnpkg.com/glob/-/glob-7.1.4.tgz#aa608a2f6c577ad357e1ae5a5c26d9a8d1969255"
  integrity sha512-hkLPepehmnKk41pUGm3sYxoFs/umurYfYJCerbXEyFIWcAzvpipAgVkBqqT9RBKMGjnq6kMuyYwha6csxbiM1A==
  dependencies:
    fs.realpath "^1.0.0"
    inflight "^1.0.4"
    inherits "2"
    minimatch "^3.0.4"
    once "^1.3.0"
    path-is-absolute "^1.0.0"

grpc@1.20.0:
  version "1.20.0"
  resolved "https://registry.yarnpkg.com/grpc/-/grpc-1.20.0.tgz#85ad2aeb94bdbfe59c4a40b2fff8fc1ea70cd6a0"
  integrity sha512-HgYuJzRomkBlJAfC/78epuWzwMiByxgj4JsO6G6dHXXNfARTsUqpM/FmPSJJNFGvzCev0g6tn33CE7nWEmhDEg==
  dependencies:
    lodash.camelcase "^4.3.0"
    lodash.clone "^4.5.0"
    nan "^2.0.0"
    node-pre-gyp "^0.12.0"
    protobufjs "^5.0.3"

has-unicode@^2.0.0:
  version "2.0.1"
  resolved "https://registry.yarnpkg.com/has-unicode/-/has-unicode-2.0.1.tgz#e0e6fe6a28cf51138855e086d1691e771de2a8b9"
  integrity sha1-4Ob+aijPUROIVeCG0Wkedx3iqLk=

"http-parser-js@>=0.4.0 <0.4.11":
  version "0.4.10"
  resolved "https://registry.yarnpkg.com/http-parser-js/-/http-parser-js-0.4.10.tgz#92c9c1374c35085f75db359ec56cc257cbb93fa4"
  integrity sha1-ksnBN0w1CF912zWexWzCV8u5P6Q=

http-proxy@^1.17.0:
  version "1.18.0"
  resolved "https://registry.yarnpkg.com/http-proxy/-/http-proxy-1.18.0.tgz#dbe55f63e75a347db7f3d99974f2692a314a6a3a"
  integrity sha512-84I2iJM/n1d4Hdgc6y2+qY5mDaz2PUVjlg9znE9byl+q0uC3DeByqBGReQu5tpLK0TAqTIXScRUV+dg7+bUPpQ==
  dependencies:
    eventemitter3 "^4.0.0"
    follow-redirects "^1.0.0"
    requires-port "^1.0.0"

iconv-lite@^0.4.4, iconv-lite@~0.4.13:
  version "0.4.24"
  resolved "https://registry.yarnpkg.com/iconv-lite/-/iconv-lite-0.4.24.tgz#2022b4b25fbddc21d2f524974a474aafe733908b"
  integrity sha512-v3MXnZAcvnywkTUEZomIActle7RXXeedOR31wwl7VlyoXO4Qi9arvSenNQWne1TcRwhCL1HwLI21bEqdpj8/rA==
  dependencies:
    safer-buffer ">= 2.1.2 < 3"

idb@3.0.2:
  version "3.0.2"
  resolved "https://registry.yarnpkg.com/idb/-/idb-3.0.2.tgz#c8e9122d5ddd40f13b60ae665e4862f8b13fa384"
  integrity sha512-+FLa/0sTXqyux0o6C+i2lOR0VoS60LU/jzUo5xjfY6+7sEEgy4Gz1O7yFBXvjd7N0NyIGWIRg8DcQSLEG+VSPw==

ignore-walk@^3.0.1:
  version "3.0.3"
  resolved "https://registry.yarnpkg.com/ignore-walk/-/ignore-walk-3.0.3.tgz#017e2447184bfeade7c238e4aefdd1e8f95b1e37"
  integrity sha512-m7o6xuOaT1aqheYHKf8W6J5pYH85ZI9w077erOzLje3JsB1gkafkAhHHY19dqjulgIZHFm32Cp5uNZgcQqdJKw==
  dependencies:
    minimatch "^3.0.4"

inflight@^1.0.4:
  version "1.0.6"
  resolved "https://registry.yarnpkg.com/inflight/-/inflight-1.0.6.tgz#49bd6331d7d02d0c09bc910a1075ba8165b56df9"
  integrity sha1-Sb1jMdfQLQwJvJEKEHW6gWW1bfk=
  dependencies:
    once "^1.3.0"
    wrappy "1"

inherits@2, inherits@~2.0.3:
  version "2.0.4"
  resolved "https://registry.yarnpkg.com/inherits/-/inherits-2.0.4.tgz#0fa2c64f932917c3433a0ded55363aae37416b7c"
  integrity sha512-k/vGaX4/Yla3WzyMCvTQOXYeIHvqOKtnqBduzTHpzpQZzAskKMhZ2K+EnBiSM9zGSoIFeMpXKxa4dYeZIQqewQ==

ini@~1.3.0:
  version "1.3.5"
  resolved "https://registry.yarnpkg.com/ini/-/ini-1.3.5.tgz#eee25f56db1c9ec6085e0c22778083f596abf927"
  integrity sha512-RZY5huIKCMRWDUqZlEi72f/lmXKMvuszcMBduliQ3nnWbx9X/ZBQO7DijMEYS9EhHBb2qacRUMtC7svLwe0lcw==

invert-kv@^1.0.0:
  version "1.0.0"
  resolved "https://registry.yarnpkg.com/invert-kv/-/invert-kv-1.0.0.tgz#104a8e4aaca6d3d8cd157a8ef8bfab2d7a3ffdb6"
  integrity sha1-EEqOSqym09jNFXqO+L+rLXo//bY=

is-fullwidth-code-point@^1.0.0:
  version "1.0.0"
  resolved "https://registry.yarnpkg.com/is-fullwidth-code-point/-/is-fullwidth-code-point-1.0.0.tgz#ef9e31386f031a7f0d643af82fde50c457ef00cb"
  integrity sha1-754xOG8DGn8NZDr4L95QxFfvAMs=
  dependencies:
    number-is-nan "^1.0.0"

is-fullwidth-code-point@^2.0.0:
  version "2.0.0"
  resolved "https://registry.yarnpkg.com/is-fullwidth-code-point/-/is-fullwidth-code-point-2.0.0.tgz#a3b30a5c4f199183167aaab93beefae3ddfb654f"
  integrity sha1-o7MKXE8ZkYMWeqq5O+764937ZU8=

is-stream@^1.0.1:
  version "1.1.0"
  resolved "https://registry.yarnpkg.com/is-stream/-/is-stream-1.1.0.tgz#12d4a3dd4e68e0b79ceb8dbc84173ae80d91ca44"
  integrity sha1-EtSj3U5o4Lec6428hBc66A2RykQ=

isarray@~1.0.0:
  version "1.0.0"
  resolved "https://registry.yarnpkg.com/isarray/-/isarray-1.0.0.tgz#bb935d48582cba168c06834957a54a3e07124f11"
  integrity sha1-u5NdSFgsuhaMBoNJV6VKPgcSTxE=

isomorphic-fetch@2.2.1:
  version "2.2.1"
  resolved "https://registry.yarnpkg.com/isomorphic-fetch/-/isomorphic-fetch-2.2.1.tgz#611ae1acf14f5e81f729507472819fe9733558a9"
  integrity sha1-YRrhrPFPXoH3KVB0coGf6XM1WKk=
  dependencies:
    node-fetch "^1.0.1"
    whatwg-fetch ">=0.10.0"

lcid@^1.0.0:
  version "1.0.0"
  resolved "https://registry.yarnpkg.com/lcid/-/lcid-1.0.0.tgz#308accafa0bc483a3867b4b6f2b9506251d1b835"
  integrity sha1-MIrMr6C8SDo4Z7S28rlQYlHRuDU=
  dependencies:
    invert-kv "^1.0.0"

lodash.camelcase@^4.3.0:
  version "4.3.0"
  resolved "https://registry.yarnpkg.com/lodash.camelcase/-/lodash.camelcase-4.3.0.tgz#b28aa6288a2b9fc651035c7711f65ab6190331a6"
  integrity sha1-soqmKIorn8ZRA1x3EfZathkDMaY=

lodash.clone@^4.5.0:
  version "4.5.0"
  resolved "https://registry.yarnpkg.com/lodash.clone/-/lodash.clone-4.5.0.tgz#195870450f5a13192478df4bc3d23d2dea1907b6"
  integrity sha1-GVhwRQ9aExkkeN9Lw9I9LeoZB7Y=

long@~3:
  version "3.2.0"
  resolved "https://registry.yarnpkg.com/long/-/long-3.2.0.tgz#d821b7138ca1cb581c172990ef14db200b5c474b"
  integrity sha1-2CG3E4yhy1gcFymQ7xTbIAtcR0s=

minimatch@^3.0.4:
  version "3.0.4"
  resolved "https://registry.yarnpkg.com/minimatch/-/minimatch-3.0.4.tgz#5166e286457f03306064be5497e8dbb0c3d32083"
  integrity sha512-yJHVQEhyqPLUTgt9B83PXu6W3rx4MvvHvSUvToogpwoGDOUQ+yDrR0HRot+yOCdCO7u4hX3pWft6kWBBcqh0UA==
  dependencies:
    brace-expansion "^1.1.7"

minimist@0.0.8:
  version "0.0.8"
  resolved "https://registry.yarnpkg.com/minimist/-/minimist-0.0.8.tgz#857fcabfc3397d2625b8228262e86aa7a011b05d"
  integrity sha1-hX/Kv8M5fSYluCKCYuhqp6ARsF0=

minimist@^1.2.0:
  version "1.2.0"
  resolved "https://registry.yarnpkg.com/minimist/-/minimist-1.2.0.tgz#a35008b20f41383eec1fb914f4cd5df79a264284"
  integrity sha1-o1AIsg9BOD7sH7kU9M1d95omQoQ=

minipass@^2.6.0, minipass@^2.8.6, minipass@^2.9.0:
  version "2.9.0"
  resolved "https://registry.yarnpkg.com/minipass/-/minipass-2.9.0.tgz#e713762e7d3e32fed803115cf93e04bca9fcc9a6"
  integrity sha512-wxfUjg9WebH+CUDX/CdbRlh5SmfZiy/hpkxaRI16Y9W56Pa75sWgd/rvFilSgrauD9NyFymP/+JFV3KwzIsJeg==
  dependencies:
    safe-buffer "^5.1.2"
    yallist "^3.0.0"

minizlib@^1.2.1:
  version "1.3.3"
  resolved "https://registry.yarnpkg.com/minizlib/-/minizlib-1.3.3.tgz#2290de96818a34c29551c8a8d301216bd65a861d"
  integrity sha512-6ZYMOEnmVsdCeTJVE0W9ZD+pVnE8h9Hma/iOwwRDsdQoePpoX56/8B6z3P9VNwppJuBKNRuFDRNRqRWexT9G9Q==
  dependencies:
    minipass "^2.9.0"

mkdirp@^0.5.0, mkdirp@^0.5.1:
  version "0.5.1"
  resolved "https://registry.yarnpkg.com/mkdirp/-/mkdirp-0.5.1.tgz#30057438eac6cf7f8c4767f38648d6697d75c903"
  integrity sha1-MAV0OOrGz3+MR2fzhkjWaX11yQM=
  dependencies:
    minimist "0.0.8"

ms@^2.1.1:
  version "2.1.2"
  resolved "https://registry.yarnpkg.com/ms/-/ms-2.1.2.tgz#d09d1f357b443f493382a8eb3ccd183872ae6009"
  integrity sha512-sGkPx+VjMtmA6MX27oA4FBFELFCZZ4S4XqeGOXCv68tT+jb3vk/RyaKWP0PTKyWtmLSM0b+adUTEvbs1PEaH2w==

nan@^2.0.0:
  version "2.14.0"
  resolved "https://registry.yarnpkg.com/nan/-/nan-2.14.0.tgz#7818f722027b2459a86f0295d434d1fc2336c52c"
  integrity sha512-INOFj37C7k3AfaNTtX8RhsTw7qRy7eLET14cROi9+5HAVbbHuIWUHEauBv5qT4Av2tWasiTY1Jw6puUNqRJXQg==

needle@^2.2.1:
  version "2.4.0"
  resolved "https://registry.yarnpkg.com/needle/-/needle-2.4.0.tgz#6833e74975c444642590e15a750288c5f939b57c"
  integrity sha512-4Hnwzr3mi5L97hMYeNl8wRW/Onhy4nUKR/lVemJ8gJedxxUyBLm9kkrDColJvoSfwi0jCNhD+xCdOtiGDQiRZg==
  dependencies:
    debug "^3.2.6"
    iconv-lite "^0.4.4"
    sax "^1.2.4"

node-fetch@^1.0.1:
  version "1.7.3"
  resolved "https://registry.yarnpkg.com/node-fetch/-/node-fetch-1.7.3.tgz#980f6f72d85211a5347c6b2bc18c5b84c3eb47ef"
  integrity sha512-NhZ4CsKx7cYm2vSrBAr2PvFOe6sWDf0UYLRqA6svUYg7+/TSfVAu49jYC4BvQ4Sms9SZgdqGBgroqfDhJdTyKQ==
  dependencies:
    encoding "^0.1.11"
    is-stream "^1.0.1"

node-pre-gyp@^0.12.0:
  version "0.12.0"
  resolved "https://registry.yarnpkg.com/node-pre-gyp/-/node-pre-gyp-0.12.0.tgz#39ba4bb1439da030295f899e3b520b7785766149"
  integrity sha512-4KghwV8vH5k+g2ylT+sLTjy5wmUOb9vPhnM8NHvRf9dHmnW/CndrFXy2aRPaPST6dugXSdHXfeaHQm77PIz/1A==
  dependencies:
    detect-libc "^1.0.2"
    mkdirp "^0.5.1"
    needle "^2.2.1"
    nopt "^4.0.1"
    npm-packlist "^1.1.6"
    npmlog "^4.0.2"
    rc "^1.2.7"
    rimraf "^2.6.1"
    semver "^5.3.0"
    tar "^4"

nopt@^4.0.1:
  version "4.0.1"
  resolved "https://registry.yarnpkg.com/nopt/-/nopt-4.0.1.tgz#d0d4685afd5415193c8c7505602d0d17cd64474d"
  integrity sha1-0NRoWv1UFRk8jHUFYC0NF81kR00=
  dependencies:
    abbrev "1"
    osenv "^0.1.4"

now-env@^3.0.4:
  version "3.2.0"
  resolved "https://registry.yarnpkg.com/now-env/-/now-env-3.2.0.tgz#33223dd000d7966e66c0d00779c28c7aa0f111c6"
  integrity sha512-zCWAwdX1KTa2ZoEg6Rc8efym5V4I36sC52OXo9F3O4IaNrvd/o1z7ZjuwnevoQqLloIdQWHo3JYAcL12m+KsUQ==

npm-bundled@^1.0.1:
  version "1.0.6"
  resolved "https://registry.yarnpkg.com/npm-bundled/-/npm-bundled-1.0.6.tgz#e7ba9aadcef962bb61248f91721cd932b3fe6bdd"
  integrity sha512-8/JCaftHwbd//k6y2rEWp6k1wxVfpFzB6t1p825+cUb7Ym2XQfhwIC5KwhrvzZRJu+LtDE585zVaS32+CGtf0g==

npm-packlist@^1.1.6:
  version "1.4.6"
  resolved "https://registry.yarnpkg.com/npm-packlist/-/npm-packlist-1.4.6.tgz#53ba3ed11f8523079f1457376dd379ee4ea42ff4"
  integrity sha512-u65uQdb+qwtGvEJh/DgQgW1Xg7sqeNbmxYyrvlNznaVTjV3E5P6F/EFjM+BVHXl7JJlsdG8A64M0XI8FI/IOlg==
  dependencies:
    ignore-walk "^3.0.1"
    npm-bundled "^1.0.1"

npmlog@^4.0.2:
  version "4.1.2"
  resolved "https://registry.yarnpkg.com/npmlog/-/npmlog-4.1.2.tgz#08a7f2a8bf734604779a9efa4ad5cc717abb954b"
  integrity sha512-2uUqazuKlTaSI/dC8AzicUck7+IrEaOnN/e0jd3Xtt1KcGpwx30v50mL7oPyr/h9bL3E4aZccVwpwP+5W9Vjkg==
  dependencies:
    are-we-there-yet "~1.1.2"
    console-control-strings "~1.1.0"
    gauge "~2.7.3"
    set-blocking "~2.0.0"

number-is-nan@^1.0.0:
  version "1.0.1"
  resolved "https://registry.yarnpkg.com/number-is-nan/-/number-is-nan-1.0.1.tgz#097b602b53422a522c1afb8790318336941a011d"
  integrity sha1-CXtgK1NCKlIsGvuHkDGDNpQaAR0=

object-assign@^4.1.0:
  version "4.1.1"
  resolved "https://registry.yarnpkg.com/object-assign/-/object-assign-4.1.1.tgz#2109adc7965887cfc05cbbd442cac8bfbb360863"
  integrity sha1-IQmtx5ZYh8/AXLvUQsrIv7s2CGM=

once@^1.3.0:
  version "1.4.0"
  resolved "https://registry.yarnpkg.com/once/-/once-1.4.0.tgz#583b1aa775961d4b113ac17d9c50baef9dd76bd1"
  integrity sha1-WDsap3WWHUsROsF9nFC6753Xa9E=
  dependencies:
    wrappy "1"

optjs@~3.2.2:
  version "3.2.2"
  resolved "https://registry.yarnpkg.com/optjs/-/optjs-3.2.2.tgz#69a6ce89c442a44403141ad2f9b370bd5bb6f4ee"
  integrity sha1-aabOicRCpEQDFBrS+bNwvVu29O4=

os-homedir@^1.0.0:
  version "1.0.2"
  resolved "https://registry.yarnpkg.com/os-homedir/-/os-homedir-1.0.2.tgz#ffbc4988336e0e833de0c168c7ef152121aa7fb3"
  integrity sha1-/7xJiDNuDoM94MFox+8VISGqf7M=

os-locale@^1.4.0:
  version "1.4.0"
  resolved "https://registry.yarnpkg.com/os-locale/-/os-locale-1.4.0.tgz#20f9f17ae29ed345e8bde583b13d2009803c14d9"
  integrity sha1-IPnxeuKe00XoveWDsT0gCYA8FNk=
  dependencies:
    lcid "^1.0.0"

os-tmpdir@^1.0.0:
  version "1.0.2"
  resolved "https://registry.yarnpkg.com/os-tmpdir/-/os-tmpdir-1.0.2.tgz#bbe67406c79aa85c5cfec766fe5734555dfa1274"
  integrity sha1-u+Z0BseaqFxc/sdm/lc0VV36EnQ=

osenv@^0.1.4:
  version "0.1.5"
  resolved "https://registry.yarnpkg.com/osenv/-/osenv-0.1.5.tgz#85cdfafaeb28e8677f416e287592b5f3f49ea410"
  integrity sha512-0CWcCECdMVc2Rw3U5w9ZjqX6ga6ubk1xDVKxtBQPK7wis/0F2r9T6k4ydGYhecl7YUBxBVxhL5oisPsNxAPe2g==
  dependencies:
    os-homedir "^1.0.0"
    os-tmpdir "^1.0.0"

path-is-absolute@^1.0.0:
  version "1.0.1"
  resolved "https://registry.yarnpkg.com/path-is-absolute/-/path-is-absolute-1.0.1.tgz#174b9268735534ffbc7ace6bf53a5a9e1b5c5f5f"
  integrity sha1-F0uSaHNVNP+8es5r9TpanhtcX18=

process-nextick-args@~2.0.0:
  version "2.0.1"
  resolved "https://registry.yarnpkg.com/process-nextick-args/-/process-nextick-args-2.0.1.tgz#7820d9b16120cc55ca9ae7792680ae7dba6d7fe2"
  integrity sha512-3ouUOpQhtgrbOa17J7+uxOTpITYWaGP7/AhoR3+A+/1e9skrzelGi/dXzEYyvbxubEF6Wn2ypscTKiKJFFn1ag==

promise-polyfill@8.1.0:
  version "8.1.0"
  resolved "https://registry.yarnpkg.com/promise-polyfill/-/promise-polyfill-8.1.0.tgz#30059da54d1358ce905ac581f287e184aedf995d"
  integrity sha512-OzSf6gcCUQ01byV4BgwyUCswlaQQ6gzXc23aLQWhicvfX9kfsUiUhgt3CCQej8jDnl8/PhGF31JdHX2/MzF3WA==

protobufjs@^5.0.3:
  version "5.0.3"
  resolved "https://registry.yarnpkg.com/protobufjs/-/protobufjs-5.0.3.tgz#e4dfe9fb67c90b2630d15868249bcc4961467a17"
  integrity sha512-55Kcx1MhPZX0zTbVosMQEO5R6/rikNXd9b6RQK4KSPcrSIIwoXTtebIczUrXlwaSrbz4x8XUVThGPob1n8I4QA==
  dependencies:
    ascli "~1"
    bytebuffer "~5"
    glob "^7.0.5"
    yargs "^3.10.0"

rc@^1.2.7:
  version "1.2.8"
  resolved "https://registry.yarnpkg.com/rc/-/rc-1.2.8.tgz#cd924bf5200a075b83c188cd6b9e211b7fc0d3ed"
  integrity sha512-y3bGgqKj3QBdxLbLkomlohkvsA8gdAiUQlSBJnBhfn+BPxg4bc62d8TcBW15wavDfgexCgccckhcZvywyQYPOw==
  dependencies:
    deep-extend "^0.6.0"
    ini "~1.3.0"
    minimist "^1.2.0"
    strip-json-comments "~2.0.1"

readable-stream@^2.0.6:
  version "2.3.6"
  resolved "https://registry.yarnpkg.com/readable-stream/-/readable-stream-2.3.6.tgz#b11c27d88b8ff1fbe070643cf94b0c79ae1b0aaf"
  integrity sha512-tQtKA9WIAhBF3+VLAseyMqZeBjW0AHJoxOtYqSUZNJxauErmLbVm2FW1y+J/YA9dUrAC39ITejlZWhVIwawkKw==
  dependencies:
    core-util-is "~1.0.0"
    inherits "~2.0.3"
    isarray "~1.0.0"
    process-nextick-args "~2.0.0"
    safe-buffer "~5.1.1"
    string_decoder "~1.1.1"
    util-deprecate "~1.0.1"

requires-port@^1.0.0:
  version "1.0.0"
  resolved "https://registry.yarnpkg.com/requires-port/-/requires-port-1.0.0.tgz#925d2601d39ac485e091cf0da5c6e694dc3dcaff"
  integrity sha1-kl0mAdOaxIXgkc8NpcbmlNw9yv8=

rimraf@^2.6.1:
  version "2.7.1"
  resolved "https://registry.yarnpkg.com/rimraf/-/rimraf-2.7.1.tgz#35797f13a7fdadc566142c29d4f07ccad483e3ec"
  integrity sha512-uWjbaKIK3T1OSVptzX7Nl6PvQ3qAGtKEtVRjRuazjfL3Bx5eI409VZSqgND+4UNnmzLVdPj9FqFJNPqBZFve4w==
  dependencies:
    glob "^7.1.3"

safe-buffer@>=5.1.0, safe-buffer@^5.1.2:
  version "5.2.0"
  resolved "https://registry.yarnpkg.com/safe-buffer/-/safe-buffer-5.2.0.tgz#b74daec49b1148f88c64b68d49b1e815c1f2f519"
  integrity sha512-fZEwUGbVl7kouZs1jCdMLdt95hdIv0ZeHg6L7qPeciMZhZ+/gdesW4wgTARkrFWEpspjEATAzUGPG8N2jJiwbg==

safe-buffer@~5.1.0, safe-buffer@~5.1.1:
  version "5.1.2"
  resolved "https://registry.yarnpkg.com/safe-buffer/-/safe-buffer-5.1.2.tgz#991ec69d296e0313747d59bdfd2b745c35f8828d"
  integrity sha512-Gd2UZBJDkXlY7GbJxfsE8/nvKkUEU1G38c1siN6QP6a9PT9MmHB8GnpscSmMJSoF8LOIrt8ud/wPtojys4G6+g==

"safer-buffer@>= 2.1.2 < 3":
  version "2.1.2"
  resolved "https://registry.yarnpkg.com/safer-buffer/-/safer-buffer-2.1.2.tgz#44fa161b0187b9549dd84bb91802f9bd8385cd6a"
  integrity sha512-YZo3K82SD7Riyi0E1EQPojLz7kpepnSQI9IyPbHHg1XXXevb5dJI7tpyN2ADxGcQbHG7vcyRHk0cbwqcQriUtg==

sax@^1.2.4:
  version "1.2.4"
  resolved "https://registry.yarnpkg.com/sax/-/sax-1.2.4.tgz#2816234e2378bddc4e5354fab5caa895df7100d9"
  integrity sha512-NqVDv9TpANUjFm0N8uM5GxL36UgKi9/atZw+x7YFnQ8ckwFGKrl4xX4yWtrey3UJm5nP1kUbnYgLopqWNSRhWw==

semver@^5.3.0:
  version "5.7.1"
  resolved "https://registry.yarnpkg.com/semver/-/semver-5.7.1.tgz#a954f931aeba508d307bbf069eff0c01c96116f7"
  integrity sha512-sauaDf/PZdVgrLTNYHRtpXa1iRiKcaebiKQ1BJdpQlWH2lCvexQdX55snPFyK7QzpudqbCI0qXFfOasHdyNDGQ==

set-blocking@~2.0.0:
  version "2.0.0"
  resolved "https://registry.yarnpkg.com/set-blocking/-/set-blocking-2.0.0.tgz#045f9782d011ae9a6803ddd382b24392b3d890f7"
  integrity sha1-BF+XgtARrppoA93TgrJDkrPYkPc=

signal-exit@^3.0.0:
  version "3.0.2"
  resolved "https://registry.yarnpkg.com/signal-exit/-/signal-exit-3.0.2.tgz#b5fdc08f1287ea1178628e415e25132b73646c6d"
  integrity sha1-tf3AjxKH6hF4Yo5BXiUTK3NkbG0=

slack@^11.0.1:
  version "11.0.2"
  resolved "https://registry.yarnpkg.com/slack/-/slack-11.0.2.tgz#30f68527c5d1712b7faa3141db7716f89ac6e911"
  integrity sha512-rv842+S+AGyZCmMMd8xPtW5DvJ9LzWTAKfxi8Gw57oYlXgcKtFuHd4nqk6lTPpRKdUGn3tx/Drd0rjQR3dQPqw==
  dependencies:
    tiny-json-http "^7.0.2"

string-width@^1.0.1:
  version "1.0.2"
  resolved "https://registry.yarnpkg.com/string-width/-/string-width-1.0.2.tgz#118bdf5b8cdc51a2a7e70d211e07e2b0b9b107d3"
  integrity sha1-EYvfW4zcUaKn5w0hHgfisLmxB9M=
  dependencies:
    code-point-at "^1.0.0"
    is-fullwidth-code-point "^1.0.0"
    strip-ansi "^3.0.0"

"string-width@^1.0.2 || 2":
  version "2.1.1"
  resolved "https://registry.yarnpkg.com/string-width/-/string-width-2.1.1.tgz#ab93f27a8dc13d28cac815c462143a6d9012ae9e"
  integrity sha512-nOqH59deCq9SRHlxq1Aw85Jnt4w6KvLKqWVik6oA9ZklXLNIOlqg4F2yrT1MVaTjAqvVwdfeZ7w7aCvJD7ugkw==
  dependencies:
    is-fullwidth-code-point "^2.0.0"
    strip-ansi "^4.0.0"

string_decoder@~1.1.1:
  version "1.1.1"
  resolved "https://registry.yarnpkg.com/string_decoder/-/string_decoder-1.1.1.tgz#9cf1611ba62685d7030ae9e4ba34149c3af03fc8"
  integrity sha512-n/ShnvDi6FHbbVfviro+WojiFzv+s8MPMHBczVePfUpDJLwoLT0ht1l4YwBCbi8pJAveEEdnkHyPyTP/mzRfwg==
  dependencies:
    safe-buffer "~5.1.0"

strip-ansi@^3.0.0, strip-ansi@^3.0.1:
  version "3.0.1"
  resolved "https://registry.yarnpkg.com/strip-ansi/-/strip-ansi-3.0.1.tgz#6a385fb8853d952d5ff05d0e8aaf94278dc63dcf"
  integrity sha1-ajhfuIU9lS1f8F0Oiq+UJ43GPc8=
  dependencies:
    ansi-regex "^2.0.0"

strip-ansi@^4.0.0:
  version "4.0.0"
  resolved "https://registry.yarnpkg.com/strip-ansi/-/strip-ansi-4.0.0.tgz#a8479022eb1ac368a871389b635262c505ee368f"
  integrity sha1-qEeQIusaw2iocTibY1JixQXuNo8=
  dependencies:
    ansi-regex "^3.0.0"

strip-json-comments@~2.0.1:
  version "2.0.1"
  resolved "https://registry.yarnpkg.com/strip-json-comments/-/strip-json-comments-2.0.1.tgz#3c531942e908c2697c0ec344858c286c7ca0a60a"
  integrity sha1-PFMZQukIwml8DsNEhYwobHygpgo=

tar@^4:
  version "4.4.13"
  resolved "https://registry.yarnpkg.com/tar/-/tar-4.4.13.tgz#43b364bc52888d555298637b10d60790254ab525"
  integrity sha512-w2VwSrBoHa5BsSyH+KxEqeQBAllHhccyMFVHtGtdMpF4W7IRWfZjFiQceJPChOeTsSDVUpER2T8FA93pr0L+QA==
  dependencies:
    chownr "^1.1.1"
    fs-minipass "^1.2.5"
    minipass "^2.8.6"
    minizlib "^1.2.1"
    mkdirp "^0.5.0"
    safe-buffer "^5.1.2"
    yallist "^3.0.3"

tiny-json-http@^7.0.2:
  version "7.1.2"
  resolved "https://registry.yarnpkg.com/tiny-json-http/-/tiny-json-http-7.1.2.tgz#620e189849bab08992ec23fada7b48c7c61637b4"
  integrity sha512-XB9Bu+ohdQso6ziPFNVqK+pcTt0l8BSRkW/CCBq0pUVlLxcYDsorpo7ae5yPhu2CF1xYgJuKVLF7cfOGeLCTlA==

tslib@1.9.3:
  version "1.9.3"
  resolved "https://registry.yarnpkg.com/tslib/-/tslib-1.9.3.tgz#d7e4dd79245d85428c4d7e4822a79917954ca286"
  integrity sha512-4krF8scpejhaOgqzBEcGM7yDIEfi0/8+8zDRZhNZZ2kjmHJ4hv3zCbQWxoJGz1iw5U0Jl0nma13xzHXcncMavQ==

typescript@^3.6.4:
  version "3.6.4"
  resolved "https://registry.yarnpkg.com/typescript/-/typescript-3.6.4.tgz#b18752bb3792bc1a0281335f7f6ebf1bbfc5b91d"
  integrity sha512-unoCll1+l+YK4i4F8f22TaNVPRHcD9PA3yCuZ8g5e0qGqlVlJ/8FSateOLLSagn+Yg5+ZwuPkL8LFUc0Jcvksg==

util-deprecate@~1.0.1:
  version "1.0.2"
  resolved "https://registry.yarnpkg.com/util-deprecate/-/util-deprecate-1.0.2.tgz#450d4dc9fa70de732762fbd2d4a28981419a0ccf"
  integrity sha1-RQ1Nyfpw3nMnYvvS1KKJgUGaDM8=

uuid@^3.3.2:
  version "3.3.3"
  resolved "https://registry.yarnpkg.com/uuid/-/uuid-3.3.3.tgz#4568f0216e78760ee1dbf3a4d2cf53e224112866"
  integrity sha512-pW0No1RGHgzlpHJO1nsVrHKpOEIxkGg1xB+v0ZmdNH5OAeAwzAVrCnI2/6Mtx+Uys6iaylxa+D3g4j63IKKjSQ==

websocket-driver@>=0.5.1:
  version "0.7.3"
  resolved "https://registry.yarnpkg.com/websocket-driver/-/websocket-driver-0.7.3.tgz#a2d4e0d4f4f116f1e6297eba58b05d430100e9f9"
  integrity sha512-bpxWlvbbB459Mlipc5GBzzZwhoZgGEZLuqPaR0INBGnPAY1vdBX6hPnoFXiw+3yWxDuHyQjO2oXTMyS8A5haFg==
  dependencies:
    http-parser-js ">=0.4.0 <0.4.11"
    safe-buffer ">=5.1.0"
    websocket-extensions ">=0.1.1"

websocket-extensions@>=0.1.1:
  version "0.1.3"
  resolved "https://registry.yarnpkg.com/websocket-extensions/-/websocket-extensions-0.1.3.tgz#5d2ff22977003ec687a4b87073dfbbac146ccf29"
  integrity sha512-nqHUnMXmBzT0w570r2JpJxfiSD1IzoI+HGVdd3aZ0yNi3ngvQ4jv1dtHt5VGxfI2yj5yqImPhOK4vmIh2xMbGg==

whatwg-fetch@2.0.4:
  version "2.0.4"
  resolved "https://registry.yarnpkg.com/whatwg-fetch/-/whatwg-fetch-2.0.4.tgz#dde6a5df315f9d39991aa17621853d720b85566f"
  integrity sha512-dcQ1GWpOD/eEQ97k66aiEVpNnapVj90/+R+SXTPYGHpYBBypfKJEQjLrvMZ7YXbKm21gXd4NcuxUTjiv1YtLng==

whatwg-fetch@>=0.10.0:
  version "3.0.0"
  resolved "https://registry.yarnpkg.com/whatwg-fetch/-/whatwg-fetch-3.0.0.tgz#fc804e458cc460009b1a2b966bc8817d2578aefb"
  integrity sha512-9GSJUgz1D4MfyKU7KRqwOjXCXTqWdFNvEr7eUBYchQiVc744mqK/MzXPNR2WsPkmkOa4ywfg8C2n8h+13Bey1Q==

wide-align@^1.1.0:
  version "1.1.3"
  resolved "https://registry.yarnpkg.com/wide-align/-/wide-align-1.1.3.tgz#ae074e6bdc0c14a431e804e624549c633b000457"
  integrity sha512-QGkOQc8XL6Bt5PwnsExKBPuMKBxnGxWWW3fU55Xt4feHozMUhdUMaBCk290qpm/wG5u/RSKzwdAC4i51YigihA==
  dependencies:
    string-width "^1.0.2 || 2"

window-size@^0.1.4:
  version "0.1.4"
  resolved "https://registry.yarnpkg.com/window-size/-/window-size-0.1.4.tgz#f8e1aa1ee5a53ec5bf151ffa09742a6ad7697876"
  integrity sha1-+OGqHuWlPsW/FR/6CXQqatdpeHY=

wrap-ansi@^2.0.0:
  version "2.1.0"
  resolved "https://registry.yarnpkg.com/wrap-ansi/-/wrap-ansi-2.1.0.tgz#d8fc3d284dd05794fe84973caecdd1cf824fdd85"
  integrity sha1-2Pw9KE3QV5T+hJc8rs3Rz4JP3YU=
  dependencies:
    string-width "^1.0.1"
    strip-ansi "^3.0.1"

wrappy@1:
  version "1.0.2"
  resolved "https://registry.yarnpkg.com/wrappy/-/wrappy-1.0.2.tgz#b5243d8f3ec1aa35f1364605bc0d1036e30ab69f"
  integrity sha1-tSQ9jz7BqjXxNkYFvA0QNuMKtp8=

xmlhttprequest@1.8.0:
  version "1.8.0"
  resolved "https://registry.yarnpkg.com/xmlhttprequest/-/xmlhttprequest-1.8.0.tgz#67fe075c5c24fef39f9d65f5f7b7fe75171968fc"
  integrity sha1-Z/4HXFwk/vOfnWX197f+dRcZaPw=

y18n@^3.2.0:
  version "3.2.1"
  resolved "https://registry.yarnpkg.com/y18n/-/y18n-3.2.1.tgz#6d15fba884c08679c0d77e88e7759e811e07fa41"
  integrity sha1-bRX7qITAhnnA136I53WegR4H+kE=

yallist@^3.0.0, yallist@^3.0.3:
  version "3.1.1"
  resolved "https://registry.yarnpkg.com/yallist/-/yallist-3.1.1.tgz#dbb7daf9bfd8bac9ab45ebf602b8cbad0d5d08fd"
  integrity sha512-a4UGQaWPH59mOXUYnAG2ewncQS4i4F43Tv3JoAM+s2VDAmS9NsK8GpDMLrCHPksFT7h3K6TOoUNn2pb7RoXx4g==

yargs@^3.10.0:
  version "3.32.0"
  resolved "https://registry.yarnpkg.com/yargs/-/yargs-3.32.0.tgz#03088e9ebf9e756b69751611d2a5ef591482c995"
  integrity sha1-AwiOnr+edWtpdRYR0qXvWRSCyZU=
  dependencies:
    camelcase "^2.0.1"
    cliui "^3.0.3"
    decamelize "^1.1.1"
    os-locale "^1.4.0"
    string-width "^1.0.1"
    window-size "^0.1.4"
    y18n "^3.2.0"
